
Microsoft Visual Studio Solution File, Format Version 12.00
# Visual Studio 2013
VisualStudioVersion = 12.0.30723.0
MinimumVisualStudioVersion = 10.0.40219.1
Project("{2150E333-8FDC-42A3-9474-1A3956D46DE8}") = "Documents", "Documents", "{669DE011-7BAD-44D5-93A4-204CFB8F4AD5}"
	ProjectSection(SolutionItems) = preProject
		readme.txt = readme.txt
	EndProjectSection
EndProject
Project("{2150E333-8FDC-42A3-9474-1A3956D46DE8}") = "VB.NET", "VB.NET", "{1E72140A-2208-43EF-990F-B363603A5AD4}"
EndProject
Project("{F184B08F-C81C-45F6-A57F-5ABD9991F28F}") = "snmpwalk", "Samples\VB.NET\snmpwalk\snmpwalk.vbproj", "{BE64B0A0-33D5-4CB0-A203-8F18266AD794}"
EndProject
Project("{F184B08F-C81C-45F6-A57F-5ABD9991F28F}") = "snmptrapd", "Samples\VB.NET\snmptrapd\snmptrapd.vbproj", "{B261915A-C1DD-47B4-BABA-3ACCAFFA570B}"
EndProject
Project("{F184B08F-C81C-45F6-A57F-5ABD9991F28F}") = "snmpset", "Samples\VB.NET\snmpset\snmpset.vbproj", "{3649021D-1C61-40B2-9F8D-5C8034169145}"
EndProject
Project("{F184B08F-C81C-45F6-A57F-5ABD9991F28F}") = "snmpgetnext", "Samples\VB.NET\snmpgetnext\snmpgetnext.vbproj", "{4E0099C8-5B9F-4C61-9C25-25A5FE3F1294}"
EndProject
Project("{F184B08F-C81C-45F6-A57F-5ABD9991F28F}") = "snmpget", "Samples\VB.NET\snmpget\snmpget.vbproj", "{855EBE0C-FAAA-4D18-ADEC-8DA367FF3D09}"
EndProject
Project("{F184B08F-C81C-45F6-A57F-5ABD9991F28F}") = "snmpbulkget", "Samples\VB.NET\snmpbulkget\snmpbulkget.vbproj", "{05B927F2-4DE8-41A6-A7B0-77D60430E62E}"
EndProject
Project("{2150E333-8FDC-42A3-9474-1A3956D46DE8}") = "CSharp", "CSharp", "{2766D949-12D8-4757-8E4D-FC2D6B4EBCE7}"
EndProject
Project("{FAE04EC0-301F-11D3-BF4B-00C04F79EFBC}") = "snmpwalk", "Samples\C#\snmpwalk\snmpwalk.csproj", "{DA748764-54DF-409A-AAB4-FF6FB10E879D}"
EndProject
Project("{FAE04EC0-301F-11D3-BF4B-00C04F79EFBC}") = "snmptrapd", "Samples\C#\snmptrapd\snmptrapd.csproj", "{2BD083D3-01C9-46CA-9E9D-72A29240DBF3}"
EndProject
Project("{FAE04EC0-301F-11D3-BF4B-00C04F79EFBC}") = "snmpset", "Samples\C#\snmpset\snmpset.csproj", "{9557151F-BE39-48CD-BEB9-21B91DA5E531}"
EndProject
Project("{FAE04EC0-301F-11D3-BF4B-00C04F79EFBC}") = "snmpsendtrap", "Samples\C#\snmpsendtrap\snmpsendtrap.csproj", "{E2BB2836-97A5-4F81-A11F-4CD9DEFB5657}"
EndProject
Project("{FAE04EC0-301F-11D3-BF4B-00C04F79EFBC}") = "snmpgetnext", "Samples\C#\snmpgetnext\snmpgetnext.csproj", "{4DA21F68-9317-4FB1-AB31-686EC8615985}"
EndProject
Project("{FAE04EC0-301F-11D3-BF4B-00C04F79EFBC}") = "snmpget", "Samples\C#\snmpget\snmpget.csproj", "{3A4AFEAC-A4F7-44E6-9860-1E033F0254AE}"
EndProject
Project("{FAE04EC0-301F-11D3-BF4B-00C04F79EFBC}") = "snmpdiscover", "Samples\C#\snmpdiscover\snmpdiscover.csproj", "{FD1CED96-0573-4115-9D7A-D5075A3FF768}"
EndProject
Project("{FAE04EC0-301F-11D3-BF4B-00C04F79EFBC}") = "snmpbulkget", "Samples\C#\snmpbulkget\snmpbulkget.csproj", "{A3D5CC49-DD4A-4FD6-A165-7D5AF60CDD15}"
EndProject
Project("{FAE04EC0-301F-11D3-BF4B-00C04F79EFBC}") = "Mono.Options", "Mono.Options\Mono.Options.csproj", "{C26430B5-E2AE-410E-924C-567D79E625DC}"
EndProject
Project("{FAE04EC0-301F-11D3-BF4B-00C04F79EFBC}") = "RemObjects.Mono.Helpers", "RemObjects.Mono.Helpers\RemObjects.Mono.Helpers.csproj", "{5E9B9AB3-59E8-44FA-B3DC-5EE67800C462}"
EndProject
Project("{FAE04EC0-301F-11D3-BF4B-00C04F79EFBC}") = "snmpd", "snmpd\snmpd.csproj", "{DA58ECDA-DB5D-41D0-982A-7E17E8172354}"
EndProject
Project("{FAE04EC0-301F-11D3-BF4B-00C04F79EFBC}") = "Tests", "Tests\Tests.csproj", "{FE484004-0780-4730-9D91-D4597341B56E}"
EndProject
Project("{2150E333-8FDC-42A3-9474-1A3956D46DE8}") = ".nuget", ".nuget", "{C318F4F9-299E-4B71-B581-5CB86E80479D}"
	ProjectSection(SolutionItems) = preProject
		.nuget\Lextm.SharpSnmpLib.nuspec = .nuget\Lextm.SharpSnmpLib.nuspec
		.nuget\NuGet.Config = .nuget\NuGet.Config
		.nuget\NuGet.exe = .nuget\NuGet.exe
		.nuget\NuGet.targets = .nuget\NuGet.targets
	EndProjectSection
EndProject
Project("{2150E333-8FDC-42A3-9474-1A3956D46DE8}") = "Dependencies", "Dependencies", "{2EEE57B6-A26C-4498-BF9A-0616DFF45031}"
EndProject
Project("{FAE04EC0-301F-11D3-BF4B-00C04F79EFBC}") = "BytesViewer", "Samples\C#\BytesViewer\BytesViewer.csproj", "{42D9E604-CECC-4798-B0A5-82278EB8BB6A}"
EndProject
Project("{FAE04EC0-301F-11D3-BF4B-00C04F79EFBC}") = "SharpSnmpLib.Portable", "SharpSnmpLib\SharpSnmpLib.Portable.csproj", "{0B7F931D-721E-4CED-8506-463777C4A1A8}"
EndProject
Project("{FAE04EC0-301F-11D3-BF4B-00C04F79EFBC}") = "SharpSnmpLib.Full", "SharpSnmpLib\SharpSnmpLib.Full.csproj", "{286DE6DB-8F95-4BD4-86A2-86488D2E0EE1}"
EndProject
Project("{FAE04EC0-301F-11D3-BF4B-00C04F79EFBC}") = "SharpSnmpLib.iOS", "SharpSnmpLib\SharpSnmpLib.iOS.csproj", "{9607A1E5-DF21-4E89-9B0C-501898252BF4}"
EndProject
Project("{FAE04EC0-301F-11D3-BF4B-00C04F79EFBC}") = "SharpSnmpLib.Android", "SharpSnmpLib\SharpSnmpLib.Android.csproj", "{AC68D000-E001-43CE-86A2-CFE24624EF9C}"
EndProject
Project("{FAE04EC0-301F-11D3-BF4B-00C04F79EFBC}") = "SharpSnmpLib.Engine", "SharpSnmpLib\SharpSnmpLib.Engine.csproj", "{CD0F4B22-8235-49B1-A144-462CB8FD4973}"
EndProject
Project("{FAE04EC0-301F-11D3-BF4B-00C04F79EFBC}") = "SharpSnmpLib", "SharpSnmpLib\SharpSnmpLib.csproj", "{A597585F-F82D-48AE-9648-ED0B4F6FA067}"
EndProject
Project("{2150E333-8FDC-42A3-9474-1A3956D46DE8}") = "Legacy", "Legacy", "{EF4367D4-0289-48EF-B713-16ACFD79BFFA}"
EndProject
Global
	GlobalSection(SolutionConfigurationPlatforms) = preSolution
		Ad-Hoc|Any CPU = Ad-Hoc|Any CPU
		Ad-Hoc|iPhone = Ad-Hoc|iPhone
		Ad-Hoc|iPhoneSimulator = Ad-Hoc|iPhoneSimulator
		Ad-Hoc|Mixed Platforms = Ad-Hoc|Mixed Platforms
		AppStore|Any CPU = AppStore|Any CPU
		AppStore|iPhone = AppStore|iPhone
		AppStore|iPhoneSimulator = AppStore|iPhoneSimulator
		AppStore|Mixed Platforms = AppStore|Mixed Platforms
		Debug|Any CPU = Debug|Any CPU
		Debug|iPhone = Debug|iPhone
		Debug|iPhoneSimulator = Debug|iPhoneSimulator
		Debug|Mixed Platforms = Debug|Mixed Platforms
		Perf|Any CPU = Perf|Any CPU
		Perf|iPhone = Perf|iPhone
		Perf|iPhoneSimulator = Perf|iPhoneSimulator
		Perf|Mixed Platforms = Perf|Mixed Platforms
		Release|Any CPU = Release|Any CPU
		Release|iPhone = Release|iPhone
		Release|iPhoneSimulator = Release|iPhoneSimulator
		Release|Mixed Platforms = Release|Mixed Platforms
	EndGlobalSection
	GlobalSection(ProjectConfigurationPlatforms) = postSolution
		{BE64B0A0-33D5-4CB0-A203-8F18266AD794}.Ad-Hoc|Any CPU.ActiveCfg = Release|Any CPU
		{BE64B0A0-33D5-4CB0-A203-8F18266AD794}.Ad-Hoc|Any CPU.Build.0 = Release|Any CPU
		{BE64B0A0-33D5-4CB0-A203-8F18266AD794}.Ad-Hoc|iPhone.ActiveCfg = Release|Any CPU
		{BE64B0A0-33D5-4CB0-A203-8F18266AD794}.Ad-Hoc|iPhoneSimulator.ActiveCfg = Release|Any CPU
		{BE64B0A0-33D5-4CB0-A203-8F18266AD794}.Ad-Hoc|Mixed Platforms.ActiveCfg = Release|x86
		{BE64B0A0-33D5-4CB0-A203-8F18266AD794}.Ad-Hoc|Mixed Platforms.Build.0 = Release|x86
		{BE64B0A0-33D5-4CB0-A203-8F18266AD794}.AppStore|Any CPU.ActiveCfg = Release|Any CPU
		{BE64B0A0-33D5-4CB0-A203-8F18266AD794}.AppStore|Any CPU.Build.0 = Release|Any CPU
		{BE64B0A0-33D5-4CB0-A203-8F18266AD794}.AppStore|iPhone.ActiveCfg = Release|Any CPU
		{BE64B0A0-33D5-4CB0-A203-8F18266AD794}.AppStore|iPhoneSimulator.ActiveCfg = Release|Any CPU
		{BE64B0A0-33D5-4CB0-A203-8F18266AD794}.AppStore|Mixed Platforms.ActiveCfg = Release|x86
		{BE64B0A0-33D5-4CB0-A203-8F18266AD794}.AppStore|Mixed Platforms.Build.0 = Release|x86
		{BE64B0A0-33D5-4CB0-A203-8F18266AD794}.Debug|Any CPU.ActiveCfg = Debug|Any CPU
		{BE64B0A0-33D5-4CB0-A203-8F18266AD794}.Debug|Any CPU.Build.0 = Debug|Any CPU
		{BE64B0A0-33D5-4CB0-A203-8F18266AD794}.Debug|iPhone.ActiveCfg = Debug|Any CPU
		{BE64B0A0-33D5-4CB0-A203-8F18266AD794}.Debug|iPhoneSimulator.ActiveCfg = Debug|Any CPU
		{BE64B0A0-33D5-4CB0-A203-8F18266AD794}.Debug|Mixed Platforms.ActiveCfg = Debug|x86
		{BE64B0A0-33D5-4CB0-A203-8F18266AD794}.Debug|Mixed Platforms.Build.0 = Debug|x86
		{BE64B0A0-33D5-4CB0-A203-8F18266AD794}.Perf|Any CPU.ActiveCfg = Release|Any CPU
		{BE64B0A0-33D5-4CB0-A203-8F18266AD794}.Perf|Any CPU.Build.0 = Release|Any CPU
		{BE64B0A0-33D5-4CB0-A203-8F18266AD794}.Perf|iPhone.ActiveCfg = Release|Any CPU
		{BE64B0A0-33D5-4CB0-A203-8F18266AD794}.Perf|iPhoneSimulator.ActiveCfg = Release|Any CPU
		{BE64B0A0-33D5-4CB0-A203-8F18266AD794}.Perf|Mixed Platforms.ActiveCfg = Release|x86
		{BE64B0A0-33D5-4CB0-A203-8F18266AD794}.Perf|Mixed Platforms.Build.0 = Release|x86
		{BE64B0A0-33D5-4CB0-A203-8F18266AD794}.Release|Any CPU.ActiveCfg = Release|Any CPU
		{BE64B0A0-33D5-4CB0-A203-8F18266AD794}.Release|Any CPU.Build.0 = Release|Any CPU
		{BE64B0A0-33D5-4CB0-A203-8F18266AD794}.Release|iPhone.ActiveCfg = Release|Any CPU
		{BE64B0A0-33D5-4CB0-A203-8F18266AD794}.Release|iPhoneSimulator.ActiveCfg = Release|Any CPU
		{BE64B0A0-33D5-4CB0-A203-8F18266AD794}.Release|Mixed Platforms.ActiveCfg = Release|x86
		{BE64B0A0-33D5-4CB0-A203-8F18266AD794}.Release|Mixed Platforms.Build.0 = Release|x86
		{B261915A-C1DD-47B4-BABA-3ACCAFFA570B}.Ad-Hoc|Any CPU.ActiveCfg = Release|Any CPU
		{B261915A-C1DD-47B4-BABA-3ACCAFFA570B}.Ad-Hoc|Any CPU.Build.0 = Release|Any CPU
		{B261915A-C1DD-47B4-BABA-3ACCAFFA570B}.Ad-Hoc|iPhone.ActiveCfg = Release|Any CPU
		{B261915A-C1DD-47B4-BABA-3ACCAFFA570B}.Ad-Hoc|iPhoneSimulator.ActiveCfg = Release|Any CPU
		{B261915A-C1DD-47B4-BABA-3ACCAFFA570B}.Ad-Hoc|Mixed Platforms.ActiveCfg = Release|x86
		{B261915A-C1DD-47B4-BABA-3ACCAFFA570B}.Ad-Hoc|Mixed Platforms.Build.0 = Release|x86
		{B261915A-C1DD-47B4-BABA-3ACCAFFA570B}.AppStore|Any CPU.ActiveCfg = Release|Any CPU
		{B261915A-C1DD-47B4-BABA-3ACCAFFA570B}.AppStore|Any CPU.Build.0 = Release|Any CPU
		{B261915A-C1DD-47B4-BABA-3ACCAFFA570B}.AppStore|iPhone.ActiveCfg = Release|Any CPU
		{B261915A-C1DD-47B4-BABA-3ACCAFFA570B}.AppStore|iPhoneSimulator.ActiveCfg = Release|Any CPU
		{B261915A-C1DD-47B4-BABA-3ACCAFFA570B}.AppStore|Mixed Platforms.ActiveCfg = Release|x86
		{B261915A-C1DD-47B4-BABA-3ACCAFFA570B}.AppStore|Mixed Platforms.Build.0 = Release|x86
		{B261915A-C1DD-47B4-BABA-3ACCAFFA570B}.Debug|Any CPU.ActiveCfg = Debug|Any CPU
		{B261915A-C1DD-47B4-BABA-3ACCAFFA570B}.Debug|Any CPU.Build.0 = Debug|Any CPU
		{B261915A-C1DD-47B4-BABA-3ACCAFFA570B}.Debug|iPhone.ActiveCfg = Debug|Any CPU
		{B261915A-C1DD-47B4-BABA-3ACCAFFA570B}.Debug|iPhoneSimulator.ActiveCfg = Debug|Any CPU
		{B261915A-C1DD-47B4-BABA-3ACCAFFA570B}.Debug|Mixed Platforms.ActiveCfg = Debug|x86
		{B261915A-C1DD-47B4-BABA-3ACCAFFA570B}.Debug|Mixed Platforms.Build.0 = Debug|x86
		{B261915A-C1DD-47B4-BABA-3ACCAFFA570B}.Perf|Any CPU.ActiveCfg = Release|Any CPU
		{B261915A-C1DD-47B4-BABA-3ACCAFFA570B}.Perf|Any CPU.Build.0 = Release|Any CPU
		{B261915A-C1DD-47B4-BABA-3ACCAFFA570B}.Perf|iPhone.ActiveCfg = Release|Any CPU
		{B261915A-C1DD-47B4-BABA-3ACCAFFA570B}.Perf|iPhoneSimulator.ActiveCfg = Release|Any CPU
		{B261915A-C1DD-47B4-BABA-3ACCAFFA570B}.Perf|Mixed Platforms.ActiveCfg = Release|x86
		{B261915A-C1DD-47B4-BABA-3ACCAFFA570B}.Perf|Mixed Platforms.Build.0 = Release|x86
		{B261915A-C1DD-47B4-BABA-3ACCAFFA570B}.Release|Any CPU.ActiveCfg = Release|Any CPU
		{B261915A-C1DD-47B4-BABA-3ACCAFFA570B}.Release|Any CPU.Build.0 = Release|Any CPU
		{B261915A-C1DD-47B4-BABA-3ACCAFFA570B}.Release|iPhone.ActiveCfg = Release|Any CPU
		{B261915A-C1DD-47B4-BABA-3ACCAFFA570B}.Release|iPhoneSimulator.ActiveCfg = Release|Any CPU
		{B261915A-C1DD-47B4-BABA-3ACCAFFA570B}.Release|Mixed Platforms.ActiveCfg = Release|x86
		{B261915A-C1DD-47B4-BABA-3ACCAFFA570B}.Release|Mixed Platforms.Build.0 = Release|x86
		{3649021D-1C61-40B2-9F8D-5C8034169145}.Ad-Hoc|Any CPU.ActiveCfg = Release|Any CPU
		{3649021D-1C61-40B2-9F8D-5C8034169145}.Ad-Hoc|Any CPU.Build.0 = Release|Any CPU
		{3649021D-1C61-40B2-9F8D-5C8034169145}.Ad-Hoc|iPhone.ActiveCfg = Release|Any CPU
		{3649021D-1C61-40B2-9F8D-5C8034169145}.Ad-Hoc|iPhoneSimulator.ActiveCfg = Release|Any CPU
		{3649021D-1C61-40B2-9F8D-5C8034169145}.Ad-Hoc|Mixed Platforms.ActiveCfg = Release|x86
		{3649021D-1C61-40B2-9F8D-5C8034169145}.Ad-Hoc|Mixed Platforms.Build.0 = Release|x86
		{3649021D-1C61-40B2-9F8D-5C8034169145}.AppStore|Any CPU.ActiveCfg = Release|Any CPU
		{3649021D-1C61-40B2-9F8D-5C8034169145}.AppStore|Any CPU.Build.0 = Release|Any CPU
		{3649021D-1C61-40B2-9F8D-5C8034169145}.AppStore|iPhone.ActiveCfg = Release|Any CPU
		{3649021D-1C61-40B2-9F8D-5C8034169145}.AppStore|iPhoneSimulator.ActiveCfg = Release|Any CPU
		{3649021D-1C61-40B2-9F8D-5C8034169145}.AppStore|Mixed Platforms.ActiveCfg = Release|x86
		{3649021D-1C61-40B2-9F8D-5C8034169145}.AppStore|Mixed Platforms.Build.0 = Release|x86
		{3649021D-1C61-40B2-9F8D-5C8034169145}.Debug|Any CPU.ActiveCfg = Debug|Any CPU
		{3649021D-1C61-40B2-9F8D-5C8034169145}.Debug|Any CPU.Build.0 = Debug|Any CPU
		{3649021D-1C61-40B2-9F8D-5C8034169145}.Debug|iPhone.ActiveCfg = Debug|Any CPU
		{3649021D-1C61-40B2-9F8D-5C8034169145}.Debug|iPhoneSimulator.ActiveCfg = Debug|Any CPU
		{3649021D-1C61-40B2-9F8D-5C8034169145}.Debug|Mixed Platforms.ActiveCfg = Debug|x86
		{3649021D-1C61-40B2-9F8D-5C8034169145}.Debug|Mixed Platforms.Build.0 = Debug|x86
		{3649021D-1C61-40B2-9F8D-5C8034169145}.Perf|Any CPU.ActiveCfg = Release|Any CPU
		{3649021D-1C61-40B2-9F8D-5C8034169145}.Perf|Any CPU.Build.0 = Release|Any CPU
		{3649021D-1C61-40B2-9F8D-5C8034169145}.Perf|iPhone.ActiveCfg = Release|Any CPU
		{3649021D-1C61-40B2-9F8D-5C8034169145}.Perf|iPhoneSimulator.ActiveCfg = Release|Any CPU
		{3649021D-1C61-40B2-9F8D-5C8034169145}.Perf|Mixed Platforms.ActiveCfg = Release|x86
		{3649021D-1C61-40B2-9F8D-5C8034169145}.Perf|Mixed Platforms.Build.0 = Release|x86
		{3649021D-1C61-40B2-9F8D-5C8034169145}.Release|Any CPU.ActiveCfg = Release|Any CPU
		{3649021D-1C61-40B2-9F8D-5C8034169145}.Release|Any CPU.Build.0 = Release|Any CPU
		{3649021D-1C61-40B2-9F8D-5C8034169145}.Release|iPhone.ActiveCfg = Release|Any CPU
		{3649021D-1C61-40B2-9F8D-5C8034169145}.Release|iPhoneSimulator.ActiveCfg = Release|Any CPU
		{3649021D-1C61-40B2-9F8D-5C8034169145}.Release|Mixed Platforms.ActiveCfg = Release|x86
		{3649021D-1C61-40B2-9F8D-5C8034169145}.Release|Mixed Platforms.Build.0 = Release|x86
		{4E0099C8-5B9F-4C61-9C25-25A5FE3F1294}.Ad-Hoc|Any CPU.ActiveCfg = Release|Any CPU
		{4E0099C8-5B9F-4C61-9C25-25A5FE3F1294}.Ad-Hoc|Any CPU.Build.0 = Release|Any CPU
		{4E0099C8-5B9F-4C61-9C25-25A5FE3F1294}.Ad-Hoc|iPhone.ActiveCfg = Release|Any CPU
		{4E0099C8-5B9F-4C61-9C25-25A5FE3F1294}.Ad-Hoc|iPhoneSimulator.ActiveCfg = Release|Any CPU
		{4E0099C8-5B9F-4C61-9C25-25A5FE3F1294}.Ad-Hoc|Mixed Platforms.ActiveCfg = Release|x86
		{4E0099C8-5B9F-4C61-9C25-25A5FE3F1294}.Ad-Hoc|Mixed Platforms.Build.0 = Release|x86
		{4E0099C8-5B9F-4C61-9C25-25A5FE3F1294}.AppStore|Any CPU.ActiveCfg = Release|Any CPU
		{4E0099C8-5B9F-4C61-9C25-25A5FE3F1294}.AppStore|Any CPU.Build.0 = Release|Any CPU
		{4E0099C8-5B9F-4C61-9C25-25A5FE3F1294}.AppStore|iPhone.ActiveCfg = Release|Any CPU
		{4E0099C8-5B9F-4C61-9C25-25A5FE3F1294}.AppStore|iPhoneSimulator.ActiveCfg = Release|Any CPU
		{4E0099C8-5B9F-4C61-9C25-25A5FE3F1294}.AppStore|Mixed Platforms.ActiveCfg = Release|x86
		{4E0099C8-5B9F-4C61-9C25-25A5FE3F1294}.AppStore|Mixed Platforms.Build.0 = Release|x86
		{4E0099C8-5B9F-4C61-9C25-25A5FE3F1294}.Debug|Any CPU.ActiveCfg = Debug|Any CPU
		{4E0099C8-5B9F-4C61-9C25-25A5FE3F1294}.Debug|Any CPU.Build.0 = Debug|Any CPU
		{4E0099C8-5B9F-4C61-9C25-25A5FE3F1294}.Debug|iPhone.ActiveCfg = Debug|Any CPU
		{4E0099C8-5B9F-4C61-9C25-25A5FE3F1294}.Debug|iPhoneSimulator.ActiveCfg = Debug|Any CPU
		{4E0099C8-5B9F-4C61-9C25-25A5FE3F1294}.Debug|Mixed Platforms.ActiveCfg = Debug|x86
		{4E0099C8-5B9F-4C61-9C25-25A5FE3F1294}.Debug|Mixed Platforms.Build.0 = Debug|x86
		{4E0099C8-5B9F-4C61-9C25-25A5FE3F1294}.Perf|Any CPU.ActiveCfg = Release|Any CPU
		{4E0099C8-5B9F-4C61-9C25-25A5FE3F1294}.Perf|Any CPU.Build.0 = Release|Any CPU
		{4E0099C8-5B9F-4C61-9C25-25A5FE3F1294}.Perf|iPhone.ActiveCfg = Release|Any CPU
		{4E0099C8-5B9F-4C61-9C25-25A5FE3F1294}.Perf|iPhoneSimulator.ActiveCfg = Release|Any CPU
		{4E0099C8-5B9F-4C61-9C25-25A5FE3F1294}.Perf|Mixed Platforms.ActiveCfg = Release|x86
		{4E0099C8-5B9F-4C61-9C25-25A5FE3F1294}.Perf|Mixed Platforms.Build.0 = Release|x86
		{4E0099C8-5B9F-4C61-9C25-25A5FE3F1294}.Release|Any CPU.ActiveCfg = Release|Any CPU
		{4E0099C8-5B9F-4C61-9C25-25A5FE3F1294}.Release|Any CPU.Build.0 = Release|Any CPU
		{4E0099C8-5B9F-4C61-9C25-25A5FE3F1294}.Release|iPhone.ActiveCfg = Release|Any CPU
		{4E0099C8-5B9F-4C61-9C25-25A5FE3F1294}.Release|iPhoneSimulator.ActiveCfg = Release|Any CPU
		{4E0099C8-5B9F-4C61-9C25-25A5FE3F1294}.Release|Mixed Platforms.ActiveCfg = Release|x86
		{4E0099C8-5B9F-4C61-9C25-25A5FE3F1294}.Release|Mixed Platforms.Build.0 = Release|x86
		{855EBE0C-FAAA-4D18-ADEC-8DA367FF3D09}.Ad-Hoc|Any CPU.ActiveCfg = Release|Any CPU
		{855EBE0C-FAAA-4D18-ADEC-8DA367FF3D09}.Ad-Hoc|Any CPU.Build.0 = Release|Any CPU
		{855EBE0C-FAAA-4D18-ADEC-8DA367FF3D09}.Ad-Hoc|iPhone.ActiveCfg = Release|Any CPU
		{855EBE0C-FAAA-4D18-ADEC-8DA367FF3D09}.Ad-Hoc|iPhoneSimulator.ActiveCfg = Release|Any CPU
		{855EBE0C-FAAA-4D18-ADEC-8DA367FF3D09}.Ad-Hoc|Mixed Platforms.ActiveCfg = Release|x86
		{855EBE0C-FAAA-4D18-ADEC-8DA367FF3D09}.Ad-Hoc|Mixed Platforms.Build.0 = Release|x86
		{855EBE0C-FAAA-4D18-ADEC-8DA367FF3D09}.AppStore|Any CPU.ActiveCfg = Release|Any CPU
		{855EBE0C-FAAA-4D18-ADEC-8DA367FF3D09}.AppStore|Any CPU.Build.0 = Release|Any CPU
		{855EBE0C-FAAA-4D18-ADEC-8DA367FF3D09}.AppStore|iPhone.ActiveCfg = Release|Any CPU
		{855EBE0C-FAAA-4D18-ADEC-8DA367FF3D09}.AppStore|iPhoneSimulator.ActiveCfg = Release|Any CPU
		{855EBE0C-FAAA-4D18-ADEC-8DA367FF3D09}.AppStore|Mixed Platforms.ActiveCfg = Release|x86
		{855EBE0C-FAAA-4D18-ADEC-8DA367FF3D09}.AppStore|Mixed Platforms.Build.0 = Release|x86
		{855EBE0C-FAAA-4D18-ADEC-8DA367FF3D09}.Debug|Any CPU.ActiveCfg = Debug|Any CPU
		{855EBE0C-FAAA-4D18-ADEC-8DA367FF3D09}.Debug|Any CPU.Build.0 = Debug|Any CPU
		{855EBE0C-FAAA-4D18-ADEC-8DA367FF3D09}.Debug|iPhone.ActiveCfg = Debug|Any CPU
		{855EBE0C-FAAA-4D18-ADEC-8DA367FF3D09}.Debug|iPhoneSimulator.ActiveCfg = Debug|Any CPU
		{855EBE0C-FAAA-4D18-ADEC-8DA367FF3D09}.Debug|Mixed Platforms.ActiveCfg = Debug|x86
		{855EBE0C-FAAA-4D18-ADEC-8DA367FF3D09}.Debug|Mixed Platforms.Build.0 = Debug|x86
		{855EBE0C-FAAA-4D18-ADEC-8DA367FF3D09}.Perf|Any CPU.ActiveCfg = Release|Any CPU
		{855EBE0C-FAAA-4D18-ADEC-8DA367FF3D09}.Perf|Any CPU.Build.0 = Release|Any CPU
		{855EBE0C-FAAA-4D18-ADEC-8DA367FF3D09}.Perf|iPhone.ActiveCfg = Release|Any CPU
		{855EBE0C-FAAA-4D18-ADEC-8DA367FF3D09}.Perf|iPhoneSimulator.ActiveCfg = Release|Any CPU
		{855EBE0C-FAAA-4D18-ADEC-8DA367FF3D09}.Perf|Mixed Platforms.ActiveCfg = Release|x86
		{855EBE0C-FAAA-4D18-ADEC-8DA367FF3D09}.Perf|Mixed Platforms.Build.0 = Release|x86
		{855EBE0C-FAAA-4D18-ADEC-8DA367FF3D09}.Release|Any CPU.ActiveCfg = Release|Any CPU
		{855EBE0C-FAAA-4D18-ADEC-8DA367FF3D09}.Release|Any CPU.Build.0 = Release|Any CPU
		{855EBE0C-FAAA-4D18-ADEC-8DA367FF3D09}.Release|iPhone.ActiveCfg = Release|Any CPU
		{855EBE0C-FAAA-4D18-ADEC-8DA367FF3D09}.Release|iPhoneSimulator.ActiveCfg = Release|Any CPU
		{855EBE0C-FAAA-4D18-ADEC-8DA367FF3D09}.Release|Mixed Platforms.ActiveCfg = Release|x86
		{855EBE0C-FAAA-4D18-ADEC-8DA367FF3D09}.Release|Mixed Platforms.Build.0 = Release|x86
		{05B927F2-4DE8-41A6-A7B0-77D60430E62E}.Ad-Hoc|Any CPU.ActiveCfg = Release|Any CPU
		{05B927F2-4DE8-41A6-A7B0-77D60430E62E}.Ad-Hoc|Any CPU.Build.0 = Release|Any CPU
		{05B927F2-4DE8-41A6-A7B0-77D60430E62E}.Ad-Hoc|iPhone.ActiveCfg = Release|Any CPU
		{05B927F2-4DE8-41A6-A7B0-77D60430E62E}.Ad-Hoc|iPhoneSimulator.ActiveCfg = Release|Any CPU
		{05B927F2-4DE8-41A6-A7B0-77D60430E62E}.Ad-Hoc|Mixed Platforms.ActiveCfg = Release|x86
		{05B927F2-4DE8-41A6-A7B0-77D60430E62E}.Ad-Hoc|Mixed Platforms.Build.0 = Release|x86
		{05B927F2-4DE8-41A6-A7B0-77D60430E62E}.AppStore|Any CPU.ActiveCfg = Release|Any CPU
		{05B927F2-4DE8-41A6-A7B0-77D60430E62E}.AppStore|Any CPU.Build.0 = Release|Any CPU
		{05B927F2-4DE8-41A6-A7B0-77D60430E62E}.AppStore|iPhone.ActiveCfg = Release|Any CPU
		{05B927F2-4DE8-41A6-A7B0-77D60430E62E}.AppStore|iPhoneSimulator.ActiveCfg = Release|Any CPU
		{05B927F2-4DE8-41A6-A7B0-77D60430E62E}.AppStore|Mixed Platforms.ActiveCfg = Release|x86
		{05B927F2-4DE8-41A6-A7B0-77D60430E62E}.AppStore|Mixed Platforms.Build.0 = Release|x86
		{05B927F2-4DE8-41A6-A7B0-77D60430E62E}.Debug|Any CPU.ActiveCfg = Debug|Any CPU
		{05B927F2-4DE8-41A6-A7B0-77D60430E62E}.Debug|Any CPU.Build.0 = Debug|Any CPU
		{05B927F2-4DE8-41A6-A7B0-77D60430E62E}.Debug|iPhone.ActiveCfg = Debug|Any CPU
		{05B927F2-4DE8-41A6-A7B0-77D60430E62E}.Debug|iPhoneSimulator.ActiveCfg = Debug|Any CPU
		{05B927F2-4DE8-41A6-A7B0-77D60430E62E}.Debug|Mixed Platforms.ActiveCfg = Debug|x86
		{05B927F2-4DE8-41A6-A7B0-77D60430E62E}.Debug|Mixed Platforms.Build.0 = Debug|x86
		{05B927F2-4DE8-41A6-A7B0-77D60430E62E}.Perf|Any CPU.ActiveCfg = Release|Any CPU
		{05B927F2-4DE8-41A6-A7B0-77D60430E62E}.Perf|Any CPU.Build.0 = Release|Any CPU
		{05B927F2-4DE8-41A6-A7B0-77D60430E62E}.Perf|iPhone.ActiveCfg = Release|Any CPU
		{05B927F2-4DE8-41A6-A7B0-77D60430E62E}.Perf|iPhoneSimulator.ActiveCfg = Release|Any CPU
		{05B927F2-4DE8-41A6-A7B0-77D60430E62E}.Perf|Mixed Platforms.ActiveCfg = Release|x86
		{05B927F2-4DE8-41A6-A7B0-77D60430E62E}.Perf|Mixed Platforms.Build.0 = Release|x86
		{05B927F2-4DE8-41A6-A7B0-77D60430E62E}.Release|Any CPU.ActiveCfg = Release|Any CPU
		{05B927F2-4DE8-41A6-A7B0-77D60430E62E}.Release|Any CPU.Build.0 = Release|Any CPU
		{05B927F2-4DE8-41A6-A7B0-77D60430E62E}.Release|iPhone.ActiveCfg = Release|Any CPU
		{05B927F2-4DE8-41A6-A7B0-77D60430E62E}.Release|iPhoneSimulator.ActiveCfg = Release|Any CPU
		{05B927F2-4DE8-41A6-A7B0-77D60430E62E}.Release|Mixed Platforms.ActiveCfg = Release|x86
		{05B927F2-4DE8-41A6-A7B0-77D60430E62E}.Release|Mixed Platforms.Build.0 = Release|x86
		{DA748764-54DF-409A-AAB4-FF6FB10E879D}.Ad-Hoc|Any CPU.ActiveCfg = Release|Any CPU
		{DA748764-54DF-409A-AAB4-FF6FB10E879D}.Ad-Hoc|Any CPU.Build.0 = Release|Any CPU
		{DA748764-54DF-409A-AAB4-FF6FB10E879D}.Ad-Hoc|iPhone.ActiveCfg = Release|Any CPU
		{DA748764-54DF-409A-AAB4-FF6FB10E879D}.Ad-Hoc|iPhoneSimulator.ActiveCfg = Release|Any CPU
		{DA748764-54DF-409A-AAB4-FF6FB10E879D}.Ad-Hoc|Mixed Platforms.ActiveCfg = Release|Any CPU
		{DA748764-54DF-409A-AAB4-FF6FB10E879D}.Ad-Hoc|Mixed Platforms.Build.0 = Release|Any CPU
		{DA748764-54DF-409A-AAB4-FF6FB10E879D}.AppStore|Any CPU.ActiveCfg = Release|Any CPU
		{DA748764-54DF-409A-AAB4-FF6FB10E879D}.AppStore|Any CPU.Build.0 = Release|Any CPU
		{DA748764-54DF-409A-AAB4-FF6FB10E879D}.AppStore|iPhone.ActiveCfg = Release|Any CPU
		{DA748764-54DF-409A-AAB4-FF6FB10E879D}.AppStore|iPhoneSimulator.ActiveCfg = Release|Any CPU
		{DA748764-54DF-409A-AAB4-FF6FB10E879D}.AppStore|Mixed Platforms.ActiveCfg = Release|Any CPU
		{DA748764-54DF-409A-AAB4-FF6FB10E879D}.AppStore|Mixed Platforms.Build.0 = Release|Any CPU
		{DA748764-54DF-409A-AAB4-FF6FB10E879D}.Debug|Any CPU.ActiveCfg = Debug|Any CPU
		{DA748764-54DF-409A-AAB4-FF6FB10E879D}.Debug|Any CPU.Build.0 = Debug|Any CPU
		{DA748764-54DF-409A-AAB4-FF6FB10E879D}.Debug|iPhone.ActiveCfg = Debug|Any CPU
		{DA748764-54DF-409A-AAB4-FF6FB10E879D}.Debug|iPhoneSimulator.ActiveCfg = Debug|Any CPU
		{DA748764-54DF-409A-AAB4-FF6FB10E879D}.Debug|Mixed Platforms.ActiveCfg = Debug|Any CPU
		{DA748764-54DF-409A-AAB4-FF6FB10E879D}.Debug|Mixed Platforms.Build.0 = Debug|Any CPU
		{DA748764-54DF-409A-AAB4-FF6FB10E879D}.Perf|Any CPU.ActiveCfg = Release|Any CPU
		{DA748764-54DF-409A-AAB4-FF6FB10E879D}.Perf|Any CPU.Build.0 = Release|Any CPU
		{DA748764-54DF-409A-AAB4-FF6FB10E879D}.Perf|iPhone.ActiveCfg = Release|Any CPU
		{DA748764-54DF-409A-AAB4-FF6FB10E879D}.Perf|iPhoneSimulator.ActiveCfg = Release|Any CPU
		{DA748764-54DF-409A-AAB4-FF6FB10E879D}.Perf|Mixed Platforms.ActiveCfg = Release|Any CPU
		{DA748764-54DF-409A-AAB4-FF6FB10E879D}.Perf|Mixed Platforms.Build.0 = Release|Any CPU
		{DA748764-54DF-409A-AAB4-FF6FB10E879D}.Release|Any CPU.ActiveCfg = Release|Any CPU
		{DA748764-54DF-409A-AAB4-FF6FB10E879D}.Release|Any CPU.Build.0 = Release|Any CPU
		{DA748764-54DF-409A-AAB4-FF6FB10E879D}.Release|iPhone.ActiveCfg = Release|Any CPU
		{DA748764-54DF-409A-AAB4-FF6FB10E879D}.Release|iPhoneSimulator.ActiveCfg = Release|Any CPU
		{DA748764-54DF-409A-AAB4-FF6FB10E879D}.Release|Mixed Platforms.ActiveCfg = Release|Any CPU
		{DA748764-54DF-409A-AAB4-FF6FB10E879D}.Release|Mixed Platforms.Build.0 = Release|Any CPU
		{2BD083D3-01C9-46CA-9E9D-72A29240DBF3}.Ad-Hoc|Any CPU.ActiveCfg = Release|Any CPU
		{2BD083D3-01C9-46CA-9E9D-72A29240DBF3}.Ad-Hoc|Any CPU.Build.0 = Release|Any CPU
		{2BD083D3-01C9-46CA-9E9D-72A29240DBF3}.Ad-Hoc|iPhone.ActiveCfg = Release|Any CPU
		{2BD083D3-01C9-46CA-9E9D-72A29240DBF3}.Ad-Hoc|iPhoneSimulator.ActiveCfg = Release|Any CPU
		{2BD083D3-01C9-46CA-9E9D-72A29240DBF3}.Ad-Hoc|Mixed Platforms.ActiveCfg = Release|Any CPU
		{2BD083D3-01C9-46CA-9E9D-72A29240DBF3}.Ad-Hoc|Mixed Platforms.Build.0 = Release|Any CPU
		{2BD083D3-01C9-46CA-9E9D-72A29240DBF3}.AppStore|Any CPU.ActiveCfg = Release|Any CPU
		{2BD083D3-01C9-46CA-9E9D-72A29240DBF3}.AppStore|Any CPU.Build.0 = Release|Any CPU
		{2BD083D3-01C9-46CA-9E9D-72A29240DBF3}.AppStore|iPhone.ActiveCfg = Release|Any CPU
		{2BD083D3-01C9-46CA-9E9D-72A29240DBF3}.AppStore|iPhoneSimulator.ActiveCfg = Release|Any CPU
		{2BD083D3-01C9-46CA-9E9D-72A29240DBF3}.AppStore|Mixed Platforms.ActiveCfg = Release|Any CPU
		{2BD083D3-01C9-46CA-9E9D-72A29240DBF3}.AppStore|Mixed Platforms.Build.0 = Release|Any CPU
		{2BD083D3-01C9-46CA-9E9D-72A29240DBF3}.Debug|Any CPU.ActiveCfg = Debug|Any CPU
		{2BD083D3-01C9-46CA-9E9D-72A29240DBF3}.Debug|Any CPU.Build.0 = Debug|Any CPU
		{2BD083D3-01C9-46CA-9E9D-72A29240DBF3}.Debug|iPhone.ActiveCfg = Debug|Any CPU
		{2BD083D3-01C9-46CA-9E9D-72A29240DBF3}.Debug|iPhoneSimulator.ActiveCfg = Debug|Any CPU
		{2BD083D3-01C9-46CA-9E9D-72A29240DBF3}.Debug|Mixed Platforms.ActiveCfg = Debug|Any CPU
		{2BD083D3-01C9-46CA-9E9D-72A29240DBF3}.Debug|Mixed Platforms.Build.0 = Debug|Any CPU
		{2BD083D3-01C9-46CA-9E9D-72A29240DBF3}.Perf|Any CPU.ActiveCfg = Release|Any CPU
		{2BD083D3-01C9-46CA-9E9D-72A29240DBF3}.Perf|Any CPU.Build.0 = Release|Any CPU
		{2BD083D3-01C9-46CA-9E9D-72A29240DBF3}.Perf|iPhone.ActiveCfg = Release|Any CPU
		{2BD083D3-01C9-46CA-9E9D-72A29240DBF3}.Perf|iPhoneSimulator.ActiveCfg = Release|Any CPU
		{2BD083D3-01C9-46CA-9E9D-72A29240DBF3}.Perf|Mixed Platforms.ActiveCfg = Release|Any CPU
		{2BD083D3-01C9-46CA-9E9D-72A29240DBF3}.Perf|Mixed Platforms.Build.0 = Release|Any CPU
		{2BD083D3-01C9-46CA-9E9D-72A29240DBF3}.Release|Any CPU.ActiveCfg = Release|Any CPU
		{2BD083D3-01C9-46CA-9E9D-72A29240DBF3}.Release|Any CPU.Build.0 = Release|Any CPU
		{2BD083D3-01C9-46CA-9E9D-72A29240DBF3}.Release|iPhone.ActiveCfg = Release|Any CPU
		{2BD083D3-01C9-46CA-9E9D-72A29240DBF3}.Release|iPhoneSimulator.ActiveCfg = Release|Any CPU
		{2BD083D3-01C9-46CA-9E9D-72A29240DBF3}.Release|Mixed Platforms.ActiveCfg = Release|Any CPU
		{2BD083D3-01C9-46CA-9E9D-72A29240DBF3}.Release|Mixed Platforms.Build.0 = Release|Any CPU
		{9557151F-BE39-48CD-BEB9-21B91DA5E531}.Ad-Hoc|Any CPU.ActiveCfg = Release|Any CPU
		{9557151F-BE39-48CD-BEB9-21B91DA5E531}.Ad-Hoc|Any CPU.Build.0 = Release|Any CPU
		{9557151F-BE39-48CD-BEB9-21B91DA5E531}.Ad-Hoc|iPhone.ActiveCfg = Release|Any CPU
		{9557151F-BE39-48CD-BEB9-21B91DA5E531}.Ad-Hoc|iPhoneSimulator.ActiveCfg = Release|Any CPU
		{9557151F-BE39-48CD-BEB9-21B91DA5E531}.Ad-Hoc|Mixed Platforms.ActiveCfg = Release|Any CPU
		{9557151F-BE39-48CD-BEB9-21B91DA5E531}.Ad-Hoc|Mixed Platforms.Build.0 = Release|Any CPU
		{9557151F-BE39-48CD-BEB9-21B91DA5E531}.AppStore|Any CPU.ActiveCfg = Release|Any CPU
		{9557151F-BE39-48CD-BEB9-21B91DA5E531}.AppStore|Any CPU.Build.0 = Release|Any CPU
		{9557151F-BE39-48CD-BEB9-21B91DA5E531}.AppStore|iPhone.ActiveCfg = Release|Any CPU
		{9557151F-BE39-48CD-BEB9-21B91DA5E531}.AppStore|iPhoneSimulator.ActiveCfg = Release|Any CPU
		{9557151F-BE39-48CD-BEB9-21B91DA5E531}.AppStore|Mixed Platforms.ActiveCfg = Release|Any CPU
		{9557151F-BE39-48CD-BEB9-21B91DA5E531}.AppStore|Mixed Platforms.Build.0 = Release|Any CPU
		{9557151F-BE39-48CD-BEB9-21B91DA5E531}.Debug|Any CPU.ActiveCfg = Debug|Any CPU
		{9557151F-BE39-48CD-BEB9-21B91DA5E531}.Debug|Any CPU.Build.0 = Debug|Any CPU
		{9557151F-BE39-48CD-BEB9-21B91DA5E531}.Debug|iPhone.ActiveCfg = Debug|Any CPU
		{9557151F-BE39-48CD-BEB9-21B91DA5E531}.Debug|iPhoneSimulator.ActiveCfg = Debug|Any CPU
		{9557151F-BE39-48CD-BEB9-21B91DA5E531}.Debug|Mixed Platforms.ActiveCfg = Debug|Any CPU
		{9557151F-BE39-48CD-BEB9-21B91DA5E531}.Debug|Mixed Platforms.Build.0 = Debug|Any CPU
		{9557151F-BE39-48CD-BEB9-21B91DA5E531}.Perf|Any CPU.ActiveCfg = Release|Any CPU
		{9557151F-BE39-48CD-BEB9-21B91DA5E531}.Perf|Any CPU.Build.0 = Release|Any CPU
		{9557151F-BE39-48CD-BEB9-21B91DA5E531}.Perf|iPhone.ActiveCfg = Release|Any CPU
		{9557151F-BE39-48CD-BEB9-21B91DA5E531}.Perf|iPhoneSimulator.ActiveCfg = Release|Any CPU
		{9557151F-BE39-48CD-BEB9-21B91DA5E531}.Perf|Mixed Platforms.ActiveCfg = Release|Any CPU
		{9557151F-BE39-48CD-BEB9-21B91DA5E531}.Perf|Mixed Platforms.Build.0 = Release|Any CPU
		{9557151F-BE39-48CD-BEB9-21B91DA5E531}.Release|Any CPU.ActiveCfg = Release|Any CPU
		{9557151F-BE39-48CD-BEB9-21B91DA5E531}.Release|Any CPU.Build.0 = Release|Any CPU
		{9557151F-BE39-48CD-BEB9-21B91DA5E531}.Release|iPhone.ActiveCfg = Release|Any CPU
		{9557151F-BE39-48CD-BEB9-21B91DA5E531}.Release|iPhoneSimulator.ActiveCfg = Release|Any CPU
		{9557151F-BE39-48CD-BEB9-21B91DA5E531}.Release|Mixed Platforms.ActiveCfg = Release|Any CPU
		{9557151F-BE39-48CD-BEB9-21B91DA5E531}.Release|Mixed Platforms.Build.0 = Release|Any CPU
		{E2BB2836-97A5-4F81-A11F-4CD9DEFB5657}.Ad-Hoc|Any CPU.ActiveCfg = Release|Any CPU
		{E2BB2836-97A5-4F81-A11F-4CD9DEFB5657}.Ad-Hoc|Any CPU.Build.0 = Release|Any CPU
		{E2BB2836-97A5-4F81-A11F-4CD9DEFB5657}.Ad-Hoc|iPhone.ActiveCfg = Release|Any CPU
		{E2BB2836-97A5-4F81-A11F-4CD9DEFB5657}.Ad-Hoc|iPhoneSimulator.ActiveCfg = Release|Any CPU
		{E2BB2836-97A5-4F81-A11F-4CD9DEFB5657}.Ad-Hoc|Mixed Platforms.ActiveCfg = Release|Any CPU
		{E2BB2836-97A5-4F81-A11F-4CD9DEFB5657}.Ad-Hoc|Mixed Platforms.Build.0 = Release|Any CPU
		{E2BB2836-97A5-4F81-A11F-4CD9DEFB5657}.AppStore|Any CPU.ActiveCfg = Release|Any CPU
		{E2BB2836-97A5-4F81-A11F-4CD9DEFB5657}.AppStore|Any CPU.Build.0 = Release|Any CPU
		{E2BB2836-97A5-4F81-A11F-4CD9DEFB5657}.AppStore|iPhone.ActiveCfg = Release|Any CPU
		{E2BB2836-97A5-4F81-A11F-4CD9DEFB5657}.AppStore|iPhoneSimulator.ActiveCfg = Release|Any CPU
		{E2BB2836-97A5-4F81-A11F-4CD9DEFB5657}.AppStore|Mixed Platforms.ActiveCfg = Release|Any CPU
		{E2BB2836-97A5-4F81-A11F-4CD9DEFB5657}.AppStore|Mixed Platforms.Build.0 = Release|Any CPU
		{E2BB2836-97A5-4F81-A11F-4CD9DEFB5657}.Debug|Any CPU.ActiveCfg = Debug|Any CPU
		{E2BB2836-97A5-4F81-A11F-4CD9DEFB5657}.Debug|Any CPU.Build.0 = Debug|Any CPU
		{E2BB2836-97A5-4F81-A11F-4CD9DEFB5657}.Debug|iPhone.ActiveCfg = Debug|Any CPU
		{E2BB2836-97A5-4F81-A11F-4CD9DEFB5657}.Debug|iPhoneSimulator.ActiveCfg = Debug|Any CPU
		{E2BB2836-97A5-4F81-A11F-4CD9DEFB5657}.Debug|Mixed Platforms.ActiveCfg = Debug|Any CPU
		{E2BB2836-97A5-4F81-A11F-4CD9DEFB5657}.Debug|Mixed Platforms.Build.0 = Debug|Any CPU
		{E2BB2836-97A5-4F81-A11F-4CD9DEFB5657}.Perf|Any CPU.ActiveCfg = Release|Any CPU
		{E2BB2836-97A5-4F81-A11F-4CD9DEFB5657}.Perf|Any CPU.Build.0 = Release|Any CPU
		{E2BB2836-97A5-4F81-A11F-4CD9DEFB5657}.Perf|iPhone.ActiveCfg = Release|Any CPU
		{E2BB2836-97A5-4F81-A11F-4CD9DEFB5657}.Perf|iPhoneSimulator.ActiveCfg = Release|Any CPU
		{E2BB2836-97A5-4F81-A11F-4CD9DEFB5657}.Perf|Mixed Platforms.ActiveCfg = Release|Any CPU
		{E2BB2836-97A5-4F81-A11F-4CD9DEFB5657}.Perf|Mixed Platforms.Build.0 = Release|Any CPU
		{E2BB2836-97A5-4F81-A11F-4CD9DEFB5657}.Release|Any CPU.ActiveCfg = Release|Any CPU
		{E2BB2836-97A5-4F81-A11F-4CD9DEFB5657}.Release|Any CPU.Build.0 = Release|Any CPU
		{E2BB2836-97A5-4F81-A11F-4CD9DEFB5657}.Release|iPhone.ActiveCfg = Release|Any CPU
		{E2BB2836-97A5-4F81-A11F-4CD9DEFB5657}.Release|iPhoneSimulator.ActiveCfg = Release|Any CPU
		{E2BB2836-97A5-4F81-A11F-4CD9DEFB5657}.Release|Mixed Platforms.ActiveCfg = Release|Any CPU
		{E2BB2836-97A5-4F81-A11F-4CD9DEFB5657}.Release|Mixed Platforms.Build.0 = Release|Any CPU
		{4DA21F68-9317-4FB1-AB31-686EC8615985}.Ad-Hoc|Any CPU.ActiveCfg = Release|Any CPU
		{4DA21F68-9317-4FB1-AB31-686EC8615985}.Ad-Hoc|Any CPU.Build.0 = Release|Any CPU
		{4DA21F68-9317-4FB1-AB31-686EC8615985}.Ad-Hoc|iPhone.ActiveCfg = Release|Any CPU
		{4DA21F68-9317-4FB1-AB31-686EC8615985}.Ad-Hoc|iPhoneSimulator.ActiveCfg = Release|Any CPU
		{4DA21F68-9317-4FB1-AB31-686EC8615985}.Ad-Hoc|Mixed Platforms.ActiveCfg = Release|Any CPU
		{4DA21F68-9317-4FB1-AB31-686EC8615985}.Ad-Hoc|Mixed Platforms.Build.0 = Release|Any CPU
		{4DA21F68-9317-4FB1-AB31-686EC8615985}.AppStore|Any CPU.ActiveCfg = Release|Any CPU
		{4DA21F68-9317-4FB1-AB31-686EC8615985}.AppStore|Any CPU.Build.0 = Release|Any CPU
		{4DA21F68-9317-4FB1-AB31-686EC8615985}.AppStore|iPhone.ActiveCfg = Release|Any CPU
		{4DA21F68-9317-4FB1-AB31-686EC8615985}.AppStore|iPhoneSimulator.ActiveCfg = Release|Any CPU
		{4DA21F68-9317-4FB1-AB31-686EC8615985}.AppStore|Mixed Platforms.ActiveCfg = Release|Any CPU
		{4DA21F68-9317-4FB1-AB31-686EC8615985}.AppStore|Mixed Platforms.Build.0 = Release|Any CPU
		{4DA21F68-9317-4FB1-AB31-686EC8615985}.Debug|Any CPU.ActiveCfg = Debug|Any CPU
		{4DA21F68-9317-4FB1-AB31-686EC8615985}.Debug|Any CPU.Build.0 = Debug|Any CPU
		{4DA21F68-9317-4FB1-AB31-686EC8615985}.Debug|iPhone.ActiveCfg = Debug|Any CPU
		{4DA21F68-9317-4FB1-AB31-686EC8615985}.Debug|iPhoneSimulator.ActiveCfg = Debug|Any CPU
		{4DA21F68-9317-4FB1-AB31-686EC8615985}.Debug|Mixed Platforms.ActiveCfg = Debug|Any CPU
		{4DA21F68-9317-4FB1-AB31-686EC8615985}.Debug|Mixed Platforms.Build.0 = Debug|Any CPU
		{4DA21F68-9317-4FB1-AB31-686EC8615985}.Perf|Any CPU.ActiveCfg = Release|Any CPU
		{4DA21F68-9317-4FB1-AB31-686EC8615985}.Perf|Any CPU.Build.0 = Release|Any CPU
		{4DA21F68-9317-4FB1-AB31-686EC8615985}.Perf|iPhone.ActiveCfg = Release|Any CPU
		{4DA21F68-9317-4FB1-AB31-686EC8615985}.Perf|iPhoneSimulator.ActiveCfg = Release|Any CPU
		{4DA21F68-9317-4FB1-AB31-686EC8615985}.Perf|Mixed Platforms.ActiveCfg = Release|Any CPU
		{4DA21F68-9317-4FB1-AB31-686EC8615985}.Perf|Mixed Platforms.Build.0 = Release|Any CPU
		{4DA21F68-9317-4FB1-AB31-686EC8615985}.Release|Any CPU.ActiveCfg = Release|Any CPU
		{4DA21F68-9317-4FB1-AB31-686EC8615985}.Release|Any CPU.Build.0 = Release|Any CPU
		{4DA21F68-9317-4FB1-AB31-686EC8615985}.Release|iPhone.ActiveCfg = Release|Any CPU
		{4DA21F68-9317-4FB1-AB31-686EC8615985}.Release|iPhoneSimulator.ActiveCfg = Release|Any CPU
		{4DA21F68-9317-4FB1-AB31-686EC8615985}.Release|Mixed Platforms.ActiveCfg = Release|Any CPU
		{4DA21F68-9317-4FB1-AB31-686EC8615985}.Release|Mixed Platforms.Build.0 = Release|Any CPU
		{3A4AFEAC-A4F7-44E6-9860-1E033F0254AE}.Ad-Hoc|Any CPU.ActiveCfg = Release|Any CPU
		{3A4AFEAC-A4F7-44E6-9860-1E033F0254AE}.Ad-Hoc|Any CPU.Build.0 = Release|Any CPU
		{3A4AFEAC-A4F7-44E6-9860-1E033F0254AE}.Ad-Hoc|iPhone.ActiveCfg = Release|Any CPU
		{3A4AFEAC-A4F7-44E6-9860-1E033F0254AE}.Ad-Hoc|iPhoneSimulator.ActiveCfg = Release|Any CPU
		{3A4AFEAC-A4F7-44E6-9860-1E033F0254AE}.Ad-Hoc|Mixed Platforms.ActiveCfg = Release|Any CPU
		{3A4AFEAC-A4F7-44E6-9860-1E033F0254AE}.Ad-Hoc|Mixed Platforms.Build.0 = Release|Any CPU
		{3A4AFEAC-A4F7-44E6-9860-1E033F0254AE}.AppStore|Any CPU.ActiveCfg = Release|Any CPU
		{3A4AFEAC-A4F7-44E6-9860-1E033F0254AE}.AppStore|Any CPU.Build.0 = Release|Any CPU
		{3A4AFEAC-A4F7-44E6-9860-1E033F0254AE}.AppStore|iPhone.ActiveCfg = Release|Any CPU
		{3A4AFEAC-A4F7-44E6-9860-1E033F0254AE}.AppStore|iPhoneSimulator.ActiveCfg = Release|Any CPU
		{3A4AFEAC-A4F7-44E6-9860-1E033F0254AE}.AppStore|Mixed Platforms.ActiveCfg = Release|Any CPU
		{3A4AFEAC-A4F7-44E6-9860-1E033F0254AE}.AppStore|Mixed Platforms.Build.0 = Release|Any CPU
		{3A4AFEAC-A4F7-44E6-9860-1E033F0254AE}.Debug|Any CPU.ActiveCfg = Debug|Any CPU
		{3A4AFEAC-A4F7-44E6-9860-1E033F0254AE}.Debug|Any CPU.Build.0 = Debug|Any CPU
		{3A4AFEAC-A4F7-44E6-9860-1E033F0254AE}.Debug|iPhone.ActiveCfg = Debug|Any CPU
		{3A4AFEAC-A4F7-44E6-9860-1E033F0254AE}.Debug|iPhoneSimulator.ActiveCfg = Debug|Any CPU
		{3A4AFEAC-A4F7-44E6-9860-1E033F0254AE}.Debug|Mixed Platforms.ActiveCfg = Debug|Any CPU
		{3A4AFEAC-A4F7-44E6-9860-1E033F0254AE}.Debug|Mixed Platforms.Build.0 = Debug|Any CPU
		{3A4AFEAC-A4F7-44E6-9860-1E033F0254AE}.Perf|Any CPU.ActiveCfg = Release|Any CPU
		{3A4AFEAC-A4F7-44E6-9860-1E033F0254AE}.Perf|Any CPU.Build.0 = Release|Any CPU
		{3A4AFEAC-A4F7-44E6-9860-1E033F0254AE}.Perf|iPhone.ActiveCfg = Release|Any CPU
		{3A4AFEAC-A4F7-44E6-9860-1E033F0254AE}.Perf|iPhoneSimulator.ActiveCfg = Release|Any CPU
		{3A4AFEAC-A4F7-44E6-9860-1E033F0254AE}.Perf|Mixed Platforms.ActiveCfg = Release|Any CPU
		{3A4AFEAC-A4F7-44E6-9860-1E033F0254AE}.Perf|Mixed Platforms.Build.0 = Release|Any CPU
		{3A4AFEAC-A4F7-44E6-9860-1E033F0254AE}.Release|Any CPU.ActiveCfg = Release|Any CPU
		{3A4AFEAC-A4F7-44E6-9860-1E033F0254AE}.Release|Any CPU.Build.0 = Release|Any CPU
		{3A4AFEAC-A4F7-44E6-9860-1E033F0254AE}.Release|iPhone.ActiveCfg = Release|Any CPU
		{3A4AFEAC-A4F7-44E6-9860-1E033F0254AE}.Release|iPhoneSimulator.ActiveCfg = Release|Any CPU
		{3A4AFEAC-A4F7-44E6-9860-1E033F0254AE}.Release|Mixed Platforms.ActiveCfg = Release|Any CPU
		{3A4AFEAC-A4F7-44E6-9860-1E033F0254AE}.Release|Mixed Platforms.Build.0 = Release|Any CPU
		{FD1CED96-0573-4115-9D7A-D5075A3FF768}.Ad-Hoc|Any CPU.ActiveCfg = Release|Any CPU
		{FD1CED96-0573-4115-9D7A-D5075A3FF768}.Ad-Hoc|Any CPU.Build.0 = Release|Any CPU
		{FD1CED96-0573-4115-9D7A-D5075A3FF768}.Ad-Hoc|iPhone.ActiveCfg = Release|Any CPU
		{FD1CED96-0573-4115-9D7A-D5075A3FF768}.Ad-Hoc|iPhoneSimulator.ActiveCfg = Release|Any CPU
		{FD1CED96-0573-4115-9D7A-D5075A3FF768}.Ad-Hoc|Mixed Platforms.ActiveCfg = Release|Any CPU
		{FD1CED96-0573-4115-9D7A-D5075A3FF768}.Ad-Hoc|Mixed Platforms.Build.0 = Release|Any CPU
		{FD1CED96-0573-4115-9D7A-D5075A3FF768}.AppStore|Any CPU.ActiveCfg = Release|Any CPU
		{FD1CED96-0573-4115-9D7A-D5075A3FF768}.AppStore|Any CPU.Build.0 = Release|Any CPU
		{FD1CED96-0573-4115-9D7A-D5075A3FF768}.AppStore|iPhone.ActiveCfg = Release|Any CPU
		{FD1CED96-0573-4115-9D7A-D5075A3FF768}.AppStore|iPhoneSimulator.ActiveCfg = Release|Any CPU
		{FD1CED96-0573-4115-9D7A-D5075A3FF768}.AppStore|Mixed Platforms.ActiveCfg = Release|Any CPU
		{FD1CED96-0573-4115-9D7A-D5075A3FF768}.AppStore|Mixed Platforms.Build.0 = Release|Any CPU
		{FD1CED96-0573-4115-9D7A-D5075A3FF768}.Debug|Any CPU.ActiveCfg = Debug|Any CPU
		{FD1CED96-0573-4115-9D7A-D5075A3FF768}.Debug|Any CPU.Build.0 = Debug|Any CPU
		{FD1CED96-0573-4115-9D7A-D5075A3FF768}.Debug|iPhone.ActiveCfg = Debug|Any CPU
		{FD1CED96-0573-4115-9D7A-D5075A3FF768}.Debug|iPhoneSimulator.ActiveCfg = Debug|Any CPU
		{FD1CED96-0573-4115-9D7A-D5075A3FF768}.Debug|Mixed Platforms.ActiveCfg = Debug|Any CPU
		{FD1CED96-0573-4115-9D7A-D5075A3FF768}.Debug|Mixed Platforms.Build.0 = Debug|Any CPU
		{FD1CED96-0573-4115-9D7A-D5075A3FF768}.Perf|Any CPU.ActiveCfg = Release|Any CPU
		{FD1CED96-0573-4115-9D7A-D5075A3FF768}.Perf|Any CPU.Build.0 = Release|Any CPU
		{FD1CED96-0573-4115-9D7A-D5075A3FF768}.Perf|iPhone.ActiveCfg = Release|Any CPU
		{FD1CED96-0573-4115-9D7A-D5075A3FF768}.Perf|iPhoneSimulator.ActiveCfg = Release|Any CPU
		{FD1CED96-0573-4115-9D7A-D5075A3FF768}.Perf|Mixed Platforms.ActiveCfg = Release|Any CPU
		{FD1CED96-0573-4115-9D7A-D5075A3FF768}.Perf|Mixed Platforms.Build.0 = Release|Any CPU
		{FD1CED96-0573-4115-9D7A-D5075A3FF768}.Release|Any CPU.ActiveCfg = Release|Any CPU
		{FD1CED96-0573-4115-9D7A-D5075A3FF768}.Release|Any CPU.Build.0 = Release|Any CPU
		{FD1CED96-0573-4115-9D7A-D5075A3FF768}.Release|iPhone.ActiveCfg = Release|Any CPU
		{FD1CED96-0573-4115-9D7A-D5075A3FF768}.Release|iPhoneSimulator.ActiveCfg = Release|Any CPU
		{FD1CED96-0573-4115-9D7A-D5075A3FF768}.Release|Mixed Platforms.ActiveCfg = Release|Any CPU
		{FD1CED96-0573-4115-9D7A-D5075A3FF768}.Release|Mixed Platforms.Build.0 = Release|Any CPU
		{A3D5CC49-DD4A-4FD6-A165-7D5AF60CDD15}.Ad-Hoc|Any CPU.ActiveCfg = Release|Any CPU
		{A3D5CC49-DD4A-4FD6-A165-7D5AF60CDD15}.Ad-Hoc|Any CPU.Build.0 = Release|Any CPU
		{A3D5CC49-DD4A-4FD6-A165-7D5AF60CDD15}.Ad-Hoc|iPhone.ActiveCfg = Release|Any CPU
		{A3D5CC49-DD4A-4FD6-A165-7D5AF60CDD15}.Ad-Hoc|iPhoneSimulator.ActiveCfg = Release|Any CPU
		{A3D5CC49-DD4A-4FD6-A165-7D5AF60CDD15}.Ad-Hoc|Mixed Platforms.ActiveCfg = Release|Any CPU
		{A3D5CC49-DD4A-4FD6-A165-7D5AF60CDD15}.Ad-Hoc|Mixed Platforms.Build.0 = Release|Any CPU
		{A3D5CC49-DD4A-4FD6-A165-7D5AF60CDD15}.AppStore|Any CPU.ActiveCfg = Release|Any CPU
		{A3D5CC49-DD4A-4FD6-A165-7D5AF60CDD15}.AppStore|Any CPU.Build.0 = Release|Any CPU
		{A3D5CC49-DD4A-4FD6-A165-7D5AF60CDD15}.AppStore|iPhone.ActiveCfg = Release|Any CPU
		{A3D5CC49-DD4A-4FD6-A165-7D5AF60CDD15}.AppStore|iPhoneSimulator.ActiveCfg = Release|Any CPU
		{A3D5CC49-DD4A-4FD6-A165-7D5AF60CDD15}.AppStore|Mixed Platforms.ActiveCfg = Release|Any CPU
		{A3D5CC49-DD4A-4FD6-A165-7D5AF60CDD15}.AppStore|Mixed Platforms.Build.0 = Release|Any CPU
		{A3D5CC49-DD4A-4FD6-A165-7D5AF60CDD15}.Debug|Any CPU.ActiveCfg = Debug|Any CPU
		{A3D5CC49-DD4A-4FD6-A165-7D5AF60CDD15}.Debug|Any CPU.Build.0 = Debug|Any CPU
		{A3D5CC49-DD4A-4FD6-A165-7D5AF60CDD15}.Debug|iPhone.ActiveCfg = Debug|Any CPU
		{A3D5CC49-DD4A-4FD6-A165-7D5AF60CDD15}.Debug|iPhoneSimulator.ActiveCfg = Debug|Any CPU
		{A3D5CC49-DD4A-4FD6-A165-7D5AF60CDD15}.Debug|Mixed Platforms.ActiveCfg = Debug|Any CPU
		{A3D5CC49-DD4A-4FD6-A165-7D5AF60CDD15}.Debug|Mixed Platforms.Build.0 = Debug|Any CPU
		{A3D5CC49-DD4A-4FD6-A165-7D5AF60CDD15}.Perf|Any CPU.ActiveCfg = Release|Any CPU
		{A3D5CC49-DD4A-4FD6-A165-7D5AF60CDD15}.Perf|Any CPU.Build.0 = Release|Any CPU
		{A3D5CC49-DD4A-4FD6-A165-7D5AF60CDD15}.Perf|iPhone.ActiveCfg = Release|Any CPU
		{A3D5CC49-DD4A-4FD6-A165-7D5AF60CDD15}.Perf|iPhoneSimulator.ActiveCfg = Release|Any CPU
		{A3D5CC49-DD4A-4FD6-A165-7D5AF60CDD15}.Perf|Mixed Platforms.ActiveCfg = Release|Any CPU
		{A3D5CC49-DD4A-4FD6-A165-7D5AF60CDD15}.Perf|Mixed Platforms.Build.0 = Release|Any CPU
		{A3D5CC49-DD4A-4FD6-A165-7D5AF60CDD15}.Release|Any CPU.ActiveCfg = Release|Any CPU
		{A3D5CC49-DD4A-4FD6-A165-7D5AF60CDD15}.Release|Any CPU.Build.0 = Release|Any CPU
		{A3D5CC49-DD4A-4FD6-A165-7D5AF60CDD15}.Release|iPhone.ActiveCfg = Release|Any CPU
		{A3D5CC49-DD4A-4FD6-A165-7D5AF60CDD15}.Release|iPhoneSimulator.ActiveCfg = Release|Any CPU
		{A3D5CC49-DD4A-4FD6-A165-7D5AF60CDD15}.Release|Mixed Platforms.ActiveCfg = Release|Any CPU
		{A3D5CC49-DD4A-4FD6-A165-7D5AF60CDD15}.Release|Mixed Platforms.Build.0 = Release|Any CPU
		{C26430B5-E2AE-410E-924C-567D79E625DC}.Ad-Hoc|Any CPU.ActiveCfg = Release|Any CPU
		{C26430B5-E2AE-410E-924C-567D79E625DC}.Ad-Hoc|Any CPU.Build.0 = Release|Any CPU
		{C26430B5-E2AE-410E-924C-567D79E625DC}.Ad-Hoc|iPhone.ActiveCfg = Release|Any CPU
		{C26430B5-E2AE-410E-924C-567D79E625DC}.Ad-Hoc|iPhoneSimulator.ActiveCfg = Release|Any CPU
		{C26430B5-E2AE-410E-924C-567D79E625DC}.Ad-Hoc|Mixed Platforms.ActiveCfg = Release|Any CPU
		{C26430B5-E2AE-410E-924C-567D79E625DC}.Ad-Hoc|Mixed Platforms.Build.0 = Release|Any CPU
		{C26430B5-E2AE-410E-924C-567D79E625DC}.AppStore|Any CPU.ActiveCfg = Release|Any CPU
		{C26430B5-E2AE-410E-924C-567D79E625DC}.AppStore|Any CPU.Build.0 = Release|Any CPU
		{C26430B5-E2AE-410E-924C-567D79E625DC}.AppStore|iPhone.ActiveCfg = Release|Any CPU
		{C26430B5-E2AE-410E-924C-567D79E625DC}.AppStore|iPhoneSimulator.ActiveCfg = Release|Any CPU
		{C26430B5-E2AE-410E-924C-567D79E625DC}.AppStore|Mixed Platforms.ActiveCfg = Release|Any CPU
		{C26430B5-E2AE-410E-924C-567D79E625DC}.AppStore|Mixed Platforms.Build.0 = Release|Any CPU
		{C26430B5-E2AE-410E-924C-567D79E625DC}.Debug|Any CPU.ActiveCfg = Debug|Any CPU
		{C26430B5-E2AE-410E-924C-567D79E625DC}.Debug|Any CPU.Build.0 = Debug|Any CPU
		{C26430B5-E2AE-410E-924C-567D79E625DC}.Debug|iPhone.ActiveCfg = Debug|Any CPU
		{C26430B5-E2AE-410E-924C-567D79E625DC}.Debug|iPhoneSimulator.ActiveCfg = Debug|Any CPU
		{C26430B5-E2AE-410E-924C-567D79E625DC}.Debug|Mixed Platforms.ActiveCfg = Debug|Any CPU
		{C26430B5-E2AE-410E-924C-567D79E625DC}.Debug|Mixed Platforms.Build.0 = Debug|Any CPU
		{C26430B5-E2AE-410E-924C-567D79E625DC}.Perf|Any CPU.ActiveCfg = Release|Any CPU
		{C26430B5-E2AE-410E-924C-567D79E625DC}.Perf|Any CPU.Build.0 = Release|Any CPU
		{C26430B5-E2AE-410E-924C-567D79E625DC}.Perf|iPhone.ActiveCfg = Release|Any CPU
		{C26430B5-E2AE-410E-924C-567D79E625DC}.Perf|iPhoneSimulator.ActiveCfg = Release|Any CPU
		{C26430B5-E2AE-410E-924C-567D79E625DC}.Perf|Mixed Platforms.ActiveCfg = Release|Any CPU
		{C26430B5-E2AE-410E-924C-567D79E625DC}.Perf|Mixed Platforms.Build.0 = Release|Any CPU
		{C26430B5-E2AE-410E-924C-567D79E625DC}.Release|Any CPU.ActiveCfg = Release|Any CPU
		{C26430B5-E2AE-410E-924C-567D79E625DC}.Release|Any CPU.Build.0 = Release|Any CPU
		{C26430B5-E2AE-410E-924C-567D79E625DC}.Release|iPhone.ActiveCfg = Release|Any CPU
		{C26430B5-E2AE-410E-924C-567D79E625DC}.Release|iPhoneSimulator.ActiveCfg = Release|Any CPU
		{C26430B5-E2AE-410E-924C-567D79E625DC}.Release|Mixed Platforms.ActiveCfg = Release|Any CPU
		{C26430B5-E2AE-410E-924C-567D79E625DC}.Release|Mixed Platforms.Build.0 = Release|Any CPU
		{5E9B9AB3-59E8-44FA-B3DC-5EE67800C462}.Ad-Hoc|Any CPU.ActiveCfg = Perf|Any CPU
		{5E9B9AB3-59E8-44FA-B3DC-5EE67800C462}.Ad-Hoc|Any CPU.Build.0 = Perf|Any CPU
		{5E9B9AB3-59E8-44FA-B3DC-5EE67800C462}.Ad-Hoc|iPhone.ActiveCfg = Perf|Any CPU
		{5E9B9AB3-59E8-44FA-B3DC-5EE67800C462}.Ad-Hoc|iPhoneSimulator.ActiveCfg = Perf|Any CPU
		{5E9B9AB3-59E8-44FA-B3DC-5EE67800C462}.Ad-Hoc|Mixed Platforms.ActiveCfg = Perf|Any CPU
		{5E9B9AB3-59E8-44FA-B3DC-5EE67800C462}.Ad-Hoc|Mixed Platforms.Build.0 = Perf|Any CPU
		{5E9B9AB3-59E8-44FA-B3DC-5EE67800C462}.AppStore|Any CPU.ActiveCfg = Perf|Any CPU
		{5E9B9AB3-59E8-44FA-B3DC-5EE67800C462}.AppStore|Any CPU.Build.0 = Perf|Any CPU
		{5E9B9AB3-59E8-44FA-B3DC-5EE67800C462}.AppStore|iPhone.ActiveCfg = Perf|Any CPU
		{5E9B9AB3-59E8-44FA-B3DC-5EE67800C462}.AppStore|iPhoneSimulator.ActiveCfg = Perf|Any CPU
		{5E9B9AB3-59E8-44FA-B3DC-5EE67800C462}.AppStore|Mixed Platforms.ActiveCfg = Perf|Any CPU
		{5E9B9AB3-59E8-44FA-B3DC-5EE67800C462}.AppStore|Mixed Platforms.Build.0 = Perf|Any CPU
		{5E9B9AB3-59E8-44FA-B3DC-5EE67800C462}.Debug|Any CPU.ActiveCfg = Debug|Any CPU
		{5E9B9AB3-59E8-44FA-B3DC-5EE67800C462}.Debug|Any CPU.Build.0 = Debug|Any CPU
		{5E9B9AB3-59E8-44FA-B3DC-5EE67800C462}.Debug|iPhone.ActiveCfg = Debug|Any CPU
		{5E9B9AB3-59E8-44FA-B3DC-5EE67800C462}.Debug|iPhoneSimulator.ActiveCfg = Debug|Any CPU
		{5E9B9AB3-59E8-44FA-B3DC-5EE67800C462}.Debug|Mixed Platforms.ActiveCfg = Debug|Any CPU
		{5E9B9AB3-59E8-44FA-B3DC-5EE67800C462}.Debug|Mixed Platforms.Build.0 = Debug|Any CPU
		{5E9B9AB3-59E8-44FA-B3DC-5EE67800C462}.Perf|Any CPU.ActiveCfg = Perf|Any CPU
		{5E9B9AB3-59E8-44FA-B3DC-5EE67800C462}.Perf|Any CPU.Build.0 = Perf|Any CPU
		{5E9B9AB3-59E8-44FA-B3DC-5EE67800C462}.Perf|iPhone.ActiveCfg = Perf|Any CPU
		{5E9B9AB3-59E8-44FA-B3DC-5EE67800C462}.Perf|iPhoneSimulator.ActiveCfg = Perf|Any CPU
		{5E9B9AB3-59E8-44FA-B3DC-5EE67800C462}.Perf|Mixed Platforms.ActiveCfg = Perf|Any CPU
		{5E9B9AB3-59E8-44FA-B3DC-5EE67800C462}.Perf|Mixed Platforms.Build.0 = Perf|Any CPU
		{5E9B9AB3-59E8-44FA-B3DC-5EE67800C462}.Release|Any CPU.ActiveCfg = Release|Any CPU
		{5E9B9AB3-59E8-44FA-B3DC-5EE67800C462}.Release|Any CPU.Build.0 = Release|Any CPU
		{5E9B9AB3-59E8-44FA-B3DC-5EE67800C462}.Release|iPhone.ActiveCfg = Release|Any CPU
		{5E9B9AB3-59E8-44FA-B3DC-5EE67800C462}.Release|iPhoneSimulator.ActiveCfg = Release|Any CPU
		{5E9B9AB3-59E8-44FA-B3DC-5EE67800C462}.Release|Mixed Platforms.ActiveCfg = Release|Any CPU
		{5E9B9AB3-59E8-44FA-B3DC-5EE67800C462}.Release|Mixed Platforms.Build.0 = Release|Any CPU
		{DA58ECDA-DB5D-41D0-982A-7E17E8172354}.Ad-Hoc|Any CPU.ActiveCfg = Release|Any CPU
		{DA58ECDA-DB5D-41D0-982A-7E17E8172354}.Ad-Hoc|Any CPU.Build.0 = Release|Any CPU
		{DA58ECDA-DB5D-41D0-982A-7E17E8172354}.Ad-Hoc|iPhone.ActiveCfg = Release|Any CPU
		{DA58ECDA-DB5D-41D0-982A-7E17E8172354}.Ad-Hoc|iPhoneSimulator.ActiveCfg = Release|Any CPU
		{DA58ECDA-DB5D-41D0-982A-7E17E8172354}.Ad-Hoc|Mixed Platforms.ActiveCfg = Release|Any CPU
		{DA58ECDA-DB5D-41D0-982A-7E17E8172354}.Ad-Hoc|Mixed Platforms.Build.0 = Release|Any CPU
		{DA58ECDA-DB5D-41D0-982A-7E17E8172354}.AppStore|Any CPU.ActiveCfg = Release|Any CPU
		{DA58ECDA-DB5D-41D0-982A-7E17E8172354}.AppStore|Any CPU.Build.0 = Release|Any CPU
		{DA58ECDA-DB5D-41D0-982A-7E17E8172354}.AppStore|iPhone.ActiveCfg = Release|Any CPU
		{DA58ECDA-DB5D-41D0-982A-7E17E8172354}.AppStore|iPhoneSimulator.ActiveCfg = Release|Any CPU
		{DA58ECDA-DB5D-41D0-982A-7E17E8172354}.AppStore|Mixed Platforms.ActiveCfg = Release|Any CPU
		{DA58ECDA-DB5D-41D0-982A-7E17E8172354}.AppStore|Mixed Platforms.Build.0 = Release|Any CPU
		{DA58ECDA-DB5D-41D0-982A-7E17E8172354}.Debug|Any CPU.ActiveCfg = Debug|Any CPU
		{DA58ECDA-DB5D-41D0-982A-7E17E8172354}.Debug|Any CPU.Build.0 = Debug|Any CPU
		{DA58ECDA-DB5D-41D0-982A-7E17E8172354}.Debug|iPhone.ActiveCfg = Debug|Any CPU
		{DA58ECDA-DB5D-41D0-982A-7E17E8172354}.Debug|iPhoneSimulator.ActiveCfg = Debug|Any CPU
		{DA58ECDA-DB5D-41D0-982A-7E17E8172354}.Debug|Mixed Platforms.ActiveCfg = Debug|Any CPU
		{DA58ECDA-DB5D-41D0-982A-7E17E8172354}.Debug|Mixed Platforms.Build.0 = Debug|Any CPU
		{DA58ECDA-DB5D-41D0-982A-7E17E8172354}.Perf|Any CPU.ActiveCfg = Release|Any CPU
		{DA58ECDA-DB5D-41D0-982A-7E17E8172354}.Perf|Any CPU.Build.0 = Release|Any CPU
		{DA58ECDA-DB5D-41D0-982A-7E17E8172354}.Perf|iPhone.ActiveCfg = Release|Any CPU
		{DA58ECDA-DB5D-41D0-982A-7E17E8172354}.Perf|iPhoneSimulator.ActiveCfg = Release|Any CPU
		{DA58ECDA-DB5D-41D0-982A-7E17E8172354}.Perf|Mixed Platforms.ActiveCfg = Release|Any CPU
		{DA58ECDA-DB5D-41D0-982A-7E17E8172354}.Perf|Mixed Platforms.Build.0 = Release|Any CPU
		{DA58ECDA-DB5D-41D0-982A-7E17E8172354}.Release|Any CPU.ActiveCfg = Release|Any CPU
		{DA58ECDA-DB5D-41D0-982A-7E17E8172354}.Release|Any CPU.Build.0 = Release|Any CPU
		{DA58ECDA-DB5D-41D0-982A-7E17E8172354}.Release|iPhone.ActiveCfg = Release|Any CPU
		{DA58ECDA-DB5D-41D0-982A-7E17E8172354}.Release|iPhoneSimulator.ActiveCfg = Release|Any CPU
		{DA58ECDA-DB5D-41D0-982A-7E17E8172354}.Release|Mixed Platforms.ActiveCfg = Release|Any CPU
		{DA58ECDA-DB5D-41D0-982A-7E17E8172354}.Release|Mixed Platforms.Build.0 = Release|Any CPU
		{FE484004-0780-4730-9D91-D4597341B56E}.Ad-Hoc|Any CPU.ActiveCfg = Release|Any CPU
		{FE484004-0780-4730-9D91-D4597341B56E}.Ad-Hoc|Any CPU.Build.0 = Release|Any CPU
		{FE484004-0780-4730-9D91-D4597341B56E}.Ad-Hoc|iPhone.ActiveCfg = Release|Any CPU
		{FE484004-0780-4730-9D91-D4597341B56E}.Ad-Hoc|iPhoneSimulator.ActiveCfg = Release|Any CPU
		{FE484004-0780-4730-9D91-D4597341B56E}.Ad-Hoc|Mixed Platforms.ActiveCfg = Release|Any CPU
		{FE484004-0780-4730-9D91-D4597341B56E}.Ad-Hoc|Mixed Platforms.Build.0 = Release|Any CPU
		{FE484004-0780-4730-9D91-D4597341B56E}.AppStore|Any CPU.ActiveCfg = Release|Any CPU
		{FE484004-0780-4730-9D91-D4597341B56E}.AppStore|Any CPU.Build.0 = Release|Any CPU
		{FE484004-0780-4730-9D91-D4597341B56E}.AppStore|iPhone.ActiveCfg = Release|Any CPU
		{FE484004-0780-4730-9D91-D4597341B56E}.AppStore|iPhoneSimulator.ActiveCfg = Release|Any CPU
		{FE484004-0780-4730-9D91-D4597341B56E}.AppStore|Mixed Platforms.ActiveCfg = Release|Any CPU
		{FE484004-0780-4730-9D91-D4597341B56E}.AppStore|Mixed Platforms.Build.0 = Release|Any CPU
		{FE484004-0780-4730-9D91-D4597341B56E}.Debug|Any CPU.ActiveCfg = Debug|Any CPU
		{FE484004-0780-4730-9D91-D4597341B56E}.Debug|Any CPU.Build.0 = Debug|Any CPU
		{FE484004-0780-4730-9D91-D4597341B56E}.Debug|iPhone.ActiveCfg = Debug|Any CPU
		{FE484004-0780-4730-9D91-D4597341B56E}.Debug|iPhoneSimulator.ActiveCfg = Debug|Any CPU
		{FE484004-0780-4730-9D91-D4597341B56E}.Debug|Mixed Platforms.ActiveCfg = Debug|Any CPU
		{FE484004-0780-4730-9D91-D4597341B56E}.Debug|Mixed Platforms.Build.0 = Debug|Any CPU
		{FE484004-0780-4730-9D91-D4597341B56E}.Perf|Any CPU.ActiveCfg = Release|Any CPU
		{FE484004-0780-4730-9D91-D4597341B56E}.Perf|Any CPU.Build.0 = Release|Any CPU
		{FE484004-0780-4730-9D91-D4597341B56E}.Perf|iPhone.ActiveCfg = Release|Any CPU
		{FE484004-0780-4730-9D91-D4597341B56E}.Perf|iPhoneSimulator.ActiveCfg = Release|Any CPU
		{FE484004-0780-4730-9D91-D4597341B56E}.Perf|Mixed Platforms.ActiveCfg = Release|Any CPU
		{FE484004-0780-4730-9D91-D4597341B56E}.Perf|Mixed Platforms.Build.0 = Release|Any CPU
		{FE484004-0780-4730-9D91-D4597341B56E}.Release|Any CPU.ActiveCfg = Release|Any CPU
		{FE484004-0780-4730-9D91-D4597341B56E}.Release|Any CPU.Build.0 = Release|Any CPU
		{FE484004-0780-4730-9D91-D4597341B56E}.Release|iPhone.ActiveCfg = Release|Any CPU
		{FE484004-0780-4730-9D91-D4597341B56E}.Release|iPhoneSimulator.ActiveCfg = Release|Any CPU
		{FE484004-0780-4730-9D91-D4597341B56E}.Release|Mixed Platforms.ActiveCfg = Release|Any CPU
		{FE484004-0780-4730-9D91-D4597341B56E}.Release|Mixed Platforms.Build.0 = Release|Any CPU
		{42D9E604-CECC-4798-B0A5-82278EB8BB6A}.Ad-Hoc|Any CPU.ActiveCfg = Release|Any CPU
		{42D9E604-CECC-4798-B0A5-82278EB8BB6A}.Ad-Hoc|Any CPU.Build.0 = Release|Any CPU
		{42D9E604-CECC-4798-B0A5-82278EB8BB6A}.Ad-Hoc|iPhone.ActiveCfg = Release|Any CPU
		{42D9E604-CECC-4798-B0A5-82278EB8BB6A}.Ad-Hoc|iPhoneSimulator.ActiveCfg = Release|Any CPU
		{42D9E604-CECC-4798-B0A5-82278EB8BB6A}.Ad-Hoc|Mixed Platforms.ActiveCfg = Release|Any CPU
		{42D9E604-CECC-4798-B0A5-82278EB8BB6A}.Ad-Hoc|Mixed Platforms.Build.0 = Release|Any CPU
		{42D9E604-CECC-4798-B0A5-82278EB8BB6A}.AppStore|Any CPU.ActiveCfg = Release|Any CPU
		{42D9E604-CECC-4798-B0A5-82278EB8BB6A}.AppStore|Any CPU.Build.0 = Release|Any CPU
		{42D9E604-CECC-4798-B0A5-82278EB8BB6A}.AppStore|iPhone.ActiveCfg = Release|Any CPU
		{42D9E604-CECC-4798-B0A5-82278EB8BB6A}.AppStore|iPhoneSimulator.ActiveCfg = Release|Any CPU
		{42D9E604-CECC-4798-B0A5-82278EB8BB6A}.AppStore|Mixed Platforms.ActiveCfg = Release|Any CPU
		{42D9E604-CECC-4798-B0A5-82278EB8BB6A}.AppStore|Mixed Platforms.Build.0 = Release|Any CPU
		{42D9E604-CECC-4798-B0A5-82278EB8BB6A}.Debug|Any CPU.ActiveCfg = Debug|Any CPU
		{42D9E604-CECC-4798-B0A5-82278EB8BB6A}.Debug|Any CPU.Build.0 = Debug|Any CPU
		{42D9E604-CECC-4798-B0A5-82278EB8BB6A}.Debug|iPhone.ActiveCfg = Debug|Any CPU
		{42D9E604-CECC-4798-B0A5-82278EB8BB6A}.Debug|iPhoneSimulator.ActiveCfg = Debug|Any CPU
		{42D9E604-CECC-4798-B0A5-82278EB8BB6A}.Debug|Mixed Platforms.ActiveCfg = Debug|Any CPU
		{42D9E604-CECC-4798-B0A5-82278EB8BB6A}.Debug|Mixed Platforms.Build.0 = Debug|Any CPU
		{42D9E604-CECC-4798-B0A5-82278EB8BB6A}.Perf|Any CPU.ActiveCfg = Release|Any CPU
		{42D9E604-CECC-4798-B0A5-82278EB8BB6A}.Perf|Any CPU.Build.0 = Release|Any CPU
		{42D9E604-CECC-4798-B0A5-82278EB8BB6A}.Perf|iPhone.ActiveCfg = Release|Any CPU
		{42D9E604-CECC-4798-B0A5-82278EB8BB6A}.Perf|iPhoneSimulator.ActiveCfg = Release|Any CPU
		{42D9E604-CECC-4798-B0A5-82278EB8BB6A}.Perf|Mixed Platforms.ActiveCfg = Release|Any CPU
		{42D9E604-CECC-4798-B0A5-82278EB8BB6A}.Perf|Mixed Platforms.Build.0 = Release|Any CPU
		{42D9E604-CECC-4798-B0A5-82278EB8BB6A}.Release|Any CPU.ActiveCfg = Release|Any CPU
		{42D9E604-CECC-4798-B0A5-82278EB8BB6A}.Release|Any CPU.Build.0 = Release|Any CPU
		{42D9E604-CECC-4798-B0A5-82278EB8BB6A}.Release|iPhone.ActiveCfg = Release|Any CPU
		{42D9E604-CECC-4798-B0A5-82278EB8BB6A}.Release|iPhoneSimulator.ActiveCfg = Release|Any CPU
		{42D9E604-CECC-4798-B0A5-82278EB8BB6A}.Release|Mixed Platforms.ActiveCfg = Release|Any CPU
		{42D9E604-CECC-4798-B0A5-82278EB8BB6A}.Release|Mixed Platforms.Build.0 = Release|Any CPU
		{0B7F931D-721E-4CED-8506-463777C4A1A8}.Ad-Hoc|Any CPU.ActiveCfg = Release|Any CPU
		{0B7F931D-721E-4CED-8506-463777C4A1A8}.Ad-Hoc|Any CPU.Build.0 = Release|Any CPU
		{0B7F931D-721E-4CED-8506-463777C4A1A8}.Ad-Hoc|iPhone.ActiveCfg = Release|Any CPU
		{0B7F931D-721E-4CED-8506-463777C4A1A8}.Ad-Hoc|iPhoneSimulator.ActiveCfg = Release|Any CPU
		{0B7F931D-721E-4CED-8506-463777C4A1A8}.Ad-Hoc|Mixed Platforms.ActiveCfg = Release|Any CPU
		{0B7F931D-721E-4CED-8506-463777C4A1A8}.Ad-Hoc|Mixed Platforms.Build.0 = Release|Any CPU
		{0B7F931D-721E-4CED-8506-463777C4A1A8}.AppStore|Any CPU.ActiveCfg = Release|Any CPU
		{0B7F931D-721E-4CED-8506-463777C4A1A8}.AppStore|Any CPU.Build.0 = Release|Any CPU
		{0B7F931D-721E-4CED-8506-463777C4A1A8}.AppStore|iPhone.ActiveCfg = Release|Any CPU
		{0B7F931D-721E-4CED-8506-463777C4A1A8}.AppStore|iPhoneSimulator.ActiveCfg = Release|Any CPU
		{0B7F931D-721E-4CED-8506-463777C4A1A8}.AppStore|Mixed Platforms.ActiveCfg = Release|Any CPU
		{0B7F931D-721E-4CED-8506-463777C4A1A8}.AppStore|Mixed Platforms.Build.0 = Release|Any CPU
		{0B7F931D-721E-4CED-8506-463777C4A1A8}.Debug|Any CPU.ActiveCfg = Debug|Any CPU
		{0B7F931D-721E-4CED-8506-463777C4A1A8}.Debug|Any CPU.Build.0 = Debug|Any CPU
		{0B7F931D-721E-4CED-8506-463777C4A1A8}.Debug|iPhone.ActiveCfg = Debug|Any CPU
		{0B7F931D-721E-4CED-8506-463777C4A1A8}.Debug|iPhoneSimulator.ActiveCfg = Debug|Any CPU
		{0B7F931D-721E-4CED-8506-463777C4A1A8}.Debug|Mixed Platforms.ActiveCfg = Debug|Any CPU
		{0B7F931D-721E-4CED-8506-463777C4A1A8}.Debug|Mixed Platforms.Build.0 = Debug|Any CPU
		{0B7F931D-721E-4CED-8506-463777C4A1A8}.Perf|Any CPU.ActiveCfg = Release|Any CPU
		{0B7F931D-721E-4CED-8506-463777C4A1A8}.Perf|Any CPU.Build.0 = Release|Any CPU
		{0B7F931D-721E-4CED-8506-463777C4A1A8}.Perf|iPhone.ActiveCfg = Release|Any CPU
		{0B7F931D-721E-4CED-8506-463777C4A1A8}.Perf|iPhoneSimulator.ActiveCfg = Release|Any CPU
		{0B7F931D-721E-4CED-8506-463777C4A1A8}.Perf|Mixed Platforms.ActiveCfg = Release|Any CPU
		{0B7F931D-721E-4CED-8506-463777C4A1A8}.Perf|Mixed Platforms.Build.0 = Release|Any CPU
		{0B7F931D-721E-4CED-8506-463777C4A1A8}.Release|Any CPU.ActiveCfg = Release|Any CPU
		{0B7F931D-721E-4CED-8506-463777C4A1A8}.Release|Any CPU.Build.0 = Release|Any CPU
		{0B7F931D-721E-4CED-8506-463777C4A1A8}.Release|iPhone.ActiveCfg = Release|Any CPU
		{0B7F931D-721E-4CED-8506-463777C4A1A8}.Release|iPhoneSimulator.ActiveCfg = Release|Any CPU
		{0B7F931D-721E-4CED-8506-463777C4A1A8}.Release|Mixed Platforms.ActiveCfg = Release|Any CPU
		{0B7F931D-721E-4CED-8506-463777C4A1A8}.Release|Mixed Platforms.Build.0 = Release|Any CPU
		{286DE6DB-8F95-4BD4-86A2-86488D2E0EE1}.Ad-Hoc|Any CPU.ActiveCfg = Perf|Any CPU
		{286DE6DB-8F95-4BD4-86A2-86488D2E0EE1}.Ad-Hoc|Any CPU.Build.0 = Perf|Any CPU
		{286DE6DB-8F95-4BD4-86A2-86488D2E0EE1}.Ad-Hoc|iPhone.ActiveCfg = Perf|Any CPU
		{286DE6DB-8F95-4BD4-86A2-86488D2E0EE1}.Ad-Hoc|iPhoneSimulator.ActiveCfg = Perf|Any CPU
		{286DE6DB-8F95-4BD4-86A2-86488D2E0EE1}.Ad-Hoc|Mixed Platforms.ActiveCfg = Perf|Any CPU
		{286DE6DB-8F95-4BD4-86A2-86488D2E0EE1}.Ad-Hoc|Mixed Platforms.Build.0 = Perf|Any CPU
		{286DE6DB-8F95-4BD4-86A2-86488D2E0EE1}.AppStore|Any CPU.ActiveCfg = Perf|Any CPU
		{286DE6DB-8F95-4BD4-86A2-86488D2E0EE1}.AppStore|Any CPU.Build.0 = Perf|Any CPU
		{286DE6DB-8F95-4BD4-86A2-86488D2E0EE1}.AppStore|iPhone.ActiveCfg = Perf|Any CPU
		{286DE6DB-8F95-4BD4-86A2-86488D2E0EE1}.AppStore|iPhoneSimulator.ActiveCfg = Perf|Any CPU
		{286DE6DB-8F95-4BD4-86A2-86488D2E0EE1}.AppStore|Mixed Platforms.ActiveCfg = Perf|Any CPU
		{286DE6DB-8F95-4BD4-86A2-86488D2E0EE1}.AppStore|Mixed Platforms.Build.0 = Perf|Any CPU
		{286DE6DB-8F95-4BD4-86A2-86488D2E0EE1}.Debug|Any CPU.ActiveCfg = Debug|Any CPU
		{286DE6DB-8F95-4BD4-86A2-86488D2E0EE1}.Debug|Any CPU.Build.0 = Debug|Any CPU
		{286DE6DB-8F95-4BD4-86A2-86488D2E0EE1}.Debug|iPhone.ActiveCfg = Debug|Any CPU
		{286DE6DB-8F95-4BD4-86A2-86488D2E0EE1}.Debug|iPhoneSimulator.ActiveCfg = Debug|Any CPU
		{286DE6DB-8F95-4BD4-86A2-86488D2E0EE1}.Debug|Mixed Platforms.ActiveCfg = Debug|Any CPU
		{286DE6DB-8F95-4BD4-86A2-86488D2E0EE1}.Debug|Mixed Platforms.Build.0 = Debug|Any CPU
		{286DE6DB-8F95-4BD4-86A2-86488D2E0EE1}.Perf|Any CPU.ActiveCfg = Perf|Any CPU
		{286DE6DB-8F95-4BD4-86A2-86488D2E0EE1}.Perf|Any CPU.Build.0 = Perf|Any CPU
		{286DE6DB-8F95-4BD4-86A2-86488D2E0EE1}.Perf|iPhone.ActiveCfg = Perf|Any CPU
		{286DE6DB-8F95-4BD4-86A2-86488D2E0EE1}.Perf|iPhoneSimulator.ActiveCfg = Perf|Any CPU
		{286DE6DB-8F95-4BD4-86A2-86488D2E0EE1}.Perf|Mixed Platforms.ActiveCfg = Perf|Any CPU
		{286DE6DB-8F95-4BD4-86A2-86488D2E0EE1}.Perf|Mixed Platforms.Build.0 = Perf|Any CPU
		{286DE6DB-8F95-4BD4-86A2-86488D2E0EE1}.Release|Any CPU.ActiveCfg = Release|Any CPU
		{286DE6DB-8F95-4BD4-86A2-86488D2E0EE1}.Release|Any CPU.Build.0 = Release|Any CPU
		{286DE6DB-8F95-4BD4-86A2-86488D2E0EE1}.Release|iPhone.ActiveCfg = Release|Any CPU
		{286DE6DB-8F95-4BD4-86A2-86488D2E0EE1}.Release|iPhoneSimulator.ActiveCfg = Release|Any CPU
		{286DE6DB-8F95-4BD4-86A2-86488D2E0EE1}.Release|Mixed Platforms.ActiveCfg = Release|Any CPU
		{286DE6DB-8F95-4BD4-86A2-86488D2E0EE1}.Release|Mixed Platforms.Build.0 = Release|Any CPU
		{9607A1E5-DF21-4E89-9B0C-501898252BF4}.Ad-Hoc|Any CPU.ActiveCfg = Ad-Hoc|iPhone
		{9607A1E5-DF21-4E89-9B0C-501898252BF4}.Ad-Hoc|iPhone.ActiveCfg = Ad-Hoc|iPhone
		{9607A1E5-DF21-4E89-9B0C-501898252BF4}.Ad-Hoc|iPhone.Build.0 = Ad-Hoc|iPhone
		{9607A1E5-DF21-4E89-9B0C-501898252BF4}.Ad-Hoc|iPhoneSimulator.ActiveCfg = Ad-Hoc|iPhoneSimulator
		{9607A1E5-DF21-4E89-9B0C-501898252BF4}.Ad-Hoc|iPhoneSimulator.Build.0 = Ad-Hoc|iPhoneSimulator
		{9607A1E5-DF21-4E89-9B0C-501898252BF4}.Ad-Hoc|Mixed Platforms.ActiveCfg = Ad-Hoc|iPhone
		{9607A1E5-DF21-4E89-9B0C-501898252BF4}.Ad-Hoc|Mixed Platforms.Build.0 = Ad-Hoc|iPhone
		{9607A1E5-DF21-4E89-9B0C-501898252BF4}.AppStore|Any CPU.ActiveCfg = AppStore|iPhone
		{9607A1E5-DF21-4E89-9B0C-501898252BF4}.AppStore|iPhone.ActiveCfg = AppStore|iPhone
		{9607A1E5-DF21-4E89-9B0C-501898252BF4}.AppStore|iPhone.Build.0 = AppStore|iPhone
		{9607A1E5-DF21-4E89-9B0C-501898252BF4}.AppStore|iPhoneSimulator.ActiveCfg = AppStore|iPhoneSimulator
		{9607A1E5-DF21-4E89-9B0C-501898252BF4}.AppStore|iPhoneSimulator.Build.0 = AppStore|iPhoneSimulator
		{9607A1E5-DF21-4E89-9B0C-501898252BF4}.AppStore|Mixed Platforms.ActiveCfg = AppStore|iPhone
		{9607A1E5-DF21-4E89-9B0C-501898252BF4}.AppStore|Mixed Platforms.Build.0 = AppStore|iPhone
		{9607A1E5-DF21-4E89-9B0C-501898252BF4}.Debug|Any CPU.ActiveCfg = Debug|iPhone
		{9607A1E5-DF21-4E89-9B0C-501898252BF4}.Debug|iPhone.ActiveCfg = Debug|iPhone
		{9607A1E5-DF21-4E89-9B0C-501898252BF4}.Debug|iPhone.Build.0 = Debug|iPhone
		{9607A1E5-DF21-4E89-9B0C-501898252BF4}.Debug|iPhoneSimulator.ActiveCfg = Debug|iPhoneSimulator
		{9607A1E5-DF21-4E89-9B0C-501898252BF4}.Debug|iPhoneSimulator.Build.0 = Debug|iPhoneSimulator
		{9607A1E5-DF21-4E89-9B0C-501898252BF4}.Debug|Mixed Platforms.ActiveCfg = Debug|iPhone
		{9607A1E5-DF21-4E89-9B0C-501898252BF4}.Debug|Mixed Platforms.Build.0 = Debug|iPhone
		{9607A1E5-DF21-4E89-9B0C-501898252BF4}.Perf|Any CPU.ActiveCfg = AppStore|iPhone
		{9607A1E5-DF21-4E89-9B0C-501898252BF4}.Perf|iPhone.ActiveCfg = AppStore|iPhone
		{9607A1E5-DF21-4E89-9B0C-501898252BF4}.Perf|iPhone.Build.0 = AppStore|iPhone
		{9607A1E5-DF21-4E89-9B0C-501898252BF4}.Perf|iPhoneSimulator.ActiveCfg = AppStore|iPhoneSimulator
		{9607A1E5-DF21-4E89-9B0C-501898252BF4}.Perf|iPhoneSimulator.Build.0 = AppStore|iPhoneSimulator
		{9607A1E5-DF21-4E89-9B0C-501898252BF4}.Perf|Mixed Platforms.ActiveCfg = AppStore|iPhone
		{9607A1E5-DF21-4E89-9B0C-501898252BF4}.Perf|Mixed Platforms.Build.0 = AppStore|iPhone
		{9607A1E5-DF21-4E89-9B0C-501898252BF4}.Release|Any CPU.ActiveCfg = Release|iPhone
		{9607A1E5-DF21-4E89-9B0C-501898252BF4}.Release|iPhone.ActiveCfg = Release|iPhone
		{9607A1E5-DF21-4E89-9B0C-501898252BF4}.Release|iPhone.Build.0 = Release|iPhone
		{9607A1E5-DF21-4E89-9B0C-501898252BF4}.Release|iPhoneSimulator.ActiveCfg = Release|iPhoneSimulator
		{9607A1E5-DF21-4E89-9B0C-501898252BF4}.Release|iPhoneSimulator.Build.0 = Release|iPhoneSimulator
		{9607A1E5-DF21-4E89-9B0C-501898252BF4}.Release|Mixed Platforms.ActiveCfg = Release|iPhone
		{9607A1E5-DF21-4E89-9B0C-501898252BF4}.Release|Mixed Platforms.Build.0 = Release|iPhone
		{AC68D000-E001-43CE-86A2-CFE24624EF9C}.Ad-Hoc|Any CPU.ActiveCfg = Release|Any CPU
		{AC68D000-E001-43CE-86A2-CFE24624EF9C}.Ad-Hoc|Any CPU.Build.0 = Release|Any CPU
		{AC68D000-E001-43CE-86A2-CFE24624EF9C}.Ad-Hoc|iPhone.ActiveCfg = Release|Any CPU
		{AC68D000-E001-43CE-86A2-CFE24624EF9C}.Ad-Hoc|iPhoneSimulator.ActiveCfg = Release|Any CPU
		{AC68D000-E001-43CE-86A2-CFE24624EF9C}.Ad-Hoc|Mixed Platforms.ActiveCfg = Release|Any CPU
		{AC68D000-E001-43CE-86A2-CFE24624EF9C}.Ad-Hoc|Mixed Platforms.Build.0 = Release|Any CPU
		{AC68D000-E001-43CE-86A2-CFE24624EF9C}.AppStore|Any CPU.ActiveCfg = Release|Any CPU
		{AC68D000-E001-43CE-86A2-CFE24624EF9C}.AppStore|Any CPU.Build.0 = Release|Any CPU
		{AC68D000-E001-43CE-86A2-CFE24624EF9C}.AppStore|iPhone.ActiveCfg = Release|Any CPU
		{AC68D000-E001-43CE-86A2-CFE24624EF9C}.AppStore|iPhoneSimulator.ActiveCfg = Release|Any CPU
		{AC68D000-E001-43CE-86A2-CFE24624EF9C}.AppStore|Mixed Platforms.ActiveCfg = Release|Any CPU
		{AC68D000-E001-43CE-86A2-CFE24624EF9C}.AppStore|Mixed Platforms.Build.0 = Release|Any CPU
		{AC68D000-E001-43CE-86A2-CFE24624EF9C}.Debug|Any CPU.ActiveCfg = Debug|Any CPU
		{AC68D000-E001-43CE-86A2-CFE24624EF9C}.Debug|Any CPU.Build.0 = Debug|Any CPU
		{AC68D000-E001-43CE-86A2-CFE24624EF9C}.Debug|iPhone.ActiveCfg = Debug|Any CPU
		{AC68D000-E001-43CE-86A2-CFE24624EF9C}.Debug|iPhoneSimulator.ActiveCfg = Debug|Any CPU
		{AC68D000-E001-43CE-86A2-CFE24624EF9C}.Debug|Mixed Platforms.ActiveCfg = Debug|Any CPU
		{AC68D000-E001-43CE-86A2-CFE24624EF9C}.Debug|Mixed Platforms.Build.0 = Debug|Any CPU
		{AC68D000-E001-43CE-86A2-CFE24624EF9C}.Perf|Any CPU.ActiveCfg = Release|Any CPU
		{AC68D000-E001-43CE-86A2-CFE24624EF9C}.Perf|Any CPU.Build.0 = Release|Any CPU
		{AC68D000-E001-43CE-86A2-CFE24624EF9C}.Perf|iPhone.ActiveCfg = Release|Any CPU
		{AC68D000-E001-43CE-86A2-CFE24624EF9C}.Perf|iPhoneSimulator.ActiveCfg = Release|Any CPU
		{AC68D000-E001-43CE-86A2-CFE24624EF9C}.Perf|Mixed Platforms.ActiveCfg = Release|Any CPU
		{AC68D000-E001-43CE-86A2-CFE24624EF9C}.Perf|Mixed Platforms.Build.0 = Release|Any CPU
		{AC68D000-E001-43CE-86A2-CFE24624EF9C}.Release|Any CPU.ActiveCfg = Release|Any CPU
		{AC68D000-E001-43CE-86A2-CFE24624EF9C}.Release|Any CPU.Build.0 = Release|Any CPU
		{AC68D000-E001-43CE-86A2-CFE24624EF9C}.Release|iPhone.ActiveCfg = Release|Any CPU
		{AC68D000-E001-43CE-86A2-CFE24624EF9C}.Release|iPhoneSimulator.ActiveCfg = Release|Any CPU
		{AC68D000-E001-43CE-86A2-CFE24624EF9C}.Release|Mixed Platforms.ActiveCfg = Release|Any CPU
		{AC68D000-E001-43CE-86A2-CFE24624EF9C}.Release|Mixed Platforms.Build.0 = Release|Any CPU
		{CD0F4B22-8235-49B1-A144-462CB8FD4973}.Ad-Hoc|Any CPU.ActiveCfg = Release|Any CPU
		{CD0F4B22-8235-49B1-A144-462CB8FD4973}.Ad-Hoc|Any CPU.Build.0 = Release|Any CPU
		{CD0F4B22-8235-49B1-A144-462CB8FD4973}.Ad-Hoc|iPhone.ActiveCfg = Release|Any CPU
		{CD0F4B22-8235-49B1-A144-462CB8FD4973}.Ad-Hoc|iPhoneSimulator.ActiveCfg = Release|Any CPU
		{CD0F4B22-8235-49B1-A144-462CB8FD4973}.Ad-Hoc|Mixed Platforms.ActiveCfg = Release|Any CPU
		{CD0F4B22-8235-49B1-A144-462CB8FD4973}.Ad-Hoc|Mixed Platforms.Build.0 = Release|Any CPU
		{CD0F4B22-8235-49B1-A144-462CB8FD4973}.AppStore|Any CPU.ActiveCfg = Release|Any CPU
		{CD0F4B22-8235-49B1-A144-462CB8FD4973}.AppStore|Any CPU.Build.0 = Release|Any CPU
		{CD0F4B22-8235-49B1-A144-462CB8FD4973}.AppStore|iPhone.ActiveCfg = Release|Any CPU
		{CD0F4B22-8235-49B1-A144-462CB8FD4973}.AppStore|iPhoneSimulator.ActiveCfg = Release|Any CPU
		{CD0F4B22-8235-49B1-A144-462CB8FD4973}.AppStore|Mixed Platforms.ActiveCfg = Release|Any CPU
		{CD0F4B22-8235-49B1-A144-462CB8FD4973}.AppStore|Mixed Platforms.Build.0 = Release|Any CPU
		{CD0F4B22-8235-49B1-A144-462CB8FD4973}.Debug|Any CPU.ActiveCfg = Debug|Any CPU
		{CD0F4B22-8235-49B1-A144-462CB8FD4973}.Debug|Any CPU.Build.0 = Debug|Any CPU
		{CD0F4B22-8235-49B1-A144-462CB8FD4973}.Debug|iPhone.ActiveCfg = Debug|Any CPU
		{CD0F4B22-8235-49B1-A144-462CB8FD4973}.Debug|iPhoneSimulator.ActiveCfg = Debug|Any CPU
		{CD0F4B22-8235-49B1-A144-462CB8FD4973}.Debug|Mixed Platforms.ActiveCfg = Debug|Any CPU
		{CD0F4B22-8235-49B1-A144-462CB8FD4973}.Debug|Mixed Platforms.Build.0 = Debug|Any CPU
		{CD0F4B22-8235-49B1-A144-462CB8FD4973}.Perf|Any CPU.ActiveCfg = Release|Any CPU
		{CD0F4B22-8235-49B1-A144-462CB8FD4973}.Perf|Any CPU.Build.0 = Release|Any CPU
		{CD0F4B22-8235-49B1-A144-462CB8FD4973}.Perf|iPhone.ActiveCfg = Release|Any CPU
		{CD0F4B22-8235-49B1-A144-462CB8FD4973}.Perf|iPhoneSimulator.ActiveCfg = Release|Any CPU
		{CD0F4B22-8235-49B1-A144-462CB8FD4973}.Perf|Mixed Platforms.ActiveCfg = Release|Any CPU
		{CD0F4B22-8235-49B1-A144-462CB8FD4973}.Perf|Mixed Platforms.Build.0 = Release|Any CPU
		{CD0F4B22-8235-49B1-A144-462CB8FD4973}.Release|Any CPU.ActiveCfg = Release|Any CPU
		{CD0F4B22-8235-49B1-A144-462CB8FD4973}.Release|Any CPU.Build.0 = Release|Any CPU
		{CD0F4B22-8235-49B1-A144-462CB8FD4973}.Release|iPhone.ActiveCfg = Release|Any CPU
		{CD0F4B22-8235-49B1-A144-462CB8FD4973}.Release|iPhoneSimulator.ActiveCfg = Release|Any CPU
		{CD0F4B22-8235-49B1-A144-462CB8FD4973}.Release|Mixed Platforms.ActiveCfg = Release|Any CPU
		{CD0F4B22-8235-49B1-A144-462CB8FD4973}.Release|Mixed Platforms.Build.0 = Release|Any CPU
		{A597585F-F82D-48AE-9648-ED0B4F6FA067}.Ad-Hoc|Any CPU.ActiveCfg = Release|Any CPU
		{A597585F-F82D-48AE-9648-ED0B4F6FA067}.Ad-Hoc|Any CPU.Build.0 = Release|Any CPU
		{A597585F-F82D-48AE-9648-ED0B4F6FA067}.Ad-Hoc|iPhone.ActiveCfg = Release|Any CPU
		{A597585F-F82D-48AE-9648-ED0B4F6FA067}.Ad-Hoc|iPhoneSimulator.ActiveCfg = Release|Any CPU
		{A597585F-F82D-48AE-9648-ED0B4F6FA067}.Ad-Hoc|Mixed Platforms.ActiveCfg = Release|Any CPU
		{A597585F-F82D-48AE-9648-ED0B4F6FA067}.Ad-Hoc|Mixed Platforms.Build.0 = Release|Any CPU
		{A597585F-F82D-48AE-9648-ED0B4F6FA067}.AppStore|Any CPU.ActiveCfg = Release|Any CPU
		{A597585F-F82D-48AE-9648-ED0B4F6FA067}.AppStore|Any CPU.Build.0 = Release|Any CPU
		{A597585F-F82D-48AE-9648-ED0B4F6FA067}.AppStore|iPhone.ActiveCfg = Release|Any CPU
		{A597585F-F82D-48AE-9648-ED0B4F6FA067}.AppStore|iPhoneSimulator.ActiveCfg = Release|Any CPU
		{A597585F-F82D-48AE-9648-ED0B4F6FA067}.AppStore|Mixed Platforms.ActiveCfg = Release|Any CPU
		{A597585F-F82D-48AE-9648-ED0B4F6FA067}.AppStore|Mixed Platforms.Build.0 = Release|Any CPU
		{A597585F-F82D-48AE-9648-ED0B4F6FA067}.Debug|Any CPU.ActiveCfg = Debug|Any CPU
		{A597585F-F82D-48AE-9648-ED0B4F6FA067}.Debug|Any CPU.Build.0 = Debug|Any CPU
		{A597585F-F82D-48AE-9648-ED0B4F6FA067}.Debug|iPhone.ActiveCfg = Debug|Any CPU
		{A597585F-F82D-48AE-9648-ED0B4F6FA067}.Debug|iPhoneSimulator.ActiveCfg = Debug|Any CPU
		{A597585F-F82D-48AE-9648-ED0B4F6FA067}.Debug|Mixed Platforms.ActiveCfg = Debug|Any CPU
		{A597585F-F82D-48AE-9648-ED0B4F6FA067}.Debug|Mixed Platforms.Build.0 = Debug|Any CPU
		{A597585F-F82D-48AE-9648-ED0B4F6FA067}.Perf|Any CPU.ActiveCfg = Release|Any CPU
		{A597585F-F82D-48AE-9648-ED0B4F6FA067}.Perf|Any CPU.Build.0 = Release|Any CPU
		{A597585F-F82D-48AE-9648-ED0B4F6FA067}.Perf|iPhone.ActiveCfg = Release|Any CPU
		{A597585F-F82D-48AE-9648-ED0B4F6FA067}.Perf|iPhoneSimulator.ActiveCfg = Release|Any CPU
		{A597585F-F82D-48AE-9648-ED0B4F6FA067}.Perf|Mixed Platforms.ActiveCfg = Release|Any CPU
		{A597585F-F82D-48AE-9648-ED0B4F6FA067}.Perf|Mixed Platforms.Build.0 = Release|Any CPU
		{A597585F-F82D-48AE-9648-ED0B4F6FA067}.Release|Any CPU.ActiveCfg = Release|Any CPU
		{A597585F-F82D-48AE-9648-ED0B4F6FA067}.Release|Any CPU.Build.0 = Release|Any CPU
		{A597585F-F82D-48AE-9648-ED0B4F6FA067}.Release|iPhone.ActiveCfg = Release|Any CPU
		{A597585F-F82D-48AE-9648-ED0B4F6FA067}.Release|iPhoneSimulator.ActiveCfg = Release|Any CPU
		{A597585F-F82D-48AE-9648-ED0B4F6FA067}.Release|Mixed Platforms.ActiveCfg = Release|Any CPU
		{A597585F-F82D-48AE-9648-ED0B4F6FA067}.Release|Mixed Platforms.Build.0 = Release|Any CPU
	EndGlobalSection
	GlobalSection(SolutionProperties) = preSolution
		HideSolutionNode = FALSE
	EndGlobalSection
	GlobalSection(NestedProjects) = preSolution
		{BE64B0A0-33D5-4CB0-A203-8F18266AD794} = {1E72140A-2208-43EF-990F-B363603A5AD4}
		{B261915A-C1DD-47B4-BABA-3ACCAFFA570B} = {1E72140A-2208-43EF-990F-B363603A5AD4}
		{3649021D-1C61-40B2-9F8D-5C8034169145} = {1E72140A-2208-43EF-990F-B363603A5AD4}
		{4E0099C8-5B9F-4C61-9C25-25A5FE3F1294} = {1E72140A-2208-43EF-990F-B363603A5AD4}
		{855EBE0C-FAAA-4D18-ADEC-8DA367FF3D09} = {1E72140A-2208-43EF-990F-B363603A5AD4}
		{05B927F2-4DE8-41A6-A7B0-77D60430E62E} = {1E72140A-2208-43EF-990F-B363603A5AD4}
		{DA748764-54DF-409A-AAB4-FF6FB10E879D} = {2766D949-12D8-4757-8E4D-FC2D6B4EBCE7}
		{2BD083D3-01C9-46CA-9E9D-72A29240DBF3} = {2766D949-12D8-4757-8E4D-FC2D6B4EBCE7}
		{9557151F-BE39-48CD-BEB9-21B91DA5E531} = {2766D949-12D8-4757-8E4D-FC2D6B4EBCE7}
		{E2BB2836-97A5-4F81-A11F-4CD9DEFB5657} = {2766D949-12D8-4757-8E4D-FC2D6B4EBCE7}
		{4DA21F68-9317-4FB1-AB31-686EC8615985} = {2766D949-12D8-4757-8E4D-FC2D6B4EBCE7}
		{3A4AFEAC-A4F7-44E6-9860-1E033F0254AE} = {2766D949-12D8-4757-8E4D-FC2D6B4EBCE7}
		{FD1CED96-0573-4115-9D7A-D5075A3FF768} = {2766D949-12D8-4757-8E4D-FC2D6B4EBCE7}
		{A3D5CC49-DD4A-4FD6-A165-7D5AF60CDD15} = {2766D949-12D8-4757-8E4D-FC2D6B4EBCE7}
		{C26430B5-E2AE-410E-924C-567D79E625DC} = {2EEE57B6-A26C-4498-BF9A-0616DFF45031}
		{5E9B9AB3-59E8-44FA-B3DC-5EE67800C462} = {2EEE57B6-A26C-4498-BF9A-0616DFF45031}
		{42D9E604-CECC-4798-B0A5-82278EB8BB6A} = {2766D949-12D8-4757-8E4D-FC2D6B4EBCE7}
		{CD0F4B22-8235-49B1-A144-462CB8FD4973} = {EF4367D4-0289-48EF-B713-16ACFD79BFFA}
		{A597585F-F82D-48AE-9648-ED0B4F6FA067} = {EF4367D4-0289-48EF-B713-16ACFD79BFFA}
	EndGlobalSection
	GlobalSection(ExtensibilityGlobals) = postSolution
		EnterpriseLibraryConfigurationToolBinariesPath = packages\Unity.2.1.505.0\lib\NET35;packages\Unity.2.1.505.2\lib\NET35
	EndGlobalSection
	GlobalSection(MonoDevelopProperties) = preSolution
		StartupItem = TestAgent\TestAgent.csproj
	EndGlobalSection
	GlobalSection(SubversionScc) = preSolution
		Manager = AnkhSVN - Subversion Support for Visual Studio
		Svn-Managed = True
	EndGlobalSection
	GlobalSection(NDepend) = preSolution
		Project = ".\SharpSnmpLib.ndproj"
	EndGlobalSection
EndGlobal
