
Microsoft Visual Studio Solution File, Format Version 12.00
# Visual Studio 15
VisualStudioVersion = 15.0.26730.8
MinimumVisualStudioVersion = 10.0.40219.1
Project("{FAE04EC0-301F-11D3-BF4B-00C04F79EFBC}") = "Tests", ".\Tests\CSharp\Tests.csproj", "{FCCBD857-8BE0-4378-82D3-86E8657FEAF2}"
EndProject
Project("{FAE04EC0-301F-11D3-BF4B-00C04F79EFBC}") = "BytesViewer", ".\Samples\CSharp\BytesViewer\BytesViewer.csproj", "{42D9E604-CECC-4798-B0A5-82278EB8BB6A}"
EndProject
Project("{FAE04EC0-301F-11D3-BF4B-00C04F79EFBC}") = "snmpbulkget", ".\Samples\CSharp\snmpbulkget\snmpbulkget.csproj", "{A3D5CC49-DD4A-4FD6-A165-7D5AF60CDD15}"
EndProject
Project("{FAE04EC0-301F-11D3-BF4B-00C04F79EFBC}") = "snmpd", ".\Samples\CSharp\snmpd\snmpd.csproj", "{DA58ECDA-DB5D-41D0-982A-7E17E8172354}"
EndProject
Project("{FAE04EC0-301F-11D3-BF4B-00C04F79EFBC}") = "snmpdiscover", ".\Samples\CSharp\snmpdiscover\snmpdiscover.csproj", "{FD1CED96-0573-4115-9D7A-D5075A3FF768}"
EndProject
Project("{FAE04EC0-301F-11D3-BF4B-00C04F79EFBC}") = "snmpget", ".\Samples\CSharp\snmpget\snmpget.csproj", "{3A4AFEAC-A4F7-44E6-9860-1E033F0254AE}"
EndProject
Project("{FAE04EC0-301F-11D3-BF4B-00C04F79EFBC}") = "snmpgetnext", ".\Samples\CSharp\snmpgetnext\snmpgetnext.csproj", "{4DA21F68-9317-4FB1-AB31-686EC8615985}"
EndProject
Project("{FAE04EC0-301F-11D3-BF4B-00C04F79EFBC}") = "snmpsendtrap", ".\Samples\CSharp\snmpsendtrap\snmpsendtrap.csproj", "{E2BB2836-97A5-4F81-A11F-4CD9DEFB5657}"
EndProject
Project("{FAE04EC0-301F-11D3-BF4B-00C04F79EFBC}") = "snmpset", ".\Samples\CSharp\snmpset\snmpset.csproj", "{9557151F-BE39-48CD-BEB9-21B91DA5E531}"
EndProject
Project("{FAE04EC0-301F-11D3-BF4B-00C04F79EFBC}") = "snmptrapd", ".\Samples\CSharp\snmptrapd\snmptrapd.csproj", "{2BD083D3-01C9-46CA-9E9D-72A29240DBF3}"
EndProject
Project("{FAE04EC0-301F-11D3-BF4B-00C04F79EFBC}") = "snmpwalk", ".\Samples\CSharp\snmpwalk\snmpwalk.csproj", "{DA748764-54DF-409A-AAB4-FF6FB10E879D}"
EndProject
Project("{2150E333-8FDC-42A3-9474-1A3956D46DE8}") = "Samples", "Samples", "{EE1118CD-0863-452D-A1A5-D0C0E1E54FB4}"
EndProject
Global
	GlobalSection(SolutionConfigurationPlatforms) = preSolution
		Debug|Any CPU = Debug|Any CPU
		Perf|Any CPU = Perf|Any CPU
		Release|Any CPU = Release|Any CPU
	EndGlobalSection
	GlobalSection(ProjectConfigurationPlatforms) = postSolution
		{FCCBD857-8BE0-4378-82D3-86E8657FEAF2}.Debug|Any CPU.ActiveCfg = Debug|Any CPU
		{FCCBD857-8BE0-4378-82D3-86E8657FEAF2}.Debug|Any CPU.Build.0 = Debug|Any CPU
		{FCCBD857-8BE0-4378-82D3-86E8657FEAF2}.Perf|Any CPU.ActiveCfg = Perf|Any CPU
		{FCCBD857-8BE0-4378-82D3-86E8657FEAF2}.Perf|Any CPU.Build.0 = Perf|Any CPU
		{FCCBD857-8BE0-4378-82D3-86E8657FEAF2}.Release|Any CPU.ActiveCfg = Release|Any CPU
		{FCCBD857-8BE0-4378-82D3-86E8657FEAF2}.Release|Any CPU.Build.0 = Release|Any CPU
		{42D9E604-CECC-4798-B0A5-82278EB8BB6A}.Debug|Any CPU.ActiveCfg = Debug|Any CPU
		{42D9E604-CECC-4798-B0A5-82278EB8BB6A}.Debug|Any CPU.Build.0 = Debug|Any CPU
		{42D9E604-CECC-4798-B0A5-82278EB8BB6A}.Perf|Any CPU.ActiveCfg = Release|Any CPU
		{42D9E604-CECC-4798-B0A5-82278EB8BB6A}.Perf|Any CPU.Build.0 = Release|Any CPU
		{42D9E604-CECC-4798-B0A5-82278EB8BB6A}.Release|Any CPU.ActiveCfg = Release|Any CPU
		{42D9E604-CECC-4798-B0A5-82278EB8BB6A}.Release|Any CPU.Build.0 = Release|Any CPU
		{A3D5CC49-DD4A-4FD6-A165-7D5AF60CDD15}.Debug|Any CPU.ActiveCfg = Debug|Any CPU
		{A3D5CC49-DD4A-4FD6-A165-7D5AF60CDD15}.Debug|Any CPU.Build.0 = Debug|Any CPU
		{A3D5CC49-DD4A-4FD6-A165-7D5AF60CDD15}.Perf|Any CPU.ActiveCfg = Release|Any CPU
		{A3D5CC49-DD4A-4FD6-A165-7D5AF60CDD15}.Perf|Any CPU.Build.0 = Release|Any CPU
		{A3D5CC49-DD4A-4FD6-A165-7D5AF60CDD15}.Release|Any CPU.ActiveCfg = Release|Any CPU
		{A3D5CC49-DD4A-4FD6-A165-7D5AF60CDD15}.Release|Any CPU.Build.0 = Release|Any CPU
		{DA58ECDA-DB5D-41D0-982A-7E17E8172354}.Debug|Any CPU.ActiveCfg = Debug|Any CPU
		{DA58ECDA-DB5D-41D0-982A-7E17E8172354}.Debug|Any CPU.Build.0 = Debug|Any CPU
		{DA58ECDA-DB5D-41D0-982A-7E17E8172354}.Perf|Any CPU.ActiveCfg = Release|Any CPU
		{DA58ECDA-DB5D-41D0-982A-7E17E8172354}.Perf|Any CPU.Build.0 = Release|Any CPU
		{DA58ECDA-DB5D-41D0-982A-7E17E8172354}.Release|Any CPU.ActiveCfg = Release|Any CPU
		{DA58ECDA-DB5D-41D0-982A-7E17E8172354}.Release|Any CPU.Build.0 = Release|Any CPU
		{FD1CED96-0573-4115-9D7A-D5075A3FF768}.Debug|Any CPU.ActiveCfg = Debug|Any CPU
		{FD1CED96-0573-4115-9D7A-D5075A3FF768}.Debug|Any CPU.Build.0 = Debug|Any CPU
		{FD1CED96-0573-4115-9D7A-D5075A3FF768}.Perf|Any CPU.ActiveCfg = Release|Any CPU
		{FD1CED96-0573-4115-9D7A-D5075A3FF768}.Perf|Any CPU.Build.0 = Release|Any CPU
		{FD1CED96-0573-4115-9D7A-D5075A3FF768}.Release|Any CPU.ActiveCfg = Release|Any CPU
		{FD1CED96-0573-4115-9D7A-D5075A3FF768}.Release|Any CPU.Build.0 = Release|Any CPU
		{3A4AFEAC-A4F7-44E6-9860-1E033F0254AE}.Debug|Any CPU.ActiveCfg = Debug|Any CPU
		{3A4AFEAC-A4F7-44E6-9860-1E033F0254AE}.Debug|Any CPU.Build.0 = Debug|Any CPU
		{3A4AFEAC-A4F7-44E6-9860-1E033F0254AE}.Perf|Any CPU.ActiveCfg = Release|Any CPU
		{3A4AFEAC-A4F7-44E6-9860-1E033F0254AE}.Perf|Any CPU.Build.0 = Release|Any CPU
		{3A4AFEAC-A4F7-44E6-9860-1E033F0254AE}.Release|Any CPU.ActiveCfg = Release|Any CPU
		{3A4AFEAC-A4F7-44E6-9860-1E033F0254AE}.Release|Any CPU.Build.0 = Release|Any CPU
		{4DA21F68-9317-4FB1-AB31-686EC8615985}.Debug|Any CPU.ActiveCfg = Debug|Any CPU
		{4DA21F68-9317-4FB1-AB31-686EC8615985}.Debug|Any CPU.Build.0 = Debug|Any CPU
		{4DA21F68-9317-4FB1-AB31-686EC8615985}.Perf|Any CPU.ActiveCfg = Release|Any CPU
		{4DA21F68-9317-4FB1-AB31-686EC8615985}.Perf|Any CPU.Build.0 = Release|Any CPU
		{4DA21F68-9317-4FB1-AB31-686EC8615985}.Release|Any CPU.ActiveCfg = Release|Any CPU
		{4DA21F68-9317-4FB1-AB31-686EC8615985}.Release|Any CPU.Build.0 = Release|Any CPU
		{E2BB2836-97A5-4F81-A11F-4CD9DEFB5657}.Debug|Any CPU.ActiveCfg = Debug|Any CPU
		{E2BB2836-97A5-4F81-A11F-4CD9DEFB5657}.Debug|Any CPU.Build.0 = Debug|Any CPU
		{E2BB2836-97A5-4F81-A11F-4CD9DEFB5657}.Perf|Any CPU.ActiveCfg = Release|Any CPU
		{E2BB2836-97A5-4F81-A11F-4CD9DEFB5657}.Perf|Any CPU.Build.0 = Release|Any CPU
		{E2BB2836-97A5-4F81-A11F-4CD9DEFB5657}.Release|Any CPU.ActiveCfg = Release|Any CPU
		{E2BB2836-97A5-4F81-A11F-4CD9DEFB5657}.Release|Any CPU.Build.0 = Release|Any CPU
		{9557151F-BE39-48CD-BEB9-21B91DA5E531}.Debug|Any CPU.ActiveCfg = Debug|Any CPU
		{9557151F-BE39-48CD-BEB9-21B91DA5E531}.Debug|Any CPU.Build.0 = Debug|Any CPU
		{9557151F-BE39-48CD-BEB9-21B91DA5E531}.Perf|Any CPU.ActiveCfg = Release|Any CPU
		{9557151F-BE39-48CD-BEB9-21B91DA5E531}.Perf|Any CPU.Build.0 = Release|Any CPU
		{9557151F-BE39-48CD-BEB9-21B91DA5E531}.Release|Any CPU.ActiveCfg = Release|Any CPU
		{9557151F-BE39-48CD-BEB9-21B91DA5E531}.Release|Any CPU.Build.0 = Release|Any CPU
		{2BD083D3-01C9-46CA-9E9D-72A29240DBF3}.Debug|Any CPU.ActiveCfg = Debug|Any CPU
		{2BD083D3-01C9-46CA-9E9D-72A29240DBF3}.Debug|Any CPU.Build.0 = Debug|Any CPU
		{2BD083D3-01C9-46CA-9E9D-72A29240DBF3}.Perf|Any CPU.ActiveCfg = Release|Any CPU
		{2BD083D3-01C9-46CA-9E9D-72A29240DBF3}.Perf|Any CPU.Build.0 = Release|Any CPU
		{2BD083D3-01C9-46CA-9E9D-72A29240DBF3}.Release|Any CPU.ActiveCfg = Release|Any CPU
		{2BD083D3-01C9-46CA-9E9D-72A29240DBF3}.Release|Any CPU.Build.0 = Release|Any CPU
		{DA748764-54DF-409A-AAB4-FF6FB10E879D}.Debug|Any CPU.ActiveCfg = Debug|Any CPU
		{DA748764-54DF-409A-AAB4-FF6FB10E879D}.Debug|Any CPU.Build.0 = Debug|Any CPU
		{DA748764-54DF-409A-AAB4-FF6FB10E879D}.Perf|Any CPU.ActiveCfg = Release|Any CPU
		{DA748764-54DF-409A-AAB4-FF6FB10E879D}.Perf|Any CPU.Build.0 = Release|Any CPU
		{DA748764-54DF-409A-AAB4-FF6FB10E879D}.Release|Any CPU.ActiveCfg = Release|Any CPU
		{DA748764-54DF-409A-AAB4-FF6FB10E879D}.Release|Any CPU.Build.0 = Release|Any CPU
	EndGlobalSection
	GlobalSection(SolutionProperties) = preSolution
		HideSolutionNode = FALSE
	EndGlobalSection
	GlobalSection(NestedProjects) = preSolution
		{42D9E604-CECC-4798-B0A5-82278EB8BB6A} = {EE1118CD-0863-452D-A1A5-D0C0E1E54FB4}
		{A3D5CC49-DD4A-4FD6-A165-7D5AF60CDD15} = {EE1118CD-0863-452D-A1A5-D0C0E1E54FB4}
		{DA58ECDA-DB5D-41D0-982A-7E17E8172354} = {EE1118CD-0863-452D-A1A5-D0C0E1E54FB4}
		{FD1CED96-0573-4115-9D7A-D5075A3FF768} = {EE1118CD-0863-452D-A1A5-D0C0E1E54FB4}
		{3A4AFEAC-A4F7-44E6-9860-1E033F0254AE} = {EE1118CD-0863-452D-A1A5-D0C0E1E54FB4}
		{4DA21F68-9317-4FB1-AB31-686EC8615985} = {EE1118CD-0863-452D-A1A5-D0C0E1E54FB4}
		{E2BB2836-97A5-4F81-A11F-4CD9DEFB5657} = {EE1118CD-0863-452D-A1A5-D0C0E1E54FB4}
		{9557151F-BE39-48CD-BEB9-21B91DA5E531} = {EE1118CD-0863-452D-A1A5-D0C0E1E54FB4}
		{2BD083D3-01C9-46CA-9E9D-72A29240DBF3} = {EE1118CD-0863-452D-A1A5-D0C0E1E54FB4}
		{DA748764-54DF-409A-AAB4-FF6FB10E879D} = {EE1118CD-0863-452D-A1A5-D0C0E1E54FB4}
	EndGlobalSection
	GlobalSection(ExtensibilityGlobals) = postSolution
		SolutionGuid = {2D08898F-F4E9-4CC7-A88B-30FEC76C80F6}
	EndGlobalSection
EndGlobal
