
Microsoft Visual Studio Solution File, Format Version 12.00
# Visual Studio 15
VisualStudioVersion = 15.0.26730.8
MinimumVisualStudioVersion = 10.0.40219.1
Project("{9A19103F-16F7-4668-BE54-9A1E7A4F7556}") = "SharpSnmpLib", "SharpSnmpLib\SharpSnmpLib.csproj", "{7BC38E05-9B86-4654-B81A-BF153EDAF9DB}"
EndProject
Project("{9A19103F-16F7-4668-BE54-9A1E7A4F7556}") = "Tests.NetStandard", "Tests\Tests.NetStandard.csproj", "{B09DE848-5D73-45AB-92FA-F7173A0E3736}"
EndProject
Project("{FAE04EC0-301F-11D3-BF4B-00C04F79EFBC}") = "BytesViewer", "Samples\CSharp\BytesViewer\BytesViewer.csproj", "{42D9E604-CECC-4798-B0A5-82278EB8BB6A}"
EndProject
Project("{2150E333-8FDC-42A3-9474-1A3956D46DE8}") = "Samples", "Samples", "{A3DBD79B-05AE-487F-8863-9C777479FD4D}"
EndProject
Project("{2150E333-8FDC-42A3-9474-1A3956D46DE8}") = "CSharp", "CSharp", "{37DA0316-6118-42ED-ABC4-B40403073071}"
EndProject
Project("{FAE04EC0-301F-11D3-BF4B-00C04F79EFBC}") = "snmpd", "snmpd\snmpd.csproj", "{DA58ECDA-DB5D-41D0-982A-7E17E8172354}"
EndProject
Project("{FAE04EC0-301F-11D3-BF4B-00C04F79EFBC}") = "SharpSnmpLib.Full", "SharpSnmpLib\SharpSnmpLib.Full.csproj", "{286DE6DB-8F95-4BD4-86A2-86488D2E0EE1}"
EndProject
Project("{2150E333-8FDC-42A3-9474-1A3956D46DE8}") = "Dependencies", "Dependencies", "{8EA65357-5DCC-4605-9BA2-39129FEFBA2E}"
EndProject
Project("{FAE04EC0-301F-11D3-BF4B-00C04F79EFBC}") = "RemObjects.Mono.Helpers", "RemObjects.Mono.Helpers\RemObjects.Mono.Helpers.csproj", "{5E9B9AB3-59E8-44FA-B3DC-5EE67800C462}"
EndProject
Project("{FAE04EC0-301F-11D3-BF4B-00C04F79EFBC}") = "SharpSnmpLib.iOS", "SharpSnmpLib\SharpSnmpLib.iOS.csproj", "{9607A1E5-DF21-4E89-9B0C-501898252BF4}"
EndProject
Project("{FAE04EC0-301F-11D3-BF4B-00C04F79EFBC}") = "SharpSnmpLib.Android", "SharpSnmpLib\SharpSnmpLib.Android.csproj", "{AC68D000-E001-43CE-86A2-CFE24624EF9C}"
EndProject
Project("{2150E333-8FDC-42A3-9474-1A3956D46DE8}") = "CSharpCore", "CSharpCore", "{955E70DC-8385-42FA-ACB2-12ACD8103BCE}"
EndProject
Project("{9A19103F-16F7-4668-BE54-9A1E7A4F7556}") = "snmpget", "Samples\CSharpCore\snmpget\snmpget.csproj", "{BFEAB4D8-77AB-471D-895E-B07B4E363FB5}"
EndProject
Project("{9A19103F-16F7-4668-BE54-9A1E7A4F7556}") = "snmpbulkget", "Samples\CSharpCore\snmpbulkget\snmpbulkget.csproj", "{46F90D17-24E8-4020-861F-219ED35A4010}"
EndProject
Project("{9A19103F-16F7-4668-BE54-9A1E7A4F7556}") = "snmpdiscover", "Samples\CSharpCore\snmpdiscover\snmpdiscover.csproj", "{C1DC7CC0-9A48-4D5F-83B3-975462F7132E}"
EndProject
Project("{9A19103F-16F7-4668-BE54-9A1E7A4F7556}") = "snmpgetnext", "Samples\CSharpCore\snmpgetnext\snmpgetnext.csproj", "{14BF4D10-A6C1-4495-8470-3200A3E09EF1}"
EndProject
Project("{9A19103F-16F7-4668-BE54-9A1E7A4F7556}") = "snmpsendtrap", "Samples\CSharpCore\snmpsendtrap\snmpsendtrap.csproj", "{A4D6ADF1-2AEE-4F2C-89AE-2B9AB34E25B4}"
EndProject
Project("{9A19103F-16F7-4668-BE54-9A1E7A4F7556}") = "snmpset", "Samples\CSharpCore\snmpset\snmpset.csproj", "{94F847EB-872D-450E-B1DC-1271A1997BE9}"
EndProject
Project("{9A19103F-16F7-4668-BE54-9A1E7A4F7556}") = "snmptrapd", "Samples\CSharpCore\snmptrapd\snmptrapd.csproj", "{F4DF289A-3E97-4D5A-A68F-DDF6D3DF72B0}"
EndProject
Project("{9A19103F-16F7-4668-BE54-9A1E7A4F7556}") = "snmpwalk", "Samples\CSharpCore\snmpwalk\snmpwalk.csproj", "{33A1E5C4-288B-4CE3-BC43-467AC3B6F721}"
EndProject
Project("{9A19103F-16F7-4668-BE54-9A1E7A4F7556}") = "snmpd", "Samples\CSharpCore\snmpd\snmpd.csproj", "{581564AB-1712-490F-AD47-1C682C433871}"
EndProject
Global
	GlobalSection(SolutionConfigurationPlatforms) = preSolution
		Debug|Any CPU = Debug|Any CPU
		Debug|x64 = Debug|x64
		Debug|x86 = Debug|x86
		Perf|Any CPU = Perf|Any CPU
		Perf|x64 = Perf|x64
		Perf|x86 = Perf|x86
		Release|Any CPU = Release|Any CPU
		Release|x64 = Release|x64
		Release|x86 = Release|x86
	EndGlobalSection
	GlobalSection(ProjectConfigurationPlatforms) = postSolution
		{7BC38E05-9B86-4654-B81A-BF153EDAF9DB}.Debug|Any CPU.ActiveCfg = Debug|Any CPU
		{7BC38E05-9B86-4654-B81A-BF153EDAF9DB}.Debug|Any CPU.Build.0 = Debug|Any CPU
		{7BC38E05-9B86-4654-B81A-BF153EDAF9DB}.Debug|x64.ActiveCfg = Debug|Any CPU
		{7BC38E05-9B86-4654-B81A-BF153EDAF9DB}.Debug|x64.Build.0 = Debug|Any CPU
		{7BC38E05-9B86-4654-B81A-BF153EDAF9DB}.Debug|x86.ActiveCfg = Debug|Any CPU
		{7BC38E05-9B86-4654-B81A-BF153EDAF9DB}.Debug|x86.Build.0 = Debug|Any CPU
		{7BC38E05-9B86-4654-B81A-BF153EDAF9DB}.Perf|Any CPU.ActiveCfg = Release|Any CPU
		{7BC38E05-9B86-4654-B81A-BF153EDAF9DB}.Perf|Any CPU.Build.0 = Release|Any CPU
		{7BC38E05-9B86-4654-B81A-BF153EDAF9DB}.Perf|x64.ActiveCfg = Release|Any CPU
		{7BC38E05-9B86-4654-B81A-BF153EDAF9DB}.Perf|x64.Build.0 = Release|Any CPU
		{7BC38E05-9B86-4654-B81A-BF153EDAF9DB}.Perf|x86.ActiveCfg = Release|Any CPU
		{7BC38E05-9B86-4654-B81A-BF153EDAF9DB}.Perf|x86.Build.0 = Release|Any CPU
		{7BC38E05-9B86-4654-B81A-BF153EDAF9DB}.Release|Any CPU.ActiveCfg = Release|Any CPU
		{7BC38E05-9B86-4654-B81A-BF153EDAF9DB}.Release|Any CPU.Build.0 = Release|Any CPU
		{7BC38E05-9B86-4654-B81A-BF153EDAF9DB}.Release|x64.ActiveCfg = Release|Any CPU
		{7BC38E05-9B86-4654-B81A-BF153EDAF9DB}.Release|x64.Build.0 = Release|Any CPU
		{7BC38E05-9B86-4654-B81A-BF153EDAF9DB}.Release|x86.ActiveCfg = Release|Any CPU
		{7BC38E05-9B86-4654-B81A-BF153EDAF9DB}.Release|x86.Build.0 = Release|Any CPU
		{B09DE848-5D73-45AB-92FA-F7173A0E3736}.Debug|Any CPU.ActiveCfg = Debug|Any CPU
		{B09DE848-5D73-45AB-92FA-F7173A0E3736}.Debug|Any CPU.Build.0 = Debug|Any CPU
		{B09DE848-5D73-45AB-92FA-F7173A0E3736}.Debug|x64.ActiveCfg = Debug|Any CPU
		{B09DE848-5D73-45AB-92FA-F7173A0E3736}.Debug|x64.Build.0 = Debug|Any CPU
		{B09DE848-5D73-45AB-92FA-F7173A0E3736}.Debug|x86.ActiveCfg = Debug|Any CPU
		{B09DE848-5D73-45AB-92FA-F7173A0E3736}.Debug|x86.Build.0 = Debug|Any CPU
		{B09DE848-5D73-45AB-92FA-F7173A0E3736}.Perf|Any CPU.ActiveCfg = Release|Any CPU
		{B09DE848-5D73-45AB-92FA-F7173A0E3736}.Perf|Any CPU.Build.0 = Release|Any CPU
		{B09DE848-5D73-45AB-92FA-F7173A0E3736}.Perf|x64.ActiveCfg = Release|Any CPU
		{B09DE848-5D73-45AB-92FA-F7173A0E3736}.Perf|x64.Build.0 = Release|Any CPU
		{B09DE848-5D73-45AB-92FA-F7173A0E3736}.Perf|x86.ActiveCfg = Release|Any CPU
		{B09DE848-5D73-45AB-92FA-F7173A0E3736}.Perf|x86.Build.0 = Release|Any CPU
		{B09DE848-5D73-45AB-92FA-F7173A0E3736}.Release|Any CPU.ActiveCfg = Release|Any CPU
		{B09DE848-5D73-45AB-92FA-F7173A0E3736}.Release|Any CPU.Build.0 = Release|Any CPU
		{B09DE848-5D73-45AB-92FA-F7173A0E3736}.Release|x64.ActiveCfg = Release|Any CPU
		{B09DE848-5D73-45AB-92FA-F7173A0E3736}.Release|x64.Build.0 = Release|Any CPU
		{B09DE848-5D73-45AB-92FA-F7173A0E3736}.Release|x86.ActiveCfg = Release|Any CPU
		{B09DE848-5D73-45AB-92FA-F7173A0E3736}.Release|x86.Build.0 = Release|Any CPU
		{42D9E604-CECC-4798-B0A5-82278EB8BB6A}.Debug|Any CPU.ActiveCfg = Debug|Any CPU
		{42D9E604-CECC-4798-B0A5-82278EB8BB6A}.Debug|Any CPU.Build.0 = Debug|Any CPU
		{42D9E604-CECC-4798-B0A5-82278EB8BB6A}.Debug|x64.ActiveCfg = Debug|Any CPU
		{42D9E604-CECC-4798-B0A5-82278EB8BB6A}.Debug|x64.Build.0 = Debug|Any CPU
		{42D9E604-CECC-4798-B0A5-82278EB8BB6A}.Debug|x86.ActiveCfg = Debug|Any CPU
		{42D9E604-CECC-4798-B0A5-82278EB8BB6A}.Debug|x86.Build.0 = Debug|Any CPU
		{42D9E604-CECC-4798-B0A5-82278EB8BB6A}.Perf|Any CPU.ActiveCfg = Release|Any CPU
		{42D9E604-CECC-4798-B0A5-82278EB8BB6A}.Perf|Any CPU.Build.0 = Release|Any CPU
		{42D9E604-CECC-4798-B0A5-82278EB8BB6A}.Perf|x64.ActiveCfg = Release|Any CPU
		{42D9E604-CECC-4798-B0A5-82278EB8BB6A}.Perf|x64.Build.0 = Release|Any CPU
		{42D9E604-CECC-4798-B0A5-82278EB8BB6A}.Perf|x86.ActiveCfg = Release|Any CPU
		{42D9E604-CECC-4798-B0A5-82278EB8BB6A}.Perf|x86.Build.0 = Release|Any CPU
		{42D9E604-CECC-4798-B0A5-82278EB8BB6A}.Release|Any CPU.ActiveCfg = Release|Any CPU
		{42D9E604-CECC-4798-B0A5-82278EB8BB6A}.Release|Any CPU.Build.0 = Release|Any CPU
		{42D9E604-CECC-4798-B0A5-82278EB8BB6A}.Release|x64.ActiveCfg = Release|Any CPU
		{42D9E604-CECC-4798-B0A5-82278EB8BB6A}.Release|x64.Build.0 = Release|Any CPU
		{42D9E604-CECC-4798-B0A5-82278EB8BB6A}.Release|x86.ActiveCfg = Release|Any CPU
		{42D9E604-CECC-4798-B0A5-82278EB8BB6A}.Release|x86.Build.0 = Release|Any CPU
		{DA58ECDA-DB5D-41D0-982A-7E17E8172354}.Debug|Any CPU.ActiveCfg = Debug|Any CPU
		{DA58ECDA-DB5D-41D0-982A-7E17E8172354}.Debug|Any CPU.Build.0 = Debug|Any CPU
		{DA58ECDA-DB5D-41D0-982A-7E17E8172354}.Debug|x64.ActiveCfg = Debug|Any CPU
		{DA58ECDA-DB5D-41D0-982A-7E17E8172354}.Debug|x64.Build.0 = Debug|Any CPU
		{DA58ECDA-DB5D-41D0-982A-7E17E8172354}.Debug|x86.ActiveCfg = Debug|Any CPU
		{DA58ECDA-DB5D-41D0-982A-7E17E8172354}.Debug|x86.Build.0 = Debug|Any CPU
		{DA58ECDA-DB5D-41D0-982A-7E17E8172354}.Perf|Any CPU.ActiveCfg = Release|Any CPU
		{DA58ECDA-DB5D-41D0-982A-7E17E8172354}.Perf|Any CPU.Build.0 = Release|Any CPU
		{DA58ECDA-DB5D-41D0-982A-7E17E8172354}.Perf|x64.ActiveCfg = Release|Any CPU
		{DA58ECDA-DB5D-41D0-982A-7E17E8172354}.Perf|x64.Build.0 = Release|Any CPU
		{DA58ECDA-DB5D-41D0-982A-7E17E8172354}.Perf|x86.ActiveCfg = Release|Any CPU
		{DA58ECDA-DB5D-41D0-982A-7E17E8172354}.Perf|x86.Build.0 = Release|Any CPU
		{DA58ECDA-DB5D-41D0-982A-7E17E8172354}.Release|Any CPU.ActiveCfg = Release|Any CPU
		{DA58ECDA-DB5D-41D0-982A-7E17E8172354}.Release|Any CPU.Build.0 = Release|Any CPU
		{DA58ECDA-DB5D-41D0-982A-7E17E8172354}.Release|x64.ActiveCfg = Release|Any CPU
		{DA58ECDA-DB5D-41D0-982A-7E17E8172354}.Release|x64.Build.0 = Release|Any CPU
		{DA58ECDA-DB5D-41D0-982A-7E17E8172354}.Release|x86.ActiveCfg = Release|Any CPU
		{DA58ECDA-DB5D-41D0-982A-7E17E8172354}.Release|x86.Build.0 = Release|Any CPU
		{286DE6DB-8F95-4BD4-86A2-86488D2E0EE1}.Debug|Any CPU.ActiveCfg = Debug|Any CPU
		{286DE6DB-8F95-4BD4-86A2-86488D2E0EE1}.Debug|Any CPU.Build.0 = Debug|Any CPU
		{286DE6DB-8F95-4BD4-86A2-86488D2E0EE1}.Debug|x64.ActiveCfg = Debug|Any CPU
		{286DE6DB-8F95-4BD4-86A2-86488D2E0EE1}.Debug|x64.Build.0 = Debug|Any CPU
		{286DE6DB-8F95-4BD4-86A2-86488D2E0EE1}.Debug|x86.ActiveCfg = Debug|Any CPU
		{286DE6DB-8F95-4BD4-86A2-86488D2E0EE1}.Debug|x86.Build.0 = Debug|Any CPU
		{286DE6DB-8F95-4BD4-86A2-86488D2E0EE1}.Perf|Any CPU.ActiveCfg = Perf|Any CPU
		{286DE6DB-8F95-4BD4-86A2-86488D2E0EE1}.Perf|Any CPU.Build.0 = Perf|Any CPU
		{286DE6DB-8F95-4BD4-86A2-86488D2E0EE1}.Perf|x64.ActiveCfg = Perf|Any CPU
		{286DE6DB-8F95-4BD4-86A2-86488D2E0EE1}.Perf|x64.Build.0 = Perf|Any CPU
		{286DE6DB-8F95-4BD4-86A2-86488D2E0EE1}.Perf|x86.ActiveCfg = Perf|Any CPU
		{286DE6DB-8F95-4BD4-86A2-86488D2E0EE1}.Perf|x86.Build.0 = Perf|Any CPU
		{286DE6DB-8F95-4BD4-86A2-86488D2E0EE1}.Release|Any CPU.ActiveCfg = Release|Any CPU
		{286DE6DB-8F95-4BD4-86A2-86488D2E0EE1}.Release|Any CPU.Build.0 = Release|Any CPU
		{286DE6DB-8F95-4BD4-86A2-86488D2E0EE1}.Release|x64.ActiveCfg = Release|Any CPU
		{286DE6DB-8F95-4BD4-86A2-86488D2E0EE1}.Release|x64.Build.0 = Release|Any CPU
		{286DE6DB-8F95-4BD4-86A2-86488D2E0EE1}.Release|x86.ActiveCfg = Release|Any CPU
		{286DE6DB-8F95-4BD4-86A2-86488D2E0EE1}.Release|x86.Build.0 = Release|Any CPU
		{5E9B9AB3-59E8-44FA-B3DC-5EE67800C462}.Debug|Any CPU.ActiveCfg = Debug|Any CPU
		{5E9B9AB3-59E8-44FA-B3DC-5EE67800C462}.Debug|Any CPU.Build.0 = Debug|Any CPU
		{5E9B9AB3-59E8-44FA-B3DC-5EE67800C462}.Debug|x64.ActiveCfg = Debug|Any CPU
		{5E9B9AB3-59E8-44FA-B3DC-5EE67800C462}.Debug|x64.Build.0 = Debug|Any CPU
		{5E9B9AB3-59E8-44FA-B3DC-5EE67800C462}.Debug|x86.ActiveCfg = Debug|Any CPU
		{5E9B9AB3-59E8-44FA-B3DC-5EE67800C462}.Debug|x86.Build.0 = Debug|Any CPU
		{5E9B9AB3-59E8-44FA-B3DC-5EE67800C462}.Perf|Any CPU.ActiveCfg = Perf|Any CPU
		{5E9B9AB3-59E8-44FA-B3DC-5EE67800C462}.Perf|Any CPU.Build.0 = Perf|Any CPU
		{5E9B9AB3-59E8-44FA-B3DC-5EE67800C462}.Perf|x64.ActiveCfg = Perf|Any CPU
		{5E9B9AB3-59E8-44FA-B3DC-5EE67800C462}.Perf|x64.Build.0 = Perf|Any CPU
		{5E9B9AB3-59E8-44FA-B3DC-5EE67800C462}.Perf|x86.ActiveCfg = Perf|Any CPU
		{5E9B9AB3-59E8-44FA-B3DC-5EE67800C462}.Perf|x86.Build.0 = Perf|Any CPU
		{5E9B9AB3-59E8-44FA-B3DC-5EE67800C462}.Release|Any CPU.ActiveCfg = Release|Any CPU
		{5E9B9AB3-59E8-44FA-B3DC-5EE67800C462}.Release|Any CPU.Build.0 = Release|Any CPU
		{5E9B9AB3-59E8-44FA-B3DC-5EE67800C462}.Release|x64.ActiveCfg = Release|Any CPU
		{5E9B9AB3-59E8-44FA-B3DC-5EE67800C462}.Release|x64.Build.0 = Release|Any CPU
		{5E9B9AB3-59E8-44FA-B3DC-5EE67800C462}.Release|x86.ActiveCfg = Release|Any CPU
		{5E9B9AB3-59E8-44FA-B3DC-5EE67800C462}.Release|x86.Build.0 = Release|Any CPU
		{9607A1E5-DF21-4E89-9B0C-501898252BF4}.Debug|Any CPU.ActiveCfg = Debug|Any CPU
		{9607A1E5-DF21-4E89-9B0C-501898252BF4}.Debug|Any CPU.Build.0 = Debug|Any CPU
		{9607A1E5-DF21-4E89-9B0C-501898252BF4}.Debug|x64.ActiveCfg = Debug|Any CPU
		{9607A1E5-DF21-4E89-9B0C-501898252BF4}.Debug|x64.Build.0 = Debug|Any CPU
		{9607A1E5-DF21-4E89-9B0C-501898252BF4}.Debug|x86.ActiveCfg = Debug|Any CPU
		{9607A1E5-DF21-4E89-9B0C-501898252BF4}.Debug|x86.Build.0 = Debug|Any CPU
		{9607A1E5-DF21-4E89-9B0C-501898252BF4}.Perf|Any CPU.ActiveCfg = Release|Any CPU
		{9607A1E5-DF21-4E89-9B0C-501898252BF4}.Perf|Any CPU.Build.0 = Release|Any CPU
		{9607A1E5-DF21-4E89-9B0C-501898252BF4}.Perf|x64.ActiveCfg = Release|Any CPU
		{9607A1E5-DF21-4E89-9B0C-501898252BF4}.Perf|x64.Build.0 = Release|Any CPU
		{9607A1E5-DF21-4E89-9B0C-501898252BF4}.Perf|x86.ActiveCfg = Release|Any CPU
		{9607A1E5-DF21-4E89-9B0C-501898252BF4}.Perf|x86.Build.0 = Release|Any CPU
		{9607A1E5-DF21-4E89-9B0C-501898252BF4}.Release|Any CPU.ActiveCfg = Release|Any CPU
		{9607A1E5-DF21-4E89-9B0C-501898252BF4}.Release|Any CPU.Build.0 = Release|Any CPU
		{9607A1E5-DF21-4E89-9B0C-501898252BF4}.Release|x64.ActiveCfg = Release|Any CPU
		{9607A1E5-DF21-4E89-9B0C-501898252BF4}.Release|x64.Build.0 = Release|Any CPU
		{9607A1E5-DF21-4E89-9B0C-501898252BF4}.Release|x86.ActiveCfg = Release|Any CPU
		{9607A1E5-DF21-4E89-9B0C-501898252BF4}.Release|x86.Build.0 = Release|Any CPU
		{AC68D000-E001-43CE-86A2-CFE24624EF9C}.Debug|Any CPU.ActiveCfg = Debug|Any CPU
		{AC68D000-E001-43CE-86A2-CFE24624EF9C}.Debug|Any CPU.Build.0 = Debug|Any CPU
		{AC68D000-E001-43CE-86A2-CFE24624EF9C}.Debug|x64.ActiveCfg = Debug|Any CPU
		{AC68D000-E001-43CE-86A2-CFE24624EF9C}.Debug|x64.Build.0 = Debug|Any CPU
		{AC68D000-E001-43CE-86A2-CFE24624EF9C}.Debug|x86.ActiveCfg = Debug|Any CPU
		{AC68D000-E001-43CE-86A2-CFE24624EF9C}.Debug|x86.Build.0 = Debug|Any CPU
		{AC68D000-E001-43CE-86A2-CFE24624EF9C}.Perf|Any CPU.ActiveCfg = Release|Any CPU
		{AC68D000-E001-43CE-86A2-CFE24624EF9C}.Perf|Any CPU.Build.0 = Release|Any CPU
		{AC68D000-E001-43CE-86A2-CFE24624EF9C}.Perf|x64.ActiveCfg = Release|Any CPU
		{AC68D000-E001-43CE-86A2-CFE24624EF9C}.Perf|x64.Build.0 = Release|Any CPU
		{AC68D000-E001-43CE-86A2-CFE24624EF9C}.Perf|x86.ActiveCfg = Release|Any CPU
		{AC68D000-E001-43CE-86A2-CFE24624EF9C}.Perf|x86.Build.0 = Release|Any CPU
		{AC68D000-E001-43CE-86A2-CFE24624EF9C}.Release|Any CPU.ActiveCfg = Release|Any CPU
		{AC68D000-E001-43CE-86A2-CFE24624EF9C}.Release|Any CPU.Build.0 = Release|Any CPU
		{AC68D000-E001-43CE-86A2-CFE24624EF9C}.Release|x64.ActiveCfg = Release|Any CPU
		{AC68D000-E001-43CE-86A2-CFE24624EF9C}.Release|x64.Build.0 = Release|Any CPU
		{AC68D000-E001-43CE-86A2-CFE24624EF9C}.Release|x86.ActiveCfg = Release|Any CPU
		{AC68D000-E001-43CE-86A2-CFE24624EF9C}.Release|x86.Build.0 = Release|Any CPU
		{BFEAB4D8-77AB-471D-895E-B07B4E363FB5}.Debug|Any CPU.ActiveCfg = Debug|Any CPU
		{BFEAB4D8-77AB-471D-895E-B07B4E363FB5}.Debug|Any CPU.Build.0 = Debug|Any CPU
		{BFEAB4D8-77AB-471D-895E-B07B4E363FB5}.Debug|x64.ActiveCfg = Debug|Any CPU
		{BFEAB4D8-77AB-471D-895E-B07B4E363FB5}.Debug|x64.Build.0 = Debug|Any CPU
		{BFEAB4D8-77AB-471D-895E-B07B4E363FB5}.Debug|x86.ActiveCfg = Debug|Any CPU
		{BFEAB4D8-77AB-471D-895E-B07B4E363FB5}.Debug|x86.Build.0 = Debug|Any CPU
		{BFEAB4D8-77AB-471D-895E-B07B4E363FB5}.Perf|Any CPU.ActiveCfg = Release|Any CPU
		{BFEAB4D8-77AB-471D-895E-B07B4E363FB5}.Perf|Any CPU.Build.0 = Release|Any CPU
		{BFEAB4D8-77AB-471D-895E-B07B4E363FB5}.Perf|x64.ActiveCfg = Release|Any CPU
		{BFEAB4D8-77AB-471D-895E-B07B4E363FB5}.Perf|x64.Build.0 = Release|Any CPU
		{BFEAB4D8-77AB-471D-895E-B07B4E363FB5}.Perf|x86.ActiveCfg = Release|Any CPU
		{BFEAB4D8-77AB-471D-895E-B07B4E363FB5}.Perf|x86.Build.0 = Release|Any CPU
		{BFEAB4D8-77AB-471D-895E-B07B4E363FB5}.Release|Any CPU.ActiveCfg = Release|Any CPU
		{BFEAB4D8-77AB-471D-895E-B07B4E363FB5}.Release|Any CPU.Build.0 = Release|Any CPU
		{BFEAB4D8-77AB-471D-895E-B07B4E363FB5}.Release|x64.ActiveCfg = Release|Any CPU
		{BFEAB4D8-77AB-471D-895E-B07B4E363FB5}.Release|x64.Build.0 = Release|Any CPU
		{BFEAB4D8-77AB-471D-895E-B07B4E363FB5}.Release|x86.ActiveCfg = Release|Any CPU
		{BFEAB4D8-77AB-471D-895E-B07B4E363FB5}.Release|x86.Build.0 = Release|Any CPU
		{46F90D17-24E8-4020-861F-219ED35A4010}.Debug|Any CPU.ActiveCfg = Debug|Any CPU
		{46F90D17-24E8-4020-861F-219ED35A4010}.Debug|Any CPU.Build.0 = Debug|Any CPU
		{46F90D17-24E8-4020-861F-219ED35A4010}.Debug|x64.ActiveCfg = Debug|Any CPU
		{46F90D17-24E8-4020-861F-219ED35A4010}.Debug|x64.Build.0 = Debug|Any CPU
		{46F90D17-24E8-4020-861F-219ED35A4010}.Debug|x86.ActiveCfg = Debug|Any CPU
		{46F90D17-24E8-4020-861F-219ED35A4010}.Debug|x86.Build.0 = Debug|Any CPU
		{46F90D17-24E8-4020-861F-219ED35A4010}.Perf|Any CPU.ActiveCfg = Debug|Any CPU
		{46F90D17-24E8-4020-861F-219ED35A4010}.Perf|Any CPU.Build.0 = Debug|Any CPU
		{46F90D17-24E8-4020-861F-219ED35A4010}.Perf|x64.ActiveCfg = Debug|Any CPU
		{46F90D17-24E8-4020-861F-219ED35A4010}.Perf|x64.Build.0 = Debug|Any CPU
		{46F90D17-24E8-4020-861F-219ED35A4010}.Perf|x86.ActiveCfg = Debug|Any CPU
		{46F90D17-24E8-4020-861F-219ED35A4010}.Perf|x86.Build.0 = Debug|Any CPU
		{46F90D17-24E8-4020-861F-219ED35A4010}.Release|Any CPU.ActiveCfg = Release|Any CPU
		{46F90D17-24E8-4020-861F-219ED35A4010}.Release|Any CPU.Build.0 = Release|Any CPU
		{46F90D17-24E8-4020-861F-219ED35A4010}.Release|x64.ActiveCfg = Release|Any CPU
		{46F90D17-24E8-4020-861F-219ED35A4010}.Release|x64.Build.0 = Release|Any CPU
		{46F90D17-24E8-4020-861F-219ED35A4010}.Release|x86.ActiveCfg = Release|Any CPU
		{46F90D17-24E8-4020-861F-219ED35A4010}.Release|x86.Build.0 = Release|Any CPU
		{C1DC7CC0-9A48-4D5F-83B3-975462F7132E}.Debug|Any CPU.ActiveCfg = Debug|Any CPU
		{C1DC7CC0-9A48-4D5F-83B3-975462F7132E}.Debug|Any CPU.Build.0 = Debug|Any CPU
		{C1DC7CC0-9A48-4D5F-83B3-975462F7132E}.Debug|x64.ActiveCfg = Debug|Any CPU
		{C1DC7CC0-9A48-4D5F-83B3-975462F7132E}.Debug|x64.Build.0 = Debug|Any CPU
		{C1DC7CC0-9A48-4D5F-83B3-975462F7132E}.Debug|x86.ActiveCfg = Debug|Any CPU
		{C1DC7CC0-9A48-4D5F-83B3-975462F7132E}.Debug|x86.Build.0 = Debug|Any CPU
		{C1DC7CC0-9A48-4D5F-83B3-975462F7132E}.Perf|Any CPU.ActiveCfg = Debug|Any CPU
		{C1DC7CC0-9A48-4D5F-83B3-975462F7132E}.Perf|Any CPU.Build.0 = Debug|Any CPU
		{C1DC7CC0-9A48-4D5F-83B3-975462F7132E}.Perf|x64.ActiveCfg = Debug|Any CPU
		{C1DC7CC0-9A48-4D5F-83B3-975462F7132E}.Perf|x64.Build.0 = Debug|Any CPU
		{C1DC7CC0-9A48-4D5F-83B3-975462F7132E}.Perf|x86.ActiveCfg = Debug|Any CPU
		{C1DC7CC0-9A48-4D5F-83B3-975462F7132E}.Perf|x86.Build.0 = Debug|Any CPU
		{C1DC7CC0-9A48-4D5F-83B3-975462F7132E}.Release|Any CPU.ActiveCfg = Release|Any CPU
		{C1DC7CC0-9A48-4D5F-83B3-975462F7132E}.Release|Any CPU.Build.0 = Release|Any CPU
		{C1DC7CC0-9A48-4D5F-83B3-975462F7132E}.Release|x64.ActiveCfg = Release|Any CPU
		{C1DC7CC0-9A48-4D5F-83B3-975462F7132E}.Release|x64.Build.0 = Release|Any CPU
		{C1DC7CC0-9A48-4D5F-83B3-975462F7132E}.Release|x86.ActiveCfg = Release|Any CPU
		{C1DC7CC0-9A48-4D5F-83B3-975462F7132E}.Release|x86.Build.0 = Release|Any CPU
		{14BF4D10-A6C1-4495-8470-3200A3E09EF1}.Debug|Any CPU.ActiveCfg = Debug|Any CPU
		{14BF4D10-A6C1-4495-8470-3200A3E09EF1}.Debug|Any CPU.Build.0 = Debug|Any CPU
		{14BF4D10-A6C1-4495-8470-3200A3E09EF1}.Debug|x64.ActiveCfg = Debug|Any CPU
		{14BF4D10-A6C1-4495-8470-3200A3E09EF1}.Debug|x64.Build.0 = Debug|Any CPU
		{14BF4D10-A6C1-4495-8470-3200A3E09EF1}.Debug|x86.ActiveCfg = Debug|Any CPU
		{14BF4D10-A6C1-4495-8470-3200A3E09EF1}.Debug|x86.Build.0 = Debug|Any CPU
		{14BF4D10-A6C1-4495-8470-3200A3E09EF1}.Perf|Any CPU.ActiveCfg = Debug|Any CPU
		{14BF4D10-A6C1-4495-8470-3200A3E09EF1}.Perf|Any CPU.Build.0 = Debug|Any CPU
		{14BF4D10-A6C1-4495-8470-3200A3E09EF1}.Perf|x64.ActiveCfg = Debug|Any CPU
		{14BF4D10-A6C1-4495-8470-3200A3E09EF1}.Perf|x64.Build.0 = Debug|Any CPU
		{14BF4D10-A6C1-4495-8470-3200A3E09EF1}.Perf|x86.ActiveCfg = Debug|Any CPU
		{14BF4D10-A6C1-4495-8470-3200A3E09EF1}.Perf|x86.Build.0 = Debug|Any CPU
		{14BF4D10-A6C1-4495-8470-3200A3E09EF1}.Release|Any CPU.ActiveCfg = Release|Any CPU
		{14BF4D10-A6C1-4495-8470-3200A3E09EF1}.Release|Any CPU.Build.0 = Release|Any CPU
		{14BF4D10-A6C1-4495-8470-3200A3E09EF1}.Release|x64.ActiveCfg = Release|Any CPU
		{14BF4D10-A6C1-4495-8470-3200A3E09EF1}.Release|x64.Build.0 = Release|Any CPU
		{14BF4D10-A6C1-4495-8470-3200A3E09EF1}.Release|x86.ActiveCfg = Release|Any CPU
		{14BF4D10-A6C1-4495-8470-3200A3E09EF1}.Release|x86.Build.0 = Release|Any CPU
		{A4D6ADF1-2AEE-4F2C-89AE-2B9AB34E25B4}.Debug|Any CPU.ActiveCfg = Debug|Any CPU
		{A4D6ADF1-2AEE-4F2C-89AE-2B9AB34E25B4}.Debug|Any CPU.Build.0 = Debug|Any CPU
		{A4D6ADF1-2AEE-4F2C-89AE-2B9AB34E25B4}.Debug|x64.ActiveCfg = Debug|Any CPU
		{A4D6ADF1-2AEE-4F2C-89AE-2B9AB34E25B4}.Debug|x64.Build.0 = Debug|Any CPU
		{A4D6ADF1-2AEE-4F2C-89AE-2B9AB34E25B4}.Debug|x86.ActiveCfg = Debug|Any CPU
		{A4D6ADF1-2AEE-4F2C-89AE-2B9AB34E25B4}.Debug|x86.Build.0 = Debug|Any CPU
		{A4D6ADF1-2AEE-4F2C-89AE-2B9AB34E25B4}.Perf|Any CPU.ActiveCfg = Debug|Any CPU
		{A4D6ADF1-2AEE-4F2C-89AE-2B9AB34E25B4}.Perf|Any CPU.Build.0 = Debug|Any CPU
		{A4D6ADF1-2AEE-4F2C-89AE-2B9AB34E25B4}.Perf|x64.ActiveCfg = Debug|Any CPU
		{A4D6ADF1-2AEE-4F2C-89AE-2B9AB34E25B4}.Perf|x64.Build.0 = Debug|Any CPU
		{A4D6ADF1-2AEE-4F2C-89AE-2B9AB34E25B4}.Perf|x86.ActiveCfg = Debug|Any CPU
		{A4D6ADF1-2AEE-4F2C-89AE-2B9AB34E25B4}.Perf|x86.Build.0 = Debug|Any CPU
		{A4D6ADF1-2AEE-4F2C-89AE-2B9AB34E25B4}.Release|Any CPU.ActiveCfg = Release|Any CPU
		{A4D6ADF1-2AEE-4F2C-89AE-2B9AB34E25B4}.Release|Any CPU.Build.0 = Release|Any CPU
		{A4D6ADF1-2AEE-4F2C-89AE-2B9AB34E25B4}.Release|x64.ActiveCfg = Release|Any CPU
		{A4D6ADF1-2AEE-4F2C-89AE-2B9AB34E25B4}.Release|x64.Build.0 = Release|Any CPU
		{A4D6ADF1-2AEE-4F2C-89AE-2B9AB34E25B4}.Release|x86.ActiveCfg = Release|Any CPU
		{A4D6ADF1-2AEE-4F2C-89AE-2B9AB34E25B4}.Release|x86.Build.0 = Release|Any CPU
		{94F847EB-872D-450E-B1DC-1271A1997BE9}.Debug|Any CPU.ActiveCfg = Debug|Any CPU
		{94F847EB-872D-450E-B1DC-1271A1997BE9}.Debug|Any CPU.Build.0 = Debug|Any CPU
		{94F847EB-872D-450E-B1DC-1271A1997BE9}.Debug|x64.ActiveCfg = Debug|Any CPU
		{94F847EB-872D-450E-B1DC-1271A1997BE9}.Debug|x64.Build.0 = Debug|Any CPU
		{94F847EB-872D-450E-B1DC-1271A1997BE9}.Debug|x86.ActiveCfg = Debug|Any CPU
		{94F847EB-872D-450E-B1DC-1271A1997BE9}.Debug|x86.Build.0 = Debug|Any CPU
		{94F847EB-872D-450E-B1DC-1271A1997BE9}.Perf|Any CPU.ActiveCfg = Debug|Any CPU
		{94F847EB-872D-450E-B1DC-1271A1997BE9}.Perf|Any CPU.Build.0 = Debug|Any CPU
		{94F847EB-872D-450E-B1DC-1271A1997BE9}.Perf|x64.ActiveCfg = Debug|Any CPU
		{94F847EB-872D-450E-B1DC-1271A1997BE9}.Perf|x64.Build.0 = Debug|Any CPU
		{94F847EB-872D-450E-B1DC-1271A1997BE9}.Perf|x86.ActiveCfg = Debug|Any CPU
		{94F847EB-872D-450E-B1DC-1271A1997BE9}.Perf|x86.Build.0 = Debug|Any CPU
		{94F847EB-872D-450E-B1DC-1271A1997BE9}.Release|Any CPU.ActiveCfg = Release|Any CPU
		{94F847EB-872D-450E-B1DC-1271A1997BE9}.Release|Any CPU.Build.0 = Release|Any CPU
		{94F847EB-872D-450E-B1DC-1271A1997BE9}.Release|x64.ActiveCfg = Release|Any CPU
		{94F847EB-872D-450E-B1DC-1271A1997BE9}.Release|x64.Build.0 = Release|Any CPU
		{94F847EB-872D-450E-B1DC-1271A1997BE9}.Release|x86.ActiveCfg = Release|Any CPU
		{94F847EB-872D-450E-B1DC-1271A1997BE9}.Release|x86.Build.0 = Release|Any CPU
		{F4DF289A-3E97-4D5A-A68F-DDF6D3DF72B0}.Debug|Any CPU.ActiveCfg = Debug|Any CPU
		{F4DF289A-3E97-4D5A-A68F-DDF6D3DF72B0}.Debug|Any CPU.Build.0 = Debug|Any CPU
		{F4DF289A-3E97-4D5A-A68F-DDF6D3DF72B0}.Debug|x64.ActiveCfg = Debug|Any CPU
		{F4DF289A-3E97-4D5A-A68F-DDF6D3DF72B0}.Debug|x64.Build.0 = Debug|Any CPU
		{F4DF289A-3E97-4D5A-A68F-DDF6D3DF72B0}.Debug|x86.ActiveCfg = Debug|Any CPU
		{F4DF289A-3E97-4D5A-A68F-DDF6D3DF72B0}.Debug|x86.Build.0 = Debug|Any CPU
		{F4DF289A-3E97-4D5A-A68F-DDF6D3DF72B0}.Perf|Any CPU.ActiveCfg = Debug|Any CPU
		{F4DF289A-3E97-4D5A-A68F-DDF6D3DF72B0}.Perf|Any CPU.Build.0 = Debug|Any CPU
		{F4DF289A-3E97-4D5A-A68F-DDF6D3DF72B0}.Perf|x64.ActiveCfg = Debug|Any CPU
		{F4DF289A-3E97-4D5A-A68F-DDF6D3DF72B0}.Perf|x64.Build.0 = Debug|Any CPU
		{F4DF289A-3E97-4D5A-A68F-DDF6D3DF72B0}.Perf|x86.ActiveCfg = Debug|Any CPU
		{F4DF289A-3E97-4D5A-A68F-DDF6D3DF72B0}.Perf|x86.Build.0 = Debug|Any CPU
		{F4DF289A-3E97-4D5A-A68F-DDF6D3DF72B0}.Release|Any CPU.ActiveCfg = Release|Any CPU
		{F4DF289A-3E97-4D5A-A68F-DDF6D3DF72B0}.Release|Any CPU.Build.0 = Release|Any CPU
		{F4DF289A-3E97-4D5A-A68F-DDF6D3DF72B0}.Release|x64.ActiveCfg = Release|Any CPU
		{F4DF289A-3E97-4D5A-A68F-DDF6D3DF72B0}.Release|x64.Build.0 = Release|Any CPU
		{F4DF289A-3E97-4D5A-A68F-DDF6D3DF72B0}.Release|x86.ActiveCfg = Release|Any CPU
		{F4DF289A-3E97-4D5A-A68F-DDF6D3DF72B0}.Release|x86.Build.0 = Release|Any CPU
		{33A1E5C4-288B-4CE3-BC43-467AC3B6F721}.Debug|Any CPU.ActiveCfg = Debug|Any CPU
		{33A1E5C4-288B-4CE3-BC43-467AC3B6F721}.Debug|Any CPU.Build.0 = Debug|Any CPU
		{33A1E5C4-288B-4CE3-BC43-467AC3B6F721}.Debug|x64.ActiveCfg = Debug|Any CPU
		{33A1E5C4-288B-4CE3-BC43-467AC3B6F721}.Debug|x64.Build.0 = Debug|Any CPU
		{33A1E5C4-288B-4CE3-BC43-467AC3B6F721}.Debug|x86.ActiveCfg = Debug|Any CPU
		{33A1E5C4-288B-4CE3-BC43-467AC3B6F721}.Debug|x86.Build.0 = Debug|Any CPU
		{33A1E5C4-288B-4CE3-BC43-467AC3B6F721}.Perf|Any CPU.ActiveCfg = Debug|Any CPU
		{33A1E5C4-288B-4CE3-BC43-467AC3B6F721}.Perf|Any CPU.Build.0 = Debug|Any CPU
		{33A1E5C4-288B-4CE3-BC43-467AC3B6F721}.Perf|x64.ActiveCfg = Debug|Any CPU
		{33A1E5C4-288B-4CE3-BC43-467AC3B6F721}.Perf|x64.Build.0 = Debug|Any CPU
		{33A1E5C4-288B-4CE3-BC43-467AC3B6F721}.Perf|x86.ActiveCfg = Debug|Any CPU
		{33A1E5C4-288B-4CE3-BC43-467AC3B6F721}.Perf|x86.Build.0 = Debug|Any CPU
		{33A1E5C4-288B-4CE3-BC43-467AC3B6F721}.Release|Any CPU.ActiveCfg = Release|Any CPU
		{33A1E5C4-288B-4CE3-BC43-467AC3B6F721}.Release|Any CPU.Build.0 = Release|Any CPU
		{33A1E5C4-288B-4CE3-BC43-467AC3B6F721}.Release|x64.ActiveCfg = Release|Any CPU
		{33A1E5C4-288B-4CE3-BC43-467AC3B6F721}.Release|x64.Build.0 = Release|Any CPU
		{33A1E5C4-288B-4CE3-BC43-467AC3B6F721}.Release|x86.ActiveCfg = Release|Any CPU
		{33A1E5C4-288B-4CE3-BC43-467AC3B6F721}.Release|x86.Build.0 = Release|Any CPU
		{581564AB-1712-490F-AD47-1C682C433871}.Debug|Any CPU.ActiveCfg = Debug|Any CPU
		{581564AB-1712-490F-AD47-1C682C433871}.Debug|Any CPU.Build.0 = Debug|Any CPU
		{581564AB-1712-490F-AD47-1C682C433871}.Debug|x64.ActiveCfg = Debug|Any CPU
		{581564AB-1712-490F-AD47-1C682C433871}.Debug|x64.Build.0 = Debug|Any CPU
		{581564AB-1712-490F-AD47-1C682C433871}.Debug|x86.ActiveCfg = Debug|Any CPU
		{581564AB-1712-490F-AD47-1C682C433871}.Debug|x86.Build.0 = Debug|Any CPU
		{581564AB-1712-490F-AD47-1C682C433871}.Perf|Any CPU.ActiveCfg = Debug|Any CPU
		{581564AB-1712-490F-AD47-1C682C433871}.Perf|Any CPU.Build.0 = Debug|Any CPU
		{581564AB-1712-490F-AD47-1C682C433871}.Perf|x64.ActiveCfg = Debug|Any CPU
		{581564AB-1712-490F-AD47-1C682C433871}.Perf|x64.Build.0 = Debug|Any CPU
		{581564AB-1712-490F-AD47-1C682C433871}.Perf|x86.ActiveCfg = Debug|Any CPU
		{581564AB-1712-490F-AD47-1C682C433871}.Perf|x86.Build.0 = Debug|Any CPU
		{581564AB-1712-490F-AD47-1C682C433871}.Release|Any CPU.ActiveCfg = Release|Any CPU
		{581564AB-1712-490F-AD47-1C682C433871}.Release|Any CPU.Build.0 = Release|Any CPU
		{581564AB-1712-490F-AD47-1C682C433871}.Release|x64.ActiveCfg = Release|Any CPU
		{581564AB-1712-490F-AD47-1C682C433871}.Release|x64.Build.0 = Release|Any CPU
		{581564AB-1712-490F-AD47-1C682C433871}.Release|x86.ActiveCfg = Release|Any CPU
		{581564AB-1712-490F-AD47-1C682C433871}.Release|x86.Build.0 = Release|Any CPU
	EndGlobalSection
	GlobalSection(SolutionProperties) = preSolution
		HideSolutionNode = FALSE
	EndGlobalSection
	GlobalSection(NestedProjects) = preSolution
		{42D9E604-CECC-4798-B0A5-82278EB8BB6A} = {37DA0316-6118-42ED-ABC4-B40403073071}
		{37DA0316-6118-42ED-ABC4-B40403073071} = {A3DBD79B-05AE-487F-8863-9C777479FD4D}
		{5E9B9AB3-59E8-44FA-B3DC-5EE67800C462} = {8EA65357-5DCC-4605-9BA2-39129FEFBA2E}
		{955E70DC-8385-42FA-ACB2-12ACD8103BCE} = {A3DBD79B-05AE-487F-8863-9C777479FD4D}
		{BFEAB4D8-77AB-471D-895E-B07B4E363FB5} = {955E70DC-8385-42FA-ACB2-12ACD8103BCE}
		{46F90D17-24E8-4020-861F-219ED35A4010} = {955E70DC-8385-42FA-ACB2-12ACD8103BCE}
		{C1DC7CC0-9A48-4D5F-83B3-975462F7132E} = {955E70DC-8385-42FA-ACB2-12ACD8103BCE}
		{14BF4D10-A6C1-4495-8470-3200A3E09EF1} = {955E70DC-8385-42FA-ACB2-12ACD8103BCE}
		{A4D6ADF1-2AEE-4F2C-89AE-2B9AB34E25B4} = {955E70DC-8385-42FA-ACB2-12ACD8103BCE}
		{94F847EB-872D-450E-B1DC-1271A1997BE9} = {955E70DC-8385-42FA-ACB2-12ACD8103BCE}
		{F4DF289A-3E97-4D5A-A68F-DDF6D3DF72B0} = {955E70DC-8385-42FA-ACB2-12ACD8103BCE}
		{33A1E5C4-288B-4CE3-BC43-467AC3B6F721} = {955E70DC-8385-42FA-ACB2-12ACD8103BCE}
		{581564AB-1712-490F-AD47-1C682C433871} = {955E70DC-8385-42FA-ACB2-12ACD8103BCE}
	EndGlobalSection
	GlobalSection(ExtensibilityGlobals) = postSolution
		SolutionGuid = {0094FD09-7C1B-4C43-887D-0641B421D4C6}
	EndGlobalSection
EndGlobal
