
Microsoft Visual Studio Solution File, Format Version 10.00
# Visual C# Express 2008
Project("{FAE04EC0-301F-11D3-BF4B-00C04F79EFBC}") = "SharpSnmpLib", "SharpSnmpLib\SharpSnmpLib.csproj", "{286DE6DB-8F95-4BD4-86A2-86488D2E0EE1}"
EndProject
Project("{FAE04EC0-301F-11D3-BF4B-00C04F79EFBC}") = "TestTrap", "test\TestTrap.csproj", "{2BD083D3-01C9-46CA-9E9D-72A29240DBF3}"
EndProject
Project("{FAE04EC0-301F-11D3-BF4B-00C04F79EFBC}") = "TestGet", "TestGet\TestGet.csproj", "{5DE73026-002A-4369-A4D8-2D14CEC727F5}"
EndProject
Project("{FAE04EC0-301F-11D3-BF4B-00C04F79EFBC}") = "TestSet", "TestSet\TestSet.csproj", "{9557151F-BE39-48CD-BEB9-21B91DA5E531}"
EndProject
Project("{FAE04EC0-301F-11D3-BF4B-00C04F79EFBC}") = "TestGetNext", "TestGetNext\TestGetNext.csproj", "{4DA21F68-9317-4FB1-AB31-686EC8615985}"
EndProject
Project("{FAE04EC0-301F-11D3-BF4B-00C04F79EFBC}") = "TestWalk", "TestWalk\TestWalk.csproj", "{DA748764-54DF-409A-AAB4-FF6FB10E879D}"
EndProject
Project("{FAE04EC0-301F-11D3-BF4B-00C04F79EFBC}") = "TestGetTable", "TestGetTable\TestGetTable.csproj", "{5C4FB369-4491-45BA-81D1-8CAE684F73F0}"
EndProject
Global
	GlobalSection(SolutionConfigurationPlatforms) = preSolution
		Debug|Any CPU = Debug|Any CPU
		Release|Any CPU = Release|Any CPU
	EndGlobalSection
	GlobalSection(ProjectConfigurationPlatforms) = postSolution
		{286DE6DB-8F95-4BD4-86A2-86488D2E0EE1}.Debug|Any CPU.ActiveCfg = Debug|Any CPU
		{286DE6DB-8F95-4BD4-86A2-86488D2E0EE1}.Debug|Any CPU.Build.0 = Debug|Any CPU
		{286DE6DB-8F95-4BD4-86A2-86488D2E0EE1}.Release|Any CPU.ActiveCfg = Release|Any CPU
		{286DE6DB-8F95-4BD4-86A2-86488D2E0EE1}.Release|Any CPU.Build.0 = Release|Any CPU
		{2BD083D3-01C9-46CA-9E9D-72A29240DBF3}.Debug|Any CPU.ActiveCfg = Debug|Any CPU
		{2BD083D3-01C9-46CA-9E9D-72A29240DBF3}.Debug|Any CPU.Build.0 = Debug|Any CPU
		{2BD083D3-01C9-46CA-9E9D-72A29240DBF3}.Release|Any CPU.ActiveCfg = Release|Any CPU
		{2BD083D3-01C9-46CA-9E9D-72A29240DBF3}.Release|Any CPU.Build.0 = Release|Any CPU
		{5DE73026-002A-4369-A4D8-2D14CEC727F5}.Debug|Any CPU.ActiveCfg = Debug|Any CPU
		{5DE73026-002A-4369-A4D8-2D14CEC727F5}.Debug|Any CPU.Build.0 = Debug|Any CPU
		{5DE73026-002A-4369-A4D8-2D14CEC727F5}.Release|Any CPU.ActiveCfg = Release|Any CPU
		{5DE73026-002A-4369-A4D8-2D14CEC727F5}.Release|Any CPU.Build.0 = Release|Any CPU
		{9557151F-BE39-48CD-BEB9-21B91DA5E531}.Debug|Any CPU.ActiveCfg = Debug|Any CPU
		{9557151F-BE39-48CD-BEB9-21B91DA5E531}.Debug|Any CPU.Build.0 = Debug|Any CPU
		{9557151F-BE39-48CD-BEB9-21B91DA5E531}.Release|Any CPU.ActiveCfg = Release|Any CPU
		{9557151F-BE39-48CD-BEB9-21B91DA5E531}.Release|Any CPU.Build.0 = Release|Any CPU
		{4DA21F68-9317-4FB1-AB31-686EC8615985}.Debug|Any CPU.ActiveCfg = Debug|Any CPU
		{4DA21F68-9317-4FB1-AB31-686EC8615985}.Debug|Any CPU.Build.0 = Debug|Any CPU
		{4DA21F68-9317-4FB1-AB31-686EC8615985}.Release|Any CPU.ActiveCfg = Release|Any CPU
		{4DA21F68-9317-4FB1-AB31-686EC8615985}.Release|Any CPU.Build.0 = Release|Any CPU
		{DA748764-54DF-409A-AAB4-FF6FB10E879D}.Debug|Any CPU.ActiveCfg = Debug|Any CPU
		{DA748764-54DF-409A-AAB4-FF6FB10E879D}.Debug|Any CPU.Build.0 = Debug|Any CPU
		{DA748764-54DF-409A-AAB4-FF6FB10E879D}.Release|Any CPU.ActiveCfg = Release|Any CPU
		{DA748764-54DF-409A-AAB4-FF6FB10E879D}.Release|Any CPU.Build.0 = Release|Any CPU
		{5C4FB369-4491-45BA-81D1-8CAE684F73F0}.Debug|Any CPU.ActiveCfg = Debug|Any CPU
		{5C4FB369-4491-45BA-81D1-8CAE684F73F0}.Debug|Any CPU.Build.0 = Debug|Any CPU
		{5C4FB369-4491-45BA-81D1-8CAE684F73F0}.Release|Any CPU.ActiveCfg = Release|Any CPU
		{5C4FB369-4491-45BA-81D1-8CAE684F73F0}.Release|Any CPU.Build.0 = Release|Any CPU
	EndGlobalSection
	GlobalSection(SolutionProperties) = preSolution
		HideSolutionNode = FALSE
	EndGlobalSection
EndGlobal
