
Microsoft Visual Studio Solution File, Format Version 12.00
# Visual Studio 15
VisualStudioVersion = 15.0.26730.16
MinimumVisualStudioVersion = 10.0.40219.1
Project("{9A19103F-16F7-4668-BE54-9A1E7A4F7556}") = "SharpSnmpLib", "SharpSnmpLib\SharpSnmpLib.csproj", "{7BC38E05-9B86-4654-B81A-BF153EDAF9DB}"
EndProject
Project("{2150E333-8FDC-42A3-9474-1A3956D46DE8}") = "Samples", "Samples", "{A3DBD79B-05AE-487F-8863-9C777479FD4D}"
EndProject
Project("{2150E333-8FDC-42A3-9474-1A3956D46DE8}") = "CSharpCore", "CSharpCore", "{955E70DC-8385-42FA-ACB2-12ACD8103BCE}"
EndProject
Project("{9A19103F-16F7-4668-BE54-9A1E7A4F7556}") = "snmpget", "Samples\CSharpCore\snmpget\snmpget.csproj", "{BFEAB4D8-77AB-471D-895E-B07B4E363FB5}"
EndProject
Project("{9A19103F-16F7-4668-BE54-9A1E7A4F7556}") = "snmpbulkget", "Samples\CSharpCore\snmpbulkget\snmpbulkget.csproj", "{46F90D17-24E8-4020-861F-219ED35A4010}"
EndProject
Project("{9A19103F-16F7-4668-BE54-9A1E7A4F7556}") = "snmpdiscover", "Samples\CSharpCore\snmpdiscover\snmpdiscover.csproj", "{C1DC7CC0-9A48-4D5F-83B3-975462F7132E}"
EndProject
Project("{9A19103F-16F7-4668-BE54-9A1E7A4F7556}") = "snmpgetnext", "Samples\CSharpCore\snmpgetnext\snmpgetnext.csproj", "{14BF4D10-A6C1-4495-8470-3200A3E09EF1}"
EndProject
Project("{9A19103F-16F7-4668-BE54-9A1E7A4F7556}") = "snmpsendtrap", "Samples\CSharpCore\snmpsendtrap\snmpsendtrap.csproj", "{A4D6ADF1-2AEE-4F2C-89AE-2B9AB34E25B4}"
EndProject
Project("{9A19103F-16F7-4668-BE54-9A1E7A4F7556}") = "snmpset", "Samples\CSharpCore\snmpset\snmpset.csproj", "{94F847EB-872D-450E-B1DC-1271A1997BE9}"
EndProject
Project("{9A19103F-16F7-4668-BE54-9A1E7A4F7556}") = "snmptrapd", "Samples\CSharpCore\snmptrapd\snmptrapd.csproj", "{F4DF289A-3E97-4D5A-A68F-DDF6D3DF72B0}"
EndProject
Project("{9A19103F-16F7-4668-BE54-9A1E7A4F7556}") = "snmpwalk", "Samples\CSharpCore\snmpwalk\snmpwalk.csproj", "{33A1E5C4-288B-4CE3-BC43-467AC3B6F721}"
EndProject
Project("{9A19103F-16F7-4668-BE54-9A1E7A4F7556}") = "snmpd", "Samples\CSharpCore\snmpd\snmpd.csproj", "{581564AB-1712-490F-AD47-1C682C433871}"
EndProject
Project("{2150E333-8FDC-42A3-9474-1A3956D46DE8}") = "Tests", "Tests", "{ABDE0BF2-899C-42B6-B1EB-AA1D399AD1BB}"
EndProject
Project("{2150E333-8FDC-42A3-9474-1A3956D46DE8}") = "CSharpCore", "CSharpCore", "{8B869712-F705-496E-8DAE-8B070FF00FD2}"
EndProject
Project("{9A19103F-16F7-4668-BE54-9A1E7A4F7556}") = "Tests.NetStandard", "Tests\CSharpCore\Tests.NetStandard.csproj", "{70C9264C-9376-4CDD-A4A6-1D1315FACEA1}"
EndProject
Project("{2150E333-8FDC-42A3-9474-1A3956D46DE8}") = "CSharp", "CSharp", "{1C549C6D-A12E-4565-B0E5-62B2C2D2EFC5}"
EndProject
Project("{FAE04EC0-301F-11D3-BF4B-00C04F79EFBC}") = "snmpget", "Samples\CSharp\snmpget\snmpget.csproj", "{3A4AFEAC-A4F7-44E6-9860-1E033F0254AE}"
EndProject
Project("{FAE04EC0-301F-11D3-BF4B-00C04F79EFBC}") = "snmpgetnext", "Samples\CSharp\snmpgetnext\snmpgetnext.csproj", "{4DA21F68-9317-4FB1-AB31-686EC8615985}"
EndProject
Project("{FAE04EC0-301F-11D3-BF4B-00C04F79EFBC}") = "BytesViewer", "Samples\CSharp\BytesViewer\BytesViewer.csproj", "{42D9E604-CECC-4798-B0A5-82278EB8BB6A}"
EndProject
Project("{FAE04EC0-301F-11D3-BF4B-00C04F79EFBC}") = "snmpbulkget", "Samples\CSharp\snmpbulkget\snmpbulkget.csproj", "{A3D5CC49-DD4A-4FD6-A165-7D5AF60CDD15}"
EndProject
Project("{FAE04EC0-301F-11D3-BF4B-00C04F79EFBC}") = "snmpd", "Samples\CSharp\snmpd\snmpd.csproj", "{DA58ECDA-DB5D-41D0-982A-7E17E8172354}"
EndProject
Project("{FAE04EC0-301F-11D3-BF4B-00C04F79EFBC}") = "snmpdiscover", "Samples\CSharp\snmpdiscover\snmpdiscover.csproj", "{FD1CED96-0573-4115-9D7A-D5075A3FF768}"
EndProject
Project("{FAE04EC0-301F-11D3-BF4B-00C04F79EFBC}") = "snmpsendtrap", "Samples\CSharp\snmpsendtrap\snmpsendtrap.csproj", "{E2BB2836-97A5-4F81-A11F-4CD9DEFB5657}"
EndProject
Project("{FAE04EC0-301F-11D3-BF4B-00C04F79EFBC}") = "snmpset", "Samples\CSharp\snmpset\snmpset.csproj", "{9557151F-BE39-48CD-BEB9-21B91DA5E531}"
EndProject
Project("{FAE04EC0-301F-11D3-BF4B-00C04F79EFBC}") = "snmptrapd", "Samples\CSharp\snmptrapd\snmptrapd.csproj", "{2BD083D3-01C9-46CA-9E9D-72A29240DBF3}"
EndProject
Project("{FAE04EC0-301F-11D3-BF4B-00C04F79EFBC}") = "snmpwalk", "Samples\CSharp\snmpwalk\snmpwalk.csproj", "{DA748764-54DF-409A-AAB4-FF6FB10E879D}"
EndProject
Project("{2150E333-8FDC-42A3-9474-1A3956D46DE8}") = "VB.NET", "VB.NET", "{03AD55EB-F3F0-41D2-819D-48A82C65EE71}"
EndProject
Project("{F184B08F-C81C-45F6-A57F-5ABD9991F28F}") = "snmpbulkget", "Samples\VB.NET\snmpbulkget\snmpbulkget.vbproj", "{05B927F2-4DE8-41A6-A7B0-77D60430E62E}"
EndProject
Project("{F184B08F-C81C-45F6-A57F-5ABD9991F28F}") = "snmpget", "Samples\VB.NET\snmpget\snmpget.vbproj", "{855EBE0C-FAAA-4D18-ADEC-8DA367FF3D09}"
EndProject
Project("{F184B08F-C81C-45F6-A57F-5ABD9991F28F}") = "snmpgetnext", "Samples\VB.NET\snmpgetnext\snmpgetnext.vbproj", "{4E0099C8-5B9F-4C61-9C25-25A5FE3F1294}"
EndProject
Project("{F184B08F-C81C-45F6-A57F-5ABD9991F28F}") = "snmpset", "Samples\VB.NET\snmpset\snmpset.vbproj", "{3649021D-1C61-40B2-9F8D-5C8034169145}"
EndProject
Project("{F184B08F-C81C-45F6-A57F-5ABD9991F28F}") = "snmptrapd", "Samples\VB.NET\snmptrapd\snmptrapd.vbproj", "{B261915A-C1DD-47B4-BABA-3ACCAFFA570B}"
EndProject
Project("{F184B08F-C81C-45F6-A57F-5ABD9991F28F}") = "snmpwalk", "Samples\VB.NET\snmpwalk\snmpwalk.vbproj", "{BE64B0A0-33D5-4CB0-A203-8F18266AD794}"
EndProject
Project("{9A19103F-16F7-4668-BE54-9A1E7A4F7556}") = "SharpSnmpLib.BouncyCastle", "SharpSnmpLib.BouncyCastle\SharpSnmpLib.BouncyCastle.csproj", "{D9404B36-10AC-48B1-BC74-2D3D12892C62}"
EndProject
Project("{2150E333-8FDC-42A3-9474-1A3956D46DE8}") = "Solution Items", "Solution Items", "{07037203-3748-498C-B851-D216D4723311}"
	ProjectSection(SolutionItems) = preProject
		global.json = global.json
	EndProjectSection
EndProject
Global
	GlobalSection(SolutionConfigurationPlatforms) = preSolution
		Debug|Any CPU = Debug|Any CPU
		Debug|x64 = Debug|x64
		Debug|x86 = Debug|x86
		Perf|Any CPU = Perf|Any CPU
		Perf|x64 = Perf|x64
		Perf|x86 = Perf|x86
		Release|Any CPU = Release|Any CPU
		Release|x64 = Release|x64
		Release|x86 = Release|x86
	EndGlobalSection
	GlobalSection(ProjectConfigurationPlatforms) = postSolution
		{7BC38E05-9B86-4654-B81A-BF153EDAF9DB}.Debug|Any CPU.ActiveCfg = Debug|Any CPU
		{7BC38E05-9B86-4654-B81A-BF153EDAF9DB}.Debug|Any CPU.Build.0 = Debug|Any CPU
		{7BC38E05-9B86-4654-B81A-BF153EDAF9DB}.Debug|x64.ActiveCfg = Debug|Any CPU
		{7BC38E05-9B86-4654-B81A-BF153EDAF9DB}.Debug|x64.Build.0 = Debug|Any CPU
		{7BC38E05-9B86-4654-B81A-BF153EDAF9DB}.Debug|x86.ActiveCfg = Debug|Any CPU
		{7BC38E05-9B86-4654-B81A-BF153EDAF9DB}.Debug|x86.Build.0 = Debug|Any CPU
		{7BC38E05-9B86-4654-B81A-BF153EDAF9DB}.Perf|Any CPU.ActiveCfg = Release|Any CPU
		{7BC38E05-9B86-4654-B81A-BF153EDAF9DB}.Perf|Any CPU.Build.0 = Release|Any CPU
		{7BC38E05-9B86-4654-B81A-BF153EDAF9DB}.Perf|x64.ActiveCfg = Release|Any CPU
		{7BC38E05-9B86-4654-B81A-BF153EDAF9DB}.Perf|x64.Build.0 = Release|Any CPU
		{7BC38E05-9B86-4654-B81A-BF153EDAF9DB}.Perf|x86.ActiveCfg = Release|Any CPU
		{7BC38E05-9B86-4654-B81A-BF153EDAF9DB}.Perf|x86.Build.0 = Release|Any CPU
		{7BC38E05-9B86-4654-B81A-BF153EDAF9DB}.Release|Any CPU.ActiveCfg = Release|Any CPU
		{7BC38E05-9B86-4654-B81A-BF153EDAF9DB}.Release|Any CPU.Build.0 = Release|Any CPU
		{7BC38E05-9B86-4654-B81A-BF153EDAF9DB}.Release|x64.ActiveCfg = Release|Any CPU
		{7BC38E05-9B86-4654-B81A-BF153EDAF9DB}.Release|x64.Build.0 = Release|Any CPU
		{7BC38E05-9B86-4654-B81A-BF153EDAF9DB}.Release|x86.ActiveCfg = Release|Any CPU
		{7BC38E05-9B86-4654-B81A-BF153EDAF9DB}.Release|x86.Build.0 = Release|Any CPU
		{BFEAB4D8-77AB-471D-895E-B07B4E363FB5}.Debug|Any CPU.ActiveCfg = Debug|Any CPU
		{BFEAB4D8-77AB-471D-895E-B07B4E363FB5}.Debug|Any CPU.Build.0 = Debug|Any CPU
		{BFEAB4D8-77AB-471D-895E-B07B4E363FB5}.Debug|x64.ActiveCfg = Debug|Any CPU
		{BFEAB4D8-77AB-471D-895E-B07B4E363FB5}.Debug|x64.Build.0 = Debug|Any CPU
		{BFEAB4D8-77AB-471D-895E-B07B4E363FB5}.Debug|x86.ActiveCfg = Debug|Any CPU
		{BFEAB4D8-77AB-471D-895E-B07B4E363FB5}.Debug|x86.Build.0 = Debug|Any CPU
		{BFEAB4D8-77AB-471D-895E-B07B4E363FB5}.Perf|Any CPU.ActiveCfg = Release|Any CPU
		{BFEAB4D8-77AB-471D-895E-B07B4E363FB5}.Perf|Any CPU.Build.0 = Release|Any CPU
		{BFEAB4D8-77AB-471D-895E-B07B4E363FB5}.Perf|x64.ActiveCfg = Release|Any CPU
		{BFEAB4D8-77AB-471D-895E-B07B4E363FB5}.Perf|x64.Build.0 = Release|Any CPU
		{BFEAB4D8-77AB-471D-895E-B07B4E363FB5}.Perf|x86.ActiveCfg = Release|Any CPU
		{BFEAB4D8-77AB-471D-895E-B07B4E363FB5}.Perf|x86.Build.0 = Release|Any CPU
		{BFEAB4D8-77AB-471D-895E-B07B4E363FB5}.Release|Any CPU.ActiveCfg = Release|Any CPU
		{BFEAB4D8-77AB-471D-895E-B07B4E363FB5}.Release|Any CPU.Build.0 = Release|Any CPU
		{BFEAB4D8-77AB-471D-895E-B07B4E363FB5}.Release|x64.ActiveCfg = Release|Any CPU
		{BFEAB4D8-77AB-471D-895E-B07B4E363FB5}.Release|x64.Build.0 = Release|Any CPU
		{BFEAB4D8-77AB-471D-895E-B07B4E363FB5}.Release|x86.ActiveCfg = Release|Any CPU
		{BFEAB4D8-77AB-471D-895E-B07B4E363FB5}.Release|x86.Build.0 = Release|Any CPU
		{46F90D17-24E8-4020-861F-219ED35A4010}.Debug|Any CPU.ActiveCfg = Debug|Any CPU
		{46F90D17-24E8-4020-861F-219ED35A4010}.Debug|Any CPU.Build.0 = Debug|Any CPU
		{46F90D17-24E8-4020-861F-219ED35A4010}.Debug|x64.ActiveCfg = Debug|Any CPU
		{46F90D17-24E8-4020-861F-219ED35A4010}.Debug|x64.Build.0 = Debug|Any CPU
		{46F90D17-24E8-4020-861F-219ED35A4010}.Debug|x86.ActiveCfg = Debug|Any CPU
		{46F90D17-24E8-4020-861F-219ED35A4010}.Debug|x86.Build.0 = Debug|Any CPU
		{46F90D17-24E8-4020-861F-219ED35A4010}.Perf|Any CPU.ActiveCfg = Debug|Any CPU
		{46F90D17-24E8-4020-861F-219ED35A4010}.Perf|Any CPU.Build.0 = Debug|Any CPU
		{46F90D17-24E8-4020-861F-219ED35A4010}.Perf|x64.ActiveCfg = Debug|Any CPU
		{46F90D17-24E8-4020-861F-219ED35A4010}.Perf|x64.Build.0 = Debug|Any CPU
		{46F90D17-24E8-4020-861F-219ED35A4010}.Perf|x86.ActiveCfg = Debug|Any CPU
		{46F90D17-24E8-4020-861F-219ED35A4010}.Perf|x86.Build.0 = Debug|Any CPU
		{46F90D17-24E8-4020-861F-219ED35A4010}.Release|Any CPU.ActiveCfg = Release|Any CPU
		{46F90D17-24E8-4020-861F-219ED35A4010}.Release|Any CPU.Build.0 = Release|Any CPU
		{46F90D17-24E8-4020-861F-219ED35A4010}.Release|x64.ActiveCfg = Release|Any CPU
		{46F90D17-24E8-4020-861F-219ED35A4010}.Release|x64.Build.0 = Release|Any CPU
		{46F90D17-24E8-4020-861F-219ED35A4010}.Release|x86.ActiveCfg = Release|Any CPU
		{46F90D17-24E8-4020-861F-219ED35A4010}.Release|x86.Build.0 = Release|Any CPU
		{C1DC7CC0-9A48-4D5F-83B3-975462F7132E}.Debug|Any CPU.ActiveCfg = Debug|Any CPU
		{C1DC7CC0-9A48-4D5F-83B3-975462F7132E}.Debug|Any CPU.Build.0 = Debug|Any CPU
		{C1DC7CC0-9A48-4D5F-83B3-975462F7132E}.Debug|x64.ActiveCfg = Debug|Any CPU
		{C1DC7CC0-9A48-4D5F-83B3-975462F7132E}.Debug|x64.Build.0 = Debug|Any CPU
		{C1DC7CC0-9A48-4D5F-83B3-975462F7132E}.Debug|x86.ActiveCfg = Debug|Any CPU
		{C1DC7CC0-9A48-4D5F-83B3-975462F7132E}.Debug|x86.Build.0 = Debug|Any CPU
		{C1DC7CC0-9A48-4D5F-83B3-975462F7132E}.Perf|Any CPU.ActiveCfg = Debug|Any CPU
		{C1DC7CC0-9A48-4D5F-83B3-975462F7132E}.Perf|Any CPU.Build.0 = Debug|Any CPU
		{C1DC7CC0-9A48-4D5F-83B3-975462F7132E}.Perf|x64.ActiveCfg = Debug|Any CPU
		{C1DC7CC0-9A48-4D5F-83B3-975462F7132E}.Perf|x64.Build.0 = Debug|Any CPU
		{C1DC7CC0-9A48-4D5F-83B3-975462F7132E}.Perf|x86.ActiveCfg = Debug|Any CPU
		{C1DC7CC0-9A48-4D5F-83B3-975462F7132E}.Perf|x86.Build.0 = Debug|Any CPU
		{C1DC7CC0-9A48-4D5F-83B3-975462F7132E}.Release|Any CPU.ActiveCfg = Release|Any CPU
		{C1DC7CC0-9A48-4D5F-83B3-975462F7132E}.Release|Any CPU.Build.0 = Release|Any CPU
		{C1DC7CC0-9A48-4D5F-83B3-975462F7132E}.Release|x64.ActiveCfg = Release|Any CPU
		{C1DC7CC0-9A48-4D5F-83B3-975462F7132E}.Release|x64.Build.0 = Release|Any CPU
		{C1DC7CC0-9A48-4D5F-83B3-975462F7132E}.Release|x86.ActiveCfg = Release|Any CPU
		{C1DC7CC0-9A48-4D5F-83B3-975462F7132E}.Release|x86.Build.0 = Release|Any CPU
		{14BF4D10-A6C1-4495-8470-3200A3E09EF1}.Debug|Any CPU.ActiveCfg = Debug|Any CPU
		{14BF4D10-A6C1-4495-8470-3200A3E09EF1}.Debug|Any CPU.Build.0 = Debug|Any CPU
		{14BF4D10-A6C1-4495-8470-3200A3E09EF1}.Debug|x64.ActiveCfg = Debug|Any CPU
		{14BF4D10-A6C1-4495-8470-3200A3E09EF1}.Debug|x64.Build.0 = Debug|Any CPU
		{14BF4D10-A6C1-4495-8470-3200A3E09EF1}.Debug|x86.ActiveCfg = Debug|Any CPU
		{14BF4D10-A6C1-4495-8470-3200A3E09EF1}.Debug|x86.Build.0 = Debug|Any CPU
		{14BF4D10-A6C1-4495-8470-3200A3E09EF1}.Perf|Any CPU.ActiveCfg = Debug|Any CPU
		{14BF4D10-A6C1-4495-8470-3200A3E09EF1}.Perf|Any CPU.Build.0 = Debug|Any CPU
		{14BF4D10-A6C1-4495-8470-3200A3E09EF1}.Perf|x64.ActiveCfg = Debug|Any CPU
		{14BF4D10-A6C1-4495-8470-3200A3E09EF1}.Perf|x64.Build.0 = Debug|Any CPU
		{14BF4D10-A6C1-4495-8470-3200A3E09EF1}.Perf|x86.ActiveCfg = Debug|Any CPU
		{14BF4D10-A6C1-4495-8470-3200A3E09EF1}.Perf|x86.Build.0 = Debug|Any CPU
		{14BF4D10-A6C1-4495-8470-3200A3E09EF1}.Release|Any CPU.ActiveCfg = Release|Any CPU
		{14BF4D10-A6C1-4495-8470-3200A3E09EF1}.Release|Any CPU.Build.0 = Release|Any CPU
		{14BF4D10-A6C1-4495-8470-3200A3E09EF1}.Release|x64.ActiveCfg = Release|Any CPU
		{14BF4D10-A6C1-4495-8470-3200A3E09EF1}.Release|x64.Build.0 = Release|Any CPU
		{14BF4D10-A6C1-4495-8470-3200A3E09EF1}.Release|x86.ActiveCfg = Release|Any CPU
		{14BF4D10-A6C1-4495-8470-3200A3E09EF1}.Release|x86.Build.0 = Release|Any CPU
		{A4D6ADF1-2AEE-4F2C-89AE-2B9AB34E25B4}.Debug|Any CPU.ActiveCfg = Debug|Any CPU
		{A4D6ADF1-2AEE-4F2C-89AE-2B9AB34E25B4}.Debug|Any CPU.Build.0 = Debug|Any CPU
		{A4D6ADF1-2AEE-4F2C-89AE-2B9AB34E25B4}.Debug|x64.ActiveCfg = Debug|Any CPU
		{A4D6ADF1-2AEE-4F2C-89AE-2B9AB34E25B4}.Debug|x64.Build.0 = Debug|Any CPU
		{A4D6ADF1-2AEE-4F2C-89AE-2B9AB34E25B4}.Debug|x86.ActiveCfg = Debug|Any CPU
		{A4D6ADF1-2AEE-4F2C-89AE-2B9AB34E25B4}.Debug|x86.Build.0 = Debug|Any CPU
		{A4D6ADF1-2AEE-4F2C-89AE-2B9AB34E25B4}.Perf|Any CPU.ActiveCfg = Debug|Any CPU
		{A4D6ADF1-2AEE-4F2C-89AE-2B9AB34E25B4}.Perf|Any CPU.Build.0 = Debug|Any CPU
		{A4D6ADF1-2AEE-4F2C-89AE-2B9AB34E25B4}.Perf|x64.ActiveCfg = Debug|Any CPU
		{A4D6ADF1-2AEE-4F2C-89AE-2B9AB34E25B4}.Perf|x64.Build.0 = Debug|Any CPU
		{A4D6ADF1-2AEE-4F2C-89AE-2B9AB34E25B4}.Perf|x86.ActiveCfg = Debug|Any CPU
		{A4D6ADF1-2AEE-4F2C-89AE-2B9AB34E25B4}.Perf|x86.Build.0 = Debug|Any CPU
		{A4D6ADF1-2AEE-4F2C-89AE-2B9AB34E25B4}.Release|Any CPU.ActiveCfg = Release|Any CPU
		{A4D6ADF1-2AEE-4F2C-89AE-2B9AB34E25B4}.Release|Any CPU.Build.0 = Release|Any CPU
		{A4D6ADF1-2AEE-4F2C-89AE-2B9AB34E25B4}.Release|x64.ActiveCfg = Release|Any CPU
		{A4D6ADF1-2AEE-4F2C-89AE-2B9AB34E25B4}.Release|x64.Build.0 = Release|Any CPU
		{A4D6ADF1-2AEE-4F2C-89AE-2B9AB34E25B4}.Release|x86.ActiveCfg = Release|Any CPU
		{A4D6ADF1-2AEE-4F2C-89AE-2B9AB34E25B4}.Release|x86.Build.0 = Release|Any CPU
		{94F847EB-872D-450E-B1DC-1271A1997BE9}.Debug|Any CPU.ActiveCfg = Debug|Any CPU
		{94F847EB-872D-450E-B1DC-1271A1997BE9}.Debug|Any CPU.Build.0 = Debug|Any CPU
		{94F847EB-872D-450E-B1DC-1271A1997BE9}.Debug|x64.ActiveCfg = Debug|Any CPU
		{94F847EB-872D-450E-B1DC-1271A1997BE9}.Debug|x64.Build.0 = Debug|Any CPU
		{94F847EB-872D-450E-B1DC-1271A1997BE9}.Debug|x86.ActiveCfg = Debug|Any CPU
		{94F847EB-872D-450E-B1DC-1271A1997BE9}.Debug|x86.Build.0 = Debug|Any CPU
		{94F847EB-872D-450E-B1DC-1271A1997BE9}.Perf|Any CPU.ActiveCfg = Debug|Any CPU
		{94F847EB-872D-450E-B1DC-1271A1997BE9}.Perf|Any CPU.Build.0 = Debug|Any CPU
		{94F847EB-872D-450E-B1DC-1271A1997BE9}.Perf|x64.ActiveCfg = Debug|Any CPU
		{94F847EB-872D-450E-B1DC-1271A1997BE9}.Perf|x64.Build.0 = Debug|Any CPU
		{94F847EB-872D-450E-B1DC-1271A1997BE9}.Perf|x86.ActiveCfg = Debug|Any CPU
		{94F847EB-872D-450E-B1DC-1271A1997BE9}.Perf|x86.Build.0 = Debug|Any CPU
		{94F847EB-872D-450E-B1DC-1271A1997BE9}.Release|Any CPU.ActiveCfg = Release|Any CPU
		{94F847EB-872D-450E-B1DC-1271A1997BE9}.Release|Any CPU.Build.0 = Release|Any CPU
		{94F847EB-872D-450E-B1DC-1271A1997BE9}.Release|x64.ActiveCfg = Release|Any CPU
		{94F847EB-872D-450E-B1DC-1271A1997BE9}.Release|x64.Build.0 = Release|Any CPU
		{94F847EB-872D-450E-B1DC-1271A1997BE9}.Release|x86.ActiveCfg = Release|Any CPU
		{94F847EB-872D-450E-B1DC-1271A1997BE9}.Release|x86.Build.0 = Release|Any CPU
		{F4DF289A-3E97-4D5A-A68F-DDF6D3DF72B0}.Debug|Any CPU.ActiveCfg = Debug|Any CPU
		{F4DF289A-3E97-4D5A-A68F-DDF6D3DF72B0}.Debug|Any CPU.Build.0 = Debug|Any CPU
		{F4DF289A-3E97-4D5A-A68F-DDF6D3DF72B0}.Debug|x64.ActiveCfg = Debug|Any CPU
		{F4DF289A-3E97-4D5A-A68F-DDF6D3DF72B0}.Debug|x64.Build.0 = Debug|Any CPU
		{F4DF289A-3E97-4D5A-A68F-DDF6D3DF72B0}.Debug|x86.ActiveCfg = Debug|Any CPU
		{F4DF289A-3E97-4D5A-A68F-DDF6D3DF72B0}.Debug|x86.Build.0 = Debug|Any CPU
		{F4DF289A-3E97-4D5A-A68F-DDF6D3DF72B0}.Perf|Any CPU.ActiveCfg = Debug|Any CPU
		{F4DF289A-3E97-4D5A-A68F-DDF6D3DF72B0}.Perf|Any CPU.Build.0 = Debug|Any CPU
		{F4DF289A-3E97-4D5A-A68F-DDF6D3DF72B0}.Perf|x64.ActiveCfg = Debug|Any CPU
		{F4DF289A-3E97-4D5A-A68F-DDF6D3DF72B0}.Perf|x64.Build.0 = Debug|Any CPU
		{F4DF289A-3E97-4D5A-A68F-DDF6D3DF72B0}.Perf|x86.ActiveCfg = Debug|Any CPU
		{F4DF289A-3E97-4D5A-A68F-DDF6D3DF72B0}.Perf|x86.Build.0 = Debug|Any CPU
		{F4DF289A-3E97-4D5A-A68F-DDF6D3DF72B0}.Release|Any CPU.ActiveCfg = Release|Any CPU
		{F4DF289A-3E97-4D5A-A68F-DDF6D3DF72B0}.Release|Any CPU.Build.0 = Release|Any CPU
		{F4DF289A-3E97-4D5A-A68F-DDF6D3DF72B0}.Release|x64.ActiveCfg = Release|Any CPU
		{F4DF289A-3E97-4D5A-A68F-DDF6D3DF72B0}.Release|x64.Build.0 = Release|Any CPU
		{F4DF289A-3E97-4D5A-A68F-DDF6D3DF72B0}.Release|x86.ActiveCfg = Release|Any CPU
		{F4DF289A-3E97-4D5A-A68F-DDF6D3DF72B0}.Release|x86.Build.0 = Release|Any CPU
		{33A1E5C4-288B-4CE3-BC43-467AC3B6F721}.Debug|Any CPU.ActiveCfg = Debug|Any CPU
		{33A1E5C4-288B-4CE3-BC43-467AC3B6F721}.Debug|Any CPU.Build.0 = Debug|Any CPU
		{33A1E5C4-288B-4CE3-BC43-467AC3B6F721}.Debug|x64.ActiveCfg = Debug|Any CPU
		{33A1E5C4-288B-4CE3-BC43-467AC3B6F721}.Debug|x64.Build.0 = Debug|Any CPU
		{33A1E5C4-288B-4CE3-BC43-467AC3B6F721}.Debug|x86.ActiveCfg = Debug|Any CPU
		{33A1E5C4-288B-4CE3-BC43-467AC3B6F721}.Debug|x86.Build.0 = Debug|Any CPU
		{33A1E5C4-288B-4CE3-BC43-467AC3B6F721}.Perf|Any CPU.ActiveCfg = Debug|Any CPU
		{33A1E5C4-288B-4CE3-BC43-467AC3B6F721}.Perf|Any CPU.Build.0 = Debug|Any CPU
		{33A1E5C4-288B-4CE3-BC43-467AC3B6F721}.Perf|x64.ActiveCfg = Debug|Any CPU
		{33A1E5C4-288B-4CE3-BC43-467AC3B6F721}.Perf|x64.Build.0 = Debug|Any CPU
		{33A1E5C4-288B-4CE3-BC43-467AC3B6F721}.Perf|x86.ActiveCfg = Debug|Any CPU
		{33A1E5C4-288B-4CE3-BC43-467AC3B6F721}.Perf|x86.Build.0 = Debug|Any CPU
		{33A1E5C4-288B-4CE3-BC43-467AC3B6F721}.Release|Any CPU.ActiveCfg = Release|Any CPU
		{33A1E5C4-288B-4CE3-BC43-467AC3B6F721}.Release|Any CPU.Build.0 = Release|Any CPU
		{33A1E5C4-288B-4CE3-BC43-467AC3B6F721}.Release|x64.ActiveCfg = Release|Any CPU
		{33A1E5C4-288B-4CE3-BC43-467AC3B6F721}.Release|x64.Build.0 = Release|Any CPU
		{33A1E5C4-288B-4CE3-BC43-467AC3B6F721}.Release|x86.ActiveCfg = Release|Any CPU
		{33A1E5C4-288B-4CE3-BC43-467AC3B6F721}.Release|x86.Build.0 = Release|Any CPU
		{581564AB-1712-490F-AD47-1C682C433871}.Debug|Any CPU.ActiveCfg = Debug|Any CPU
		{581564AB-1712-490F-AD47-1C682C433871}.Debug|Any CPU.Build.0 = Debug|Any CPU
		{581564AB-1712-490F-AD47-1C682C433871}.Debug|x64.ActiveCfg = Debug|Any CPU
		{581564AB-1712-490F-AD47-1C682C433871}.Debug|x64.Build.0 = Debug|Any CPU
		{581564AB-1712-490F-AD47-1C682C433871}.Debug|x86.ActiveCfg = Debug|Any CPU
		{581564AB-1712-490F-AD47-1C682C433871}.Debug|x86.Build.0 = Debug|Any CPU
		{581564AB-1712-490F-AD47-1C682C433871}.Perf|Any CPU.ActiveCfg = Debug|Any CPU
		{581564AB-1712-490F-AD47-1C682C433871}.Perf|Any CPU.Build.0 = Debug|Any CPU
		{581564AB-1712-490F-AD47-1C682C433871}.Perf|x64.ActiveCfg = Debug|Any CPU
		{581564AB-1712-490F-AD47-1C682C433871}.Perf|x64.Build.0 = Debug|Any CPU
		{581564AB-1712-490F-AD47-1C682C433871}.Perf|x86.ActiveCfg = Debug|Any CPU
		{581564AB-1712-490F-AD47-1C682C433871}.Perf|x86.Build.0 = Debug|Any CPU
		{581564AB-1712-490F-AD47-1C682C433871}.Release|Any CPU.ActiveCfg = Release|Any CPU
		{581564AB-1712-490F-AD47-1C682C433871}.Release|Any CPU.Build.0 = Release|Any CPU
		{581564AB-1712-490F-AD47-1C682C433871}.Release|x64.ActiveCfg = Release|Any CPU
		{581564AB-1712-490F-AD47-1C682C433871}.Release|x64.Build.0 = Release|Any CPU
		{581564AB-1712-490F-AD47-1C682C433871}.Release|x86.ActiveCfg = Release|Any CPU
		{581564AB-1712-490F-AD47-1C682C433871}.Release|x86.Build.0 = Release|Any CPU
		{70C9264C-9376-4CDD-A4A6-1D1315FACEA1}.Debug|Any CPU.ActiveCfg = Debug|Any CPU
		{70C9264C-9376-4CDD-A4A6-1D1315FACEA1}.Debug|Any CPU.Build.0 = Debug|Any CPU
		{70C9264C-9376-4CDD-A4A6-1D1315FACEA1}.Debug|x64.ActiveCfg = Debug|Any CPU
		{70C9264C-9376-4CDD-A4A6-1D1315FACEA1}.Debug|x64.Build.0 = Debug|Any CPU
		{70C9264C-9376-4CDD-A4A6-1D1315FACEA1}.Debug|x86.ActiveCfg = Debug|Any CPU
		{70C9264C-9376-4CDD-A4A6-1D1315FACEA1}.Debug|x86.Build.0 = Debug|Any CPU
		{70C9264C-9376-4CDD-A4A6-1D1315FACEA1}.Perf|Any CPU.ActiveCfg = Debug|Any CPU
		{70C9264C-9376-4CDD-A4A6-1D1315FACEA1}.Perf|Any CPU.Build.0 = Debug|Any CPU
		{70C9264C-9376-4CDD-A4A6-1D1315FACEA1}.Perf|x64.ActiveCfg = Debug|Any CPU
		{70C9264C-9376-4CDD-A4A6-1D1315FACEA1}.Perf|x64.Build.0 = Debug|Any CPU
		{70C9264C-9376-4CDD-A4A6-1D1315FACEA1}.Perf|x86.ActiveCfg = Debug|Any CPU
		{70C9264C-9376-4CDD-A4A6-1D1315FACEA1}.Perf|x86.Build.0 = Debug|Any CPU
		{70C9264C-9376-4CDD-A4A6-1D1315FACEA1}.Release|Any CPU.ActiveCfg = Release|Any CPU
		{70C9264C-9376-4CDD-A4A6-1D1315FACEA1}.Release|Any CPU.Build.0 = Release|Any CPU
		{70C9264C-9376-4CDD-A4A6-1D1315FACEA1}.Release|x64.ActiveCfg = Release|Any CPU
		{70C9264C-9376-4CDD-A4A6-1D1315FACEA1}.Release|x64.Build.0 = Release|Any CPU
		{70C9264C-9376-4CDD-A4A6-1D1315FACEA1}.Release|x86.ActiveCfg = Release|Any CPU
		{70C9264C-9376-4CDD-A4A6-1D1315FACEA1}.Release|x86.Build.0 = Release|Any CPU
		{3A4AFEAC-A4F7-44E6-9860-1E033F0254AE}.Debug|Any CPU.ActiveCfg = Debug|Any CPU
		{3A4AFEAC-A4F7-44E6-9860-1E033F0254AE}.Debug|Any CPU.Build.0 = Debug|Any CPU
		{3A4AFEAC-A4F7-44E6-9860-1E033F0254AE}.Debug|x64.ActiveCfg = Debug|Any CPU
		{3A4AFEAC-A4F7-44E6-9860-1E033F0254AE}.Debug|x64.Build.0 = Debug|Any CPU
		{3A4AFEAC-A4F7-44E6-9860-1E033F0254AE}.Debug|x86.ActiveCfg = Debug|Any CPU
		{3A4AFEAC-A4F7-44E6-9860-1E033F0254AE}.Debug|x86.Build.0 = Debug|Any CPU
		{3A4AFEAC-A4F7-44E6-9860-1E033F0254AE}.Perf|Any CPU.ActiveCfg = Release|Any CPU
		{3A4AFEAC-A4F7-44E6-9860-1E033F0254AE}.Perf|Any CPU.Build.0 = Release|Any CPU
		{3A4AFEAC-A4F7-44E6-9860-1E033F0254AE}.Perf|x64.ActiveCfg = Release|Any CPU
		{3A4AFEAC-A4F7-44E6-9860-1E033F0254AE}.Perf|x64.Build.0 = Release|Any CPU
		{3A4AFEAC-A4F7-44E6-9860-1E033F0254AE}.Perf|x86.ActiveCfg = Release|Any CPU
		{3A4AFEAC-A4F7-44E6-9860-1E033F0254AE}.Perf|x86.Build.0 = Release|Any CPU
		{3A4AFEAC-A4F7-44E6-9860-1E033F0254AE}.Release|Any CPU.ActiveCfg = Release|Any CPU
		{3A4AFEAC-A4F7-44E6-9860-1E033F0254AE}.Release|Any CPU.Build.0 = Release|Any CPU
		{3A4AFEAC-A4F7-44E6-9860-1E033F0254AE}.Release|x64.ActiveCfg = Release|Any CPU
		{3A4AFEAC-A4F7-44E6-9860-1E033F0254AE}.Release|x64.Build.0 = Release|Any CPU
		{3A4AFEAC-A4F7-44E6-9860-1E033F0254AE}.Release|x86.ActiveCfg = Release|Any CPU
		{3A4AFEAC-A4F7-44E6-9860-1E033F0254AE}.Release|x86.Build.0 = Release|Any CPU
		{4DA21F68-9317-4FB1-AB31-686EC8615985}.Debug|Any CPU.ActiveCfg = Debug|Any CPU
		{4DA21F68-9317-4FB1-AB31-686EC8615985}.Debug|Any CPU.Build.0 = Debug|Any CPU
		{4DA21F68-9317-4FB1-AB31-686EC8615985}.Debug|x64.ActiveCfg = Debug|Any CPU
		{4DA21F68-9317-4FB1-AB31-686EC8615985}.Debug|x64.Build.0 = Debug|Any CPU
		{4DA21F68-9317-4FB1-AB31-686EC8615985}.Debug|x86.ActiveCfg = Debug|Any CPU
		{4DA21F68-9317-4FB1-AB31-686EC8615985}.Debug|x86.Build.0 = Debug|Any CPU
		{4DA21F68-9317-4FB1-AB31-686EC8615985}.Perf|Any CPU.ActiveCfg = Release|Any CPU
		{4DA21F68-9317-4FB1-AB31-686EC8615985}.Perf|Any CPU.Build.0 = Release|Any CPU
		{4DA21F68-9317-4FB1-AB31-686EC8615985}.Perf|x64.ActiveCfg = Release|Any CPU
		{4DA21F68-9317-4FB1-AB31-686EC8615985}.Perf|x64.Build.0 = Release|Any CPU
		{4DA21F68-9317-4FB1-AB31-686EC8615985}.Perf|x86.ActiveCfg = Release|Any CPU
		{4DA21F68-9317-4FB1-AB31-686EC8615985}.Perf|x86.Build.0 = Release|Any CPU
		{4DA21F68-9317-4FB1-AB31-686EC8615985}.Release|Any CPU.ActiveCfg = Release|Any CPU
		{4DA21F68-9317-4FB1-AB31-686EC8615985}.Release|Any CPU.Build.0 = Release|Any CPU
		{4DA21F68-9317-4FB1-AB31-686EC8615985}.Release|x64.ActiveCfg = Release|Any CPU
		{4DA21F68-9317-4FB1-AB31-686EC8615985}.Release|x64.Build.0 = Release|Any CPU
		{4DA21F68-9317-4FB1-AB31-686EC8615985}.Release|x86.ActiveCfg = Release|Any CPU
		{4DA21F68-9317-4FB1-AB31-686EC8615985}.Release|x86.Build.0 = Release|Any CPU
		{42D9E604-CECC-4798-B0A5-82278EB8BB6A}.Debug|Any CPU.ActiveCfg = Debug|Any CPU
		{42D9E604-CECC-4798-B0A5-82278EB8BB6A}.Debug|Any CPU.Build.0 = Debug|Any CPU
		{42D9E604-CECC-4798-B0A5-82278EB8BB6A}.Debug|x64.ActiveCfg = Debug|Any CPU
		{42D9E604-CECC-4798-B0A5-82278EB8BB6A}.Debug|x64.Build.0 = Debug|Any CPU
		{42D9E604-CECC-4798-B0A5-82278EB8BB6A}.Debug|x86.ActiveCfg = Debug|Any CPU
		{42D9E604-CECC-4798-B0A5-82278EB8BB6A}.Debug|x86.Build.0 = Debug|Any CPU
		{42D9E604-CECC-4798-B0A5-82278EB8BB6A}.Perf|Any CPU.ActiveCfg = Release|Any CPU
		{42D9E604-CECC-4798-B0A5-82278EB8BB6A}.Perf|Any CPU.Build.0 = Release|Any CPU
		{42D9E604-CECC-4798-B0A5-82278EB8BB6A}.Perf|x64.ActiveCfg = Release|Any CPU
		{42D9E604-CECC-4798-B0A5-82278EB8BB6A}.Perf|x64.Build.0 = Release|Any CPU
		{42D9E604-CECC-4798-B0A5-82278EB8BB6A}.Perf|x86.ActiveCfg = Release|Any CPU
		{42D9E604-CECC-4798-B0A5-82278EB8BB6A}.Perf|x86.Build.0 = Release|Any CPU
		{42D9E604-CECC-4798-B0A5-82278EB8BB6A}.Release|Any CPU.ActiveCfg = Release|Any CPU
		{42D9E604-CECC-4798-B0A5-82278EB8BB6A}.Release|Any CPU.Build.0 = Release|Any CPU
		{42D9E604-CECC-4798-B0A5-82278EB8BB6A}.Release|x64.ActiveCfg = Release|Any CPU
		{42D9E604-CECC-4798-B0A5-82278EB8BB6A}.Release|x64.Build.0 = Release|Any CPU
		{42D9E604-CECC-4798-B0A5-82278EB8BB6A}.Release|x86.ActiveCfg = Release|Any CPU
		{42D9E604-CECC-4798-B0A5-82278EB8BB6A}.Release|x86.Build.0 = Release|Any CPU
		{A3D5CC49-DD4A-4FD6-A165-7D5AF60CDD15}.Debug|Any CPU.ActiveCfg = Debug|Any CPU
		{A3D5CC49-DD4A-4FD6-A165-7D5AF60CDD15}.Debug|Any CPU.Build.0 = Debug|Any CPU
		{A3D5CC49-DD4A-4FD6-A165-7D5AF60CDD15}.Debug|x64.ActiveCfg = Debug|Any CPU
		{A3D5CC49-DD4A-4FD6-A165-7D5AF60CDD15}.Debug|x64.Build.0 = Debug|Any CPU
		{A3D5CC49-DD4A-4FD6-A165-7D5AF60CDD15}.Debug|x86.ActiveCfg = Debug|Any CPU
		{A3D5CC49-DD4A-4FD6-A165-7D5AF60CDD15}.Debug|x86.Build.0 = Debug|Any CPU
		{A3D5CC49-DD4A-4FD6-A165-7D5AF60CDD15}.Perf|Any CPU.ActiveCfg = Release|Any CPU
		{A3D5CC49-DD4A-4FD6-A165-7D5AF60CDD15}.Perf|Any CPU.Build.0 = Release|Any CPU
		{A3D5CC49-DD4A-4FD6-A165-7D5AF60CDD15}.Perf|x64.ActiveCfg = Release|Any CPU
		{A3D5CC49-DD4A-4FD6-A165-7D5AF60CDD15}.Perf|x64.Build.0 = Release|Any CPU
		{A3D5CC49-DD4A-4FD6-A165-7D5AF60CDD15}.Perf|x86.ActiveCfg = Release|Any CPU
		{A3D5CC49-DD4A-4FD6-A165-7D5AF60CDD15}.Perf|x86.Build.0 = Release|Any CPU
		{A3D5CC49-DD4A-4FD6-A165-7D5AF60CDD15}.Release|Any CPU.ActiveCfg = Release|Any CPU
		{A3D5CC49-DD4A-4FD6-A165-7D5AF60CDD15}.Release|Any CPU.Build.0 = Release|Any CPU
		{A3D5CC49-DD4A-4FD6-A165-7D5AF60CDD15}.Release|x64.ActiveCfg = Release|Any CPU
		{A3D5CC49-DD4A-4FD6-A165-7D5AF60CDD15}.Release|x64.Build.0 = Release|Any CPU
		{A3D5CC49-DD4A-4FD6-A165-7D5AF60CDD15}.Release|x86.ActiveCfg = Release|Any CPU
		{A3D5CC49-DD4A-4FD6-A165-7D5AF60CDD15}.Release|x86.Build.0 = Release|Any CPU
		{DA58ECDA-DB5D-41D0-982A-7E17E8172354}.Debug|Any CPU.ActiveCfg = Debug|Any CPU
		{DA58ECDA-DB5D-41D0-982A-7E17E8172354}.Debug|Any CPU.Build.0 = Debug|Any CPU
		{DA58ECDA-DB5D-41D0-982A-7E17E8172354}.Debug|x64.ActiveCfg = Debug|Any CPU
		{DA58ECDA-DB5D-41D0-982A-7E17E8172354}.Debug|x64.Build.0 = Debug|Any CPU
		{DA58ECDA-DB5D-41D0-982A-7E17E8172354}.Debug|x86.ActiveCfg = Debug|Any CPU
		{DA58ECDA-DB5D-41D0-982A-7E17E8172354}.Debug|x86.Build.0 = Debug|Any CPU
		{DA58ECDA-DB5D-41D0-982A-7E17E8172354}.Perf|Any CPU.ActiveCfg = Release|Any CPU
		{DA58ECDA-DB5D-41D0-982A-7E17E8172354}.Perf|Any CPU.Build.0 = Release|Any CPU
		{DA58ECDA-DB5D-41D0-982A-7E17E8172354}.Perf|x64.ActiveCfg = Release|Any CPU
		{DA58ECDA-DB5D-41D0-982A-7E17E8172354}.Perf|x64.Build.0 = Release|Any CPU
		{DA58ECDA-DB5D-41D0-982A-7E17E8172354}.Perf|x86.ActiveCfg = Release|Any CPU
		{DA58ECDA-DB5D-41D0-982A-7E17E8172354}.Perf|x86.Build.0 = Release|Any CPU
		{DA58ECDA-DB5D-41D0-982A-7E17E8172354}.Release|Any CPU.ActiveCfg = Release|Any CPU
		{DA58ECDA-DB5D-41D0-982A-7E17E8172354}.Release|Any CPU.Build.0 = Release|Any CPU
		{DA58ECDA-DB5D-41D0-982A-7E17E8172354}.Release|x64.ActiveCfg = Release|Any CPU
		{DA58ECDA-DB5D-41D0-982A-7E17E8172354}.Release|x64.Build.0 = Release|Any CPU
		{DA58ECDA-DB5D-41D0-982A-7E17E8172354}.Release|x86.ActiveCfg = Release|Any CPU
		{DA58ECDA-DB5D-41D0-982A-7E17E8172354}.Release|x86.Build.0 = Release|Any CPU
		{FD1CED96-0573-4115-9D7A-D5075A3FF768}.Debug|Any CPU.ActiveCfg = Debug|Any CPU
		{FD1CED96-0573-4115-9D7A-D5075A3FF768}.Debug|Any CPU.Build.0 = Debug|Any CPU
		{FD1CED96-0573-4115-9D7A-D5075A3FF768}.Debug|x64.ActiveCfg = Debug|Any CPU
		{FD1CED96-0573-4115-9D7A-D5075A3FF768}.Debug|x64.Build.0 = Debug|Any CPU
		{FD1CED96-0573-4115-9D7A-D5075A3FF768}.Debug|x86.ActiveCfg = Debug|Any CPU
		{FD1CED96-0573-4115-9D7A-D5075A3FF768}.Debug|x86.Build.0 = Debug|Any CPU
		{FD1CED96-0573-4115-9D7A-D5075A3FF768}.Perf|Any CPU.ActiveCfg = Release|Any CPU
		{FD1CED96-0573-4115-9D7A-D5075A3FF768}.Perf|Any CPU.Build.0 = Release|Any CPU
		{FD1CED96-0573-4115-9D7A-D5075A3FF768}.Perf|x64.ActiveCfg = Release|Any CPU
		{FD1CED96-0573-4115-9D7A-D5075A3FF768}.Perf|x64.Build.0 = Release|Any CPU
		{FD1CED96-0573-4115-9D7A-D5075A3FF768}.Perf|x86.ActiveCfg = Release|Any CPU
		{FD1CED96-0573-4115-9D7A-D5075A3FF768}.Perf|x86.Build.0 = Release|Any CPU
		{FD1CED96-0573-4115-9D7A-D5075A3FF768}.Release|Any CPU.ActiveCfg = Release|Any CPU
		{FD1CED96-0573-4115-9D7A-D5075A3FF768}.Release|Any CPU.Build.0 = Release|Any CPU
		{FD1CED96-0573-4115-9D7A-D5075A3FF768}.Release|x64.ActiveCfg = Release|Any CPU
		{FD1CED96-0573-4115-9D7A-D5075A3FF768}.Release|x64.Build.0 = Release|Any CPU
		{FD1CED96-0573-4115-9D7A-D5075A3FF768}.Release|x86.ActiveCfg = Release|Any CPU
		{FD1CED96-0573-4115-9D7A-D5075A3FF768}.Release|x86.Build.0 = Release|Any CPU
		{E2BB2836-97A5-4F81-A11F-4CD9DEFB5657}.Debug|Any CPU.ActiveCfg = Debug|Any CPU
		{E2BB2836-97A5-4F81-A11F-4CD9DEFB5657}.Debug|Any CPU.Build.0 = Debug|Any CPU
		{E2BB2836-97A5-4F81-A11F-4CD9DEFB5657}.Debug|x64.ActiveCfg = Debug|Any CPU
		{E2BB2836-97A5-4F81-A11F-4CD9DEFB5657}.Debug|x64.Build.0 = Debug|Any CPU
		{E2BB2836-97A5-4F81-A11F-4CD9DEFB5657}.Debug|x86.ActiveCfg = Debug|Any CPU
		{E2BB2836-97A5-4F81-A11F-4CD9DEFB5657}.Debug|x86.Build.0 = Debug|Any CPU
		{E2BB2836-97A5-4F81-A11F-4CD9DEFB5657}.Perf|Any CPU.ActiveCfg = Release|Any CPU
		{E2BB2836-97A5-4F81-A11F-4CD9DEFB5657}.Perf|Any CPU.Build.0 = Release|Any CPU
		{E2BB2836-97A5-4F81-A11F-4CD9DEFB5657}.Perf|x64.ActiveCfg = Release|Any CPU
		{E2BB2836-97A5-4F81-A11F-4CD9DEFB5657}.Perf|x64.Build.0 = Release|Any CPU
		{E2BB2836-97A5-4F81-A11F-4CD9DEFB5657}.Perf|x86.ActiveCfg = Release|Any CPU
		{E2BB2836-97A5-4F81-A11F-4CD9DEFB5657}.Perf|x86.Build.0 = Release|Any CPU
		{E2BB2836-97A5-4F81-A11F-4CD9DEFB5657}.Release|Any CPU.ActiveCfg = Release|Any CPU
		{E2BB2836-97A5-4F81-A11F-4CD9DEFB5657}.Release|Any CPU.Build.0 = Release|Any CPU
		{E2BB2836-97A5-4F81-A11F-4CD9DEFB5657}.Release|x64.ActiveCfg = Release|Any CPU
		{E2BB2836-97A5-4F81-A11F-4CD9DEFB5657}.Release|x64.Build.0 = Release|Any CPU
		{E2BB2836-97A5-4F81-A11F-4CD9DEFB5657}.Release|x86.ActiveCfg = Release|Any CPU
		{E2BB2836-97A5-4F81-A11F-4CD9DEFB5657}.Release|x86.Build.0 = Release|Any CPU
		{9557151F-BE39-48CD-BEB9-21B91DA5E531}.Debug|Any CPU.ActiveCfg = Debug|Any CPU
		{9557151F-BE39-48CD-BEB9-21B91DA5E531}.Debug|Any CPU.Build.0 = Debug|Any CPU
		{9557151F-BE39-48CD-BEB9-21B91DA5E531}.Debug|x64.ActiveCfg = Debug|Any CPU
		{9557151F-BE39-48CD-BEB9-21B91DA5E531}.Debug|x64.Build.0 = Debug|Any CPU
		{9557151F-BE39-48CD-BEB9-21B91DA5E531}.Debug|x86.ActiveCfg = Debug|Any CPU
		{9557151F-BE39-48CD-BEB9-21B91DA5E531}.Debug|x86.Build.0 = Debug|Any CPU
		{9557151F-BE39-48CD-BEB9-21B91DA5E531}.Perf|Any CPU.ActiveCfg = Release|Any CPU
		{9557151F-BE39-48CD-BEB9-21B91DA5E531}.Perf|Any CPU.Build.0 = Release|Any CPU
		{9557151F-BE39-48CD-BEB9-21B91DA5E531}.Perf|x64.ActiveCfg = Release|Any CPU
		{9557151F-BE39-48CD-BEB9-21B91DA5E531}.Perf|x64.Build.0 = Release|Any CPU
		{9557151F-BE39-48CD-BEB9-21B91DA5E531}.Perf|x86.ActiveCfg = Release|Any CPU
		{9557151F-BE39-48CD-BEB9-21B91DA5E531}.Perf|x86.Build.0 = Release|Any CPU
		{9557151F-BE39-48CD-BEB9-21B91DA5E531}.Release|Any CPU.ActiveCfg = Release|Any CPU
		{9557151F-BE39-48CD-BEB9-21B91DA5E531}.Release|Any CPU.Build.0 = Release|Any CPU
		{9557151F-BE39-48CD-BEB9-21B91DA5E531}.Release|x64.ActiveCfg = Release|Any CPU
		{9557151F-BE39-48CD-BEB9-21B91DA5E531}.Release|x64.Build.0 = Release|Any CPU
		{9557151F-BE39-48CD-BEB9-21B91DA5E531}.Release|x86.ActiveCfg = Release|Any CPU
		{9557151F-BE39-48CD-BEB9-21B91DA5E531}.Release|x86.Build.0 = Release|Any CPU
		{2BD083D3-01C9-46CA-9E9D-72A29240DBF3}.Debug|Any CPU.ActiveCfg = Debug|Any CPU
		{2BD083D3-01C9-46CA-9E9D-72A29240DBF3}.Debug|Any CPU.Build.0 = Debug|Any CPU
		{2BD083D3-01C9-46CA-9E9D-72A29240DBF3}.Debug|x64.ActiveCfg = Debug|Any CPU
		{2BD083D3-01C9-46CA-9E9D-72A29240DBF3}.Debug|x64.Build.0 = Debug|Any CPU
		{2BD083D3-01C9-46CA-9E9D-72A29240DBF3}.Debug|x86.ActiveCfg = Debug|Any CPU
		{2BD083D3-01C9-46CA-9E9D-72A29240DBF3}.Debug|x86.Build.0 = Debug|Any CPU
		{2BD083D3-01C9-46CA-9E9D-72A29240DBF3}.Perf|Any CPU.ActiveCfg = Release|Any CPU
		{2BD083D3-01C9-46CA-9E9D-72A29240DBF3}.Perf|Any CPU.Build.0 = Release|Any CPU
		{2BD083D3-01C9-46CA-9E9D-72A29240DBF3}.Perf|x64.ActiveCfg = Release|Any CPU
		{2BD083D3-01C9-46CA-9E9D-72A29240DBF3}.Perf|x64.Build.0 = Release|Any CPU
		{2BD083D3-01C9-46CA-9E9D-72A29240DBF3}.Perf|x86.ActiveCfg = Release|Any CPU
		{2BD083D3-01C9-46CA-9E9D-72A29240DBF3}.Perf|x86.Build.0 = Release|Any CPU
		{2BD083D3-01C9-46CA-9E9D-72A29240DBF3}.Release|Any CPU.ActiveCfg = Release|Any CPU
		{2BD083D3-01C9-46CA-9E9D-72A29240DBF3}.Release|Any CPU.Build.0 = Release|Any CPU
		{2BD083D3-01C9-46CA-9E9D-72A29240DBF3}.Release|x64.ActiveCfg = Release|Any CPU
		{2BD083D3-01C9-46CA-9E9D-72A29240DBF3}.Release|x64.Build.0 = Release|Any CPU
		{2BD083D3-01C9-46CA-9E9D-72A29240DBF3}.Release|x86.ActiveCfg = Release|Any CPU
		{2BD083D3-01C9-46CA-9E9D-72A29240DBF3}.Release|x86.Build.0 = Release|Any CPU
		{DA748764-54DF-409A-AAB4-FF6FB10E879D}.Debug|Any CPU.ActiveCfg = Debug|Any CPU
		{DA748764-54DF-409A-AAB4-FF6FB10E879D}.Debug|Any CPU.Build.0 = Debug|Any CPU
		{DA748764-54DF-409A-AAB4-FF6FB10E879D}.Debug|x64.ActiveCfg = Debug|Any CPU
		{DA748764-54DF-409A-AAB4-FF6FB10E879D}.Debug|x64.Build.0 = Debug|Any CPU
		{DA748764-54DF-409A-AAB4-FF6FB10E879D}.Debug|x86.ActiveCfg = Debug|Any CPU
		{DA748764-54DF-409A-AAB4-FF6FB10E879D}.Debug|x86.Build.0 = Debug|Any CPU
		{DA748764-54DF-409A-AAB4-FF6FB10E879D}.Perf|Any CPU.ActiveCfg = Release|Any CPU
		{DA748764-54DF-409A-AAB4-FF6FB10E879D}.Perf|Any CPU.Build.0 = Release|Any CPU
		{DA748764-54DF-409A-AAB4-FF6FB10E879D}.Perf|x64.ActiveCfg = Release|Any CPU
		{DA748764-54DF-409A-AAB4-FF6FB10E879D}.Perf|x64.Build.0 = Release|Any CPU
		{DA748764-54DF-409A-AAB4-FF6FB10E879D}.Perf|x86.ActiveCfg = Release|Any CPU
		{DA748764-54DF-409A-AAB4-FF6FB10E879D}.Perf|x86.Build.0 = Release|Any CPU
		{DA748764-54DF-409A-AAB4-FF6FB10E879D}.Release|Any CPU.ActiveCfg = Release|Any CPU
		{DA748764-54DF-409A-AAB4-FF6FB10E879D}.Release|Any CPU.Build.0 = Release|Any CPU
		{DA748764-54DF-409A-AAB4-FF6FB10E879D}.Release|x64.ActiveCfg = Release|Any CPU
		{DA748764-54DF-409A-AAB4-FF6FB10E879D}.Release|x64.Build.0 = Release|Any CPU
		{DA748764-54DF-409A-AAB4-FF6FB10E879D}.Release|x86.ActiveCfg = Release|Any CPU
		{DA748764-54DF-409A-AAB4-FF6FB10E879D}.Release|x86.Build.0 = Release|Any CPU
		{05B927F2-4DE8-41A6-A7B0-77D60430E62E}.Debug|Any CPU.ActiveCfg = Debug|Any CPU
		{05B927F2-4DE8-41A6-A7B0-77D60430E62E}.Debug|Any CPU.Build.0 = Debug|Any CPU
		{05B927F2-4DE8-41A6-A7B0-77D60430E62E}.Debug|x64.ActiveCfg = Debug|Any CPU
		{05B927F2-4DE8-41A6-A7B0-77D60430E62E}.Debug|x64.Build.0 = Debug|Any CPU
		{05B927F2-4DE8-41A6-A7B0-77D60430E62E}.Debug|x86.ActiveCfg = Debug|x86
		{05B927F2-4DE8-41A6-A7B0-77D60430E62E}.Debug|x86.Build.0 = Debug|x86
		{05B927F2-4DE8-41A6-A7B0-77D60430E62E}.Perf|Any CPU.ActiveCfg = Release|Any CPU
		{05B927F2-4DE8-41A6-A7B0-77D60430E62E}.Perf|Any CPU.Build.0 = Release|Any CPU
		{05B927F2-4DE8-41A6-A7B0-77D60430E62E}.Perf|x64.ActiveCfg = Release|Any CPU
		{05B927F2-4DE8-41A6-A7B0-77D60430E62E}.Perf|x64.Build.0 = Release|Any CPU
		{05B927F2-4DE8-41A6-A7B0-77D60430E62E}.Perf|x86.ActiveCfg = Release|x86
		{05B927F2-4DE8-41A6-A7B0-77D60430E62E}.Perf|x86.Build.0 = Release|x86
		{05B927F2-4DE8-41A6-A7B0-77D60430E62E}.Release|Any CPU.ActiveCfg = Release|Any CPU
		{05B927F2-4DE8-41A6-A7B0-77D60430E62E}.Release|Any CPU.Build.0 = Release|Any CPU
		{05B927F2-4DE8-41A6-A7B0-77D60430E62E}.Release|x64.ActiveCfg = Release|Any CPU
		{05B927F2-4DE8-41A6-A7B0-77D60430E62E}.Release|x64.Build.0 = Release|Any CPU
		{05B927F2-4DE8-41A6-A7B0-77D60430E62E}.Release|x86.ActiveCfg = Release|x86
		{05B927F2-4DE8-41A6-A7B0-77D60430E62E}.Release|x86.Build.0 = Release|x86
		{855EBE0C-FAAA-4D18-ADEC-8DA367FF3D09}.Debug|Any CPU.ActiveCfg = Debug|Any CPU
		{855EBE0C-FAAA-4D18-ADEC-8DA367FF3D09}.Debug|Any CPU.Build.0 = Debug|Any CPU
		{855EBE0C-FAAA-4D18-ADEC-8DA367FF3D09}.Debug|x64.ActiveCfg = Debug|Any CPU
		{855EBE0C-FAAA-4D18-ADEC-8DA367FF3D09}.Debug|x64.Build.0 = Debug|Any CPU
		{855EBE0C-FAAA-4D18-ADEC-8DA367FF3D09}.Debug|x86.ActiveCfg = Debug|x86
		{855EBE0C-FAAA-4D18-ADEC-8DA367FF3D09}.Debug|x86.Build.0 = Debug|x86
		{855EBE0C-FAAA-4D18-ADEC-8DA367FF3D09}.Perf|Any CPU.ActiveCfg = Release|Any CPU
		{855EBE0C-FAAA-4D18-ADEC-8DA367FF3D09}.Perf|Any CPU.Build.0 = Release|Any CPU
		{855EBE0C-FAAA-4D18-ADEC-8DA367FF3D09}.Perf|x64.ActiveCfg = Release|Any CPU
		{855EBE0C-FAAA-4D18-ADEC-8DA367FF3D09}.Perf|x64.Build.0 = Release|Any CPU
		{855EBE0C-FAAA-4D18-ADEC-8DA367FF3D09}.Perf|x86.ActiveCfg = Release|x86
		{855EBE0C-FAAA-4D18-ADEC-8DA367FF3D09}.Perf|x86.Build.0 = Release|x86
		{855EBE0C-FAAA-4D18-ADEC-8DA367FF3D09}.Release|Any CPU.ActiveCfg = Release|Any CPU
		{855EBE0C-FAAA-4D18-ADEC-8DA367FF3D09}.Release|Any CPU.Build.0 = Release|Any CPU
		{855EBE0C-FAAA-4D18-ADEC-8DA367FF3D09}.Release|x64.ActiveCfg = Release|Any CPU
		{855EBE0C-FAAA-4D18-ADEC-8DA367FF3D09}.Release|x64.Build.0 = Release|Any CPU
		{855EBE0C-FAAA-4D18-ADEC-8DA367FF3D09}.Release|x86.ActiveCfg = Release|x86
		{855EBE0C-FAAA-4D18-ADEC-8DA367FF3D09}.Release|x86.Build.0 = Release|x86
		{4E0099C8-5B9F-4C61-9C25-25A5FE3F1294}.Debug|Any CPU.ActiveCfg = Debug|Any CPU
		{4E0099C8-5B9F-4C61-9C25-25A5FE3F1294}.Debug|Any CPU.Build.0 = Debug|Any CPU
		{4E0099C8-5B9F-4C61-9C25-25A5FE3F1294}.Debug|x64.ActiveCfg = Debug|Any CPU
		{4E0099C8-5B9F-4C61-9C25-25A5FE3F1294}.Debug|x64.Build.0 = Debug|Any CPU
		{4E0099C8-5B9F-4C61-9C25-25A5FE3F1294}.Debug|x86.ActiveCfg = Debug|x86
		{4E0099C8-5B9F-4C61-9C25-25A5FE3F1294}.Debug|x86.Build.0 = Debug|x86
		{4E0099C8-5B9F-4C61-9C25-25A5FE3F1294}.Perf|Any CPU.ActiveCfg = Release|Any CPU
		{4E0099C8-5B9F-4C61-9C25-25A5FE3F1294}.Perf|Any CPU.Build.0 = Release|Any CPU
		{4E0099C8-5B9F-4C61-9C25-25A5FE3F1294}.Perf|x64.ActiveCfg = Release|Any CPU
		{4E0099C8-5B9F-4C61-9C25-25A5FE3F1294}.Perf|x64.Build.0 = Release|Any CPU
		{4E0099C8-5B9F-4C61-9C25-25A5FE3F1294}.Perf|x86.ActiveCfg = Release|x86
		{4E0099C8-5B9F-4C61-9C25-25A5FE3F1294}.Perf|x86.Build.0 = Release|x86
		{4E0099C8-5B9F-4C61-9C25-25A5FE3F1294}.Release|Any CPU.ActiveCfg = Release|Any CPU
		{4E0099C8-5B9F-4C61-9C25-25A5FE3F1294}.Release|Any CPU.Build.0 = Release|Any CPU
		{4E0099C8-5B9F-4C61-9C25-25A5FE3F1294}.Release|x64.ActiveCfg = Release|Any CPU
		{4E0099C8-5B9F-4C61-9C25-25A5FE3F1294}.Release|x64.Build.0 = Release|Any CPU
		{4E0099C8-5B9F-4C61-9C25-25A5FE3F1294}.Release|x86.ActiveCfg = Release|x86
		{4E0099C8-5B9F-4C61-9C25-25A5FE3F1294}.Release|x86.Build.0 = Release|x86
		{3649021D-1C61-40B2-9F8D-5C8034169145}.Debug|Any CPU.ActiveCfg = Debug|Any CPU
		{3649021D-1C61-40B2-9F8D-5C8034169145}.Debug|Any CPU.Build.0 = Debug|Any CPU
		{3649021D-1C61-40B2-9F8D-5C8034169145}.Debug|x64.ActiveCfg = Debug|Any CPU
		{3649021D-1C61-40B2-9F8D-5C8034169145}.Debug|x64.Build.0 = Debug|Any CPU
		{3649021D-1C61-40B2-9F8D-5C8034169145}.Debug|x86.ActiveCfg = Debug|x86
		{3649021D-1C61-40B2-9F8D-5C8034169145}.Debug|x86.Build.0 = Debug|x86
		{3649021D-1C61-40B2-9F8D-5C8034169145}.Perf|Any CPU.ActiveCfg = Release|Any CPU
		{3649021D-1C61-40B2-9F8D-5C8034169145}.Perf|Any CPU.Build.0 = Release|Any CPU
		{3649021D-1C61-40B2-9F8D-5C8034169145}.Perf|x64.ActiveCfg = Release|Any CPU
		{3649021D-1C61-40B2-9F8D-5C8034169145}.Perf|x64.Build.0 = Release|Any CPU
		{3649021D-1C61-40B2-9F8D-5C8034169145}.Perf|x86.ActiveCfg = Release|x86
		{3649021D-1C61-40B2-9F8D-5C8034169145}.Perf|x86.Build.0 = Release|x86
		{3649021D-1C61-40B2-9F8D-5C8034169145}.Release|Any CPU.ActiveCfg = Release|Any CPU
		{3649021D-1C61-40B2-9F8D-5C8034169145}.Release|Any CPU.Build.0 = Release|Any CPU
		{3649021D-1C61-40B2-9F8D-5C8034169145}.Release|x64.ActiveCfg = Release|Any CPU
		{3649021D-1C61-40B2-9F8D-5C8034169145}.Release|x64.Build.0 = Release|Any CPU
		{3649021D-1C61-40B2-9F8D-5C8034169145}.Release|x86.ActiveCfg = Release|x86
		{3649021D-1C61-40B2-9F8D-5C8034169145}.Release|x86.Build.0 = Release|x86
		{B261915A-C1DD-47B4-BABA-3ACCAFFA570B}.Debug|Any CPU.ActiveCfg = Debug|Any CPU
		{B261915A-C1DD-47B4-BABA-3ACCAFFA570B}.Debug|Any CPU.Build.0 = Debug|Any CPU
		{B261915A-C1DD-47B4-BABA-3ACCAFFA570B}.Debug|x64.ActiveCfg = Debug|Any CPU
		{B261915A-C1DD-47B4-BABA-3ACCAFFA570B}.Debug|x64.Build.0 = Debug|Any CPU
		{B261915A-C1DD-47B4-BABA-3ACCAFFA570B}.Debug|x86.ActiveCfg = Debug|x86
		{B261915A-C1DD-47B4-BABA-3ACCAFFA570B}.Debug|x86.Build.0 = Debug|x86
		{B261915A-C1DD-47B4-BABA-3ACCAFFA570B}.Perf|Any CPU.ActiveCfg = Release|Any CPU
		{B261915A-C1DD-47B4-BABA-3ACCAFFA570B}.Perf|Any CPU.Build.0 = Release|Any CPU
		{B261915A-C1DD-47B4-BABA-3ACCAFFA570B}.Perf|x64.ActiveCfg = Release|Any CPU
		{B261915A-C1DD-47B4-BABA-3ACCAFFA570B}.Perf|x64.Build.0 = Release|Any CPU
		{B261915A-C1DD-47B4-BABA-3ACCAFFA570B}.Perf|x86.ActiveCfg = Release|x86
		{B261915A-C1DD-47B4-BABA-3ACCAFFA570B}.Perf|x86.Build.0 = Release|x86
		{B261915A-C1DD-47B4-BABA-3ACCAFFA570B}.Release|Any CPU.ActiveCfg = Release|Any CPU
		{B261915A-C1DD-47B4-BABA-3ACCAFFA570B}.Release|Any CPU.Build.0 = Release|Any CPU
		{B261915A-C1DD-47B4-BABA-3ACCAFFA570B}.Release|x64.ActiveCfg = Release|Any CPU
		{B261915A-C1DD-47B4-BABA-3ACCAFFA570B}.Release|x64.Build.0 = Release|Any CPU
		{B261915A-C1DD-47B4-BABA-3ACCAFFA570B}.Release|x86.ActiveCfg = Release|x86
		{B261915A-C1DD-47B4-BABA-3ACCAFFA570B}.Release|x86.Build.0 = Release|x86
		{BE64B0A0-33D5-4CB0-A203-8F18266AD794}.Debug|Any CPU.ActiveCfg = Debug|Any CPU
		{BE64B0A0-33D5-4CB0-A203-8F18266AD794}.Debug|Any CPU.Build.0 = Debug|Any CPU
		{BE64B0A0-33D5-4CB0-A203-8F18266AD794}.Debug|x64.ActiveCfg = Debug|Any CPU
		{BE64B0A0-33D5-4CB0-A203-8F18266AD794}.Debug|x64.Build.0 = Debug|Any CPU
		{BE64B0A0-33D5-4CB0-A203-8F18266AD794}.Debug|x86.ActiveCfg = Debug|x86
		{BE64B0A0-33D5-4CB0-A203-8F18266AD794}.Debug|x86.Build.0 = Debug|x86
		{BE64B0A0-33D5-4CB0-A203-8F18266AD794}.Perf|Any CPU.ActiveCfg = Release|Any CPU
		{BE64B0A0-33D5-4CB0-A203-8F18266AD794}.Perf|Any CPU.Build.0 = Release|Any CPU
		{BE64B0A0-33D5-4CB0-A203-8F18266AD794}.Perf|x64.ActiveCfg = Release|Any CPU
		{BE64B0A0-33D5-4CB0-A203-8F18266AD794}.Perf|x64.Build.0 = Release|Any CPU
		{BE64B0A0-33D5-4CB0-A203-8F18266AD794}.Perf|x86.ActiveCfg = Release|x86
		{BE64B0A0-33D5-4CB0-A203-8F18266AD794}.Perf|x86.Build.0 = Release|x86
		{BE64B0A0-33D5-4CB0-A203-8F18266AD794}.Release|Any CPU.ActiveCfg = Release|Any CPU
		{BE64B0A0-33D5-4CB0-A203-8F18266AD794}.Release|Any CPU.Build.0 = Release|Any CPU
		{BE64B0A0-33D5-4CB0-A203-8F18266AD794}.Release|x64.ActiveCfg = Release|Any CPU
		{BE64B0A0-33D5-4CB0-A203-8F18266AD794}.Release|x64.Build.0 = Release|Any CPU
		{BE64B0A0-33D5-4CB0-A203-8F18266AD794}.Release|x86.ActiveCfg = Release|x86
		{BE64B0A0-33D5-4CB0-A203-8F18266AD794}.Release|x86.Build.0 = Release|x86
		{D9404B36-10AC-48B1-BC74-2D3D12892C62}.Debug|Any CPU.ActiveCfg = Debug|Any CPU
		{D9404B36-10AC-48B1-BC74-2D3D12892C62}.Debug|Any CPU.Build.0 = Debug|Any CPU
		{D9404B36-10AC-48B1-BC74-2D3D12892C62}.Debug|x64.ActiveCfg = Debug|Any CPU
		{D9404B36-10AC-48B1-BC74-2D3D12892C62}.Debug|x64.Build.0 = Debug|Any CPU
		{D9404B36-10AC-48B1-BC74-2D3D12892C62}.Debug|x86.ActiveCfg = Debug|Any CPU
		{D9404B36-10AC-48B1-BC74-2D3D12892C62}.Debug|x86.Build.0 = Debug|Any CPU
		{D9404B36-10AC-48B1-BC74-2D3D12892C62}.Perf|Any CPU.ActiveCfg = Debug|Any CPU
		{D9404B36-10AC-48B1-BC74-2D3D12892C62}.Perf|Any CPU.Build.0 = Debug|Any CPU
		{D9404B36-10AC-48B1-BC74-2D3D12892C62}.Perf|x64.ActiveCfg = Debug|Any CPU
		{D9404B36-10AC-48B1-BC74-2D3D12892C62}.Perf|x64.Build.0 = Debug|Any CPU
		{D9404B36-10AC-48B1-BC74-2D3D12892C62}.Perf|x86.ActiveCfg = Debug|Any CPU
		{D9404B36-10AC-48B1-BC74-2D3D12892C62}.Perf|x86.Build.0 = Debug|Any CPU
		{D9404B36-10AC-48B1-BC74-2D3D12892C62}.Release|Any CPU.ActiveCfg = Release|Any CPU
		{D9404B36-10AC-48B1-BC74-2D3D12892C62}.Release|Any CPU.Build.0 = Release|Any CPU
		{D9404B36-10AC-48B1-BC74-2D3D12892C62}.Release|x64.ActiveCfg = Release|Any CPU
		{D9404B36-10AC-48B1-BC74-2D3D12892C62}.Release|x64.Build.0 = Release|Any CPU
		{D9404B36-10AC-48B1-BC74-2D3D12892C62}.Release|x86.ActiveCfg = Release|Any CPU
		{D9404B36-10AC-48B1-BC74-2D3D12892C62}.Release|x86.Build.0 = Release|Any CPU
	EndGlobalSection
	GlobalSection(SolutionProperties) = preSolution
		HideSolutionNode = FALSE
	EndGlobalSection
	GlobalSection(NestedProjects) = preSolution
		{955E70DC-8385-42FA-ACB2-12ACD8103BCE} = {A3DBD79B-05AE-487F-8863-9C777479FD4D}
		{BFEAB4D8-77AB-471D-895E-B07B4E363FB5} = {955E70DC-8385-42FA-ACB2-12ACD8103BCE}
		{46F90D17-24E8-4020-861F-219ED35A4010} = {955E70DC-8385-42FA-ACB2-12ACD8103BCE}
		{C1DC7CC0-9A48-4D5F-83B3-975462F7132E} = {955E70DC-8385-42FA-ACB2-12ACD8103BCE}
		{14BF4D10-A6C1-4495-8470-3200A3E09EF1} = {955E70DC-8385-42FA-ACB2-12ACD8103BCE}
		{A4D6ADF1-2AEE-4F2C-89AE-2B9AB34E25B4} = {955E70DC-8385-42FA-ACB2-12ACD8103BCE}
		{94F847EB-872D-450E-B1DC-1271A1997BE9} = {955E70DC-8385-42FA-ACB2-12ACD8103BCE}
		{F4DF289A-3E97-4D5A-A68F-DDF6D3DF72B0} = {955E70DC-8385-42FA-ACB2-12ACD8103BCE}
		{33A1E5C4-288B-4CE3-BC43-467AC3B6F721} = {955E70DC-8385-42FA-ACB2-12ACD8103BCE}
		{581564AB-1712-490F-AD47-1C682C433871} = {955E70DC-8385-42FA-ACB2-12ACD8103BCE}
		{8B869712-F705-496E-8DAE-8B070FF00FD2} = {ABDE0BF2-899C-42B6-B1EB-AA1D399AD1BB}
		{70C9264C-9376-4CDD-A4A6-1D1315FACEA1} = {8B869712-F705-496E-8DAE-8B070FF00FD2}
		{1C549C6D-A12E-4565-B0E5-62B2C2D2EFC5} = {A3DBD79B-05AE-487F-8863-9C777479FD4D}
		{3A4AFEAC-A4F7-44E6-9860-1E033F0254AE} = {1C549C6D-A12E-4565-B0E5-62B2C2D2EFC5}
		{4DA21F68-9317-4FB1-AB31-686EC8615985} = {1C549C6D-A12E-4565-B0E5-62B2C2D2EFC5}
		{42D9E604-CECC-4798-B0A5-82278EB8BB6A} = {1C549C6D-A12E-4565-B0E5-62B2C2D2EFC5}
		{A3D5CC49-DD4A-4FD6-A165-7D5AF60CDD15} = {1C549C6D-A12E-4565-B0E5-62B2C2D2EFC5}
		{DA58ECDA-DB5D-41D0-982A-7E17E8172354} = {1C549C6D-A12E-4565-B0E5-62B2C2D2EFC5}
		{FD1CED96-0573-4115-9D7A-D5075A3FF768} = {1C549C6D-A12E-4565-B0E5-62B2C2D2EFC5}
		{E2BB2836-97A5-4F81-A11F-4CD9DEFB5657} = {1C549C6D-A12E-4565-B0E5-62B2C2D2EFC5}
		{9557151F-BE39-48CD-BEB9-21B91DA5E531} = {1C549C6D-A12E-4565-B0E5-62B2C2D2EFC5}
		{2BD083D3-01C9-46CA-9E9D-72A29240DBF3} = {1C549C6D-A12E-4565-B0E5-62B2C2D2EFC5}
		{DA748764-54DF-409A-AAB4-FF6FB10E879D} = {1C549C6D-A12E-4565-B0E5-62B2C2D2EFC5}
		{03AD55EB-F3F0-41D2-819D-48A82C65EE71} = {A3DBD79B-05AE-487F-8863-9C777479FD4D}
		{05B927F2-4DE8-41A6-A7B0-77D60430E62E} = {03AD55EB-F3F0-41D2-819D-48A82C65EE71}
		{855EBE0C-FAAA-4D18-ADEC-8DA367FF3D09} = {03AD55EB-F3F0-41D2-819D-48A82C65EE71}
		{4E0099C8-5B9F-4C61-9C25-25A5FE3F1294} = {03AD55EB-F3F0-41D2-819D-48A82C65EE71}
		{3649021D-1C61-40B2-9F8D-5C8034169145} = {03AD55EB-F3F0-41D2-819D-48A82C65EE71}
		{B261915A-C1DD-47B4-BABA-3ACCAFFA570B} = {03AD55EB-F3F0-41D2-819D-48A82C65EE71}
		{BE64B0A0-33D5-4CB0-A203-8F18266AD794} = {03AD55EB-F3F0-41D2-819D-48A82C65EE71}
	EndGlobalSection
	GlobalSection(ExtensibilityGlobals) = postSolution
		SolutionGuid = {0094FD09-7C1B-4C43-887D-0641B421D4C6}
	EndGlobalSection
EndGlobal
