
Microsoft Visual Studio Solution File, Format Version 10.00
# Visual Studio 2008
# SharpDevelop 3.2.0.5443
Project("{2150E333-8FDC-42A3-9474-1A3956D46DE8}") = "Documents", "Documents", "{669DE011-7BAD-44D5-93A4-204CFB8F4AD5}"
	ProjectSection(SolutionItems) = preProject
		readme.txt = readme.txt
		Build.proj = Build.proj
	EndProjectSection
EndProject
Project("{FAE04EC0-301F-11D3-BF4B-00C04F79EFBC}") = "SharpSnmpLib", "SharpSnmpLib\SharpSnmpLib.csproj", "{286DE6DB-8F95-4BD4-86A2-86488D2E0EE1}"
EndProject
Project("{FAE04EC0-301F-11D3-BF4B-00C04F79EFBC}") = "Tests", "Tests\Tests.csproj", "{FE484004-0780-4730-9D91-D4597341B56E}"
EndProject
Project("{FAE04EC0-301F-11D3-BF4B-00C04F79EFBC}") = "SharpSnmpLib.Controls", "SharpSnmpLib\SharpSnmpLib.Controls.csproj", "{B2E8F73F-072C-4F5B-A42B-315F84A45374}"
EndProject
Project("{FAE04EC0-301F-11D3-BF4B-00C04F79EFBC}") = "SharpSnmpLib.Mib", "SharpSnmpLib\SharpSnmpLib.Mib.csproj", "{CBE20411-5DB7-487D-825D-7694267BB6F5}"
EndProject
Project("{FAE04EC0-301F-11D3-BF4B-00C04F79EFBC}") = "SharpSnmpLib.Optional", "SharpSnmpLib\SharpSnmpLib.Optional.csproj", "{33110773-3E28-4963-8956-C07FB8A5F7E3}"
EndProject
Global
	GlobalSection(SolutionConfigurationPlatforms) = preSolution
		Debug|Any CPU = Debug|Any CPU
		Release|Any CPU = Release|Any CPU
	EndGlobalSection
	GlobalSection(ProjectConfigurationPlatforms) = postSolution
		{286DE6DB-8F95-4BD4-86A2-86488D2E0EE1}.Debug|Any CPU.ActiveCfg = Debug|Any CPU
		{286DE6DB-8F95-4BD4-86A2-86488D2E0EE1}.Debug|Any CPU.Build.0 = Debug|Any CPU
		{286DE6DB-8F95-4BD4-86A2-86488D2E0EE1}.Release|Any CPU.ActiveCfg = Release|Any CPU
		{286DE6DB-8F95-4BD4-86A2-86488D2E0EE1}.Release|Any CPU.Build.0 = Release|Any CPU
		{FE484004-0780-4730-9D91-D4597341B56E}.Debug|Any CPU.ActiveCfg = Debug|Any CPU
		{FE484004-0780-4730-9D91-D4597341B56E}.Debug|Any CPU.Build.0 = Debug|Any CPU
		{FE484004-0780-4730-9D91-D4597341B56E}.Release|Any CPU.ActiveCfg = Release|Any CPU
		{FE484004-0780-4730-9D91-D4597341B56E}.Release|Any CPU.Build.0 = Release|Any CPU
		{B2E8F73F-072C-4F5B-A42B-315F84A45374}.Debug|Any CPU.Build.0 = Debug|Any CPU
		{B2E8F73F-072C-4F5B-A42B-315F84A45374}.Debug|Any CPU.ActiveCfg = Debug|Any CPU
		{B2E8F73F-072C-4F5B-A42B-315F84A45374}.Release|Any CPU.Build.0 = Release|Any CPU
		{B2E8F73F-072C-4F5B-A42B-315F84A45374}.Release|Any CPU.ActiveCfg = Release|Any CPU
		{CBE20411-5DB7-487D-825D-7694267BB6F5}.Debug|Any CPU.Build.0 = Debug|Any CPU
		{CBE20411-5DB7-487D-825D-7694267BB6F5}.Debug|Any CPU.ActiveCfg = Debug|Any CPU
		{CBE20411-5DB7-487D-825D-7694267BB6F5}.Release|Any CPU.Build.0 = Release|Any CPU
		{CBE20411-5DB7-487D-825D-7694267BB6F5}.Release|Any CPU.ActiveCfg = Release|Any CPU
		{33110773-3E28-4963-8956-C07FB8A5F7E3}.Debug|Any CPU.Build.0 = Debug|Any CPU
		{33110773-3E28-4963-8956-C07FB8A5F7E3}.Debug|Any CPU.ActiveCfg = Debug|Any CPU
		{33110773-3E28-4963-8956-C07FB8A5F7E3}.Release|Any CPU.Build.0 = Release|Any CPU
		{33110773-3E28-4963-8956-C07FB8A5F7E3}.Release|Any CPU.ActiveCfg = Release|Any CPU
	EndGlobalSection
	GlobalSection(SolutionProperties) = preSolution
		HideSolutionNode = FALSE
	EndGlobalSection
EndGlobal
