
Microsoft Visual Studio Solution File, Format Version 12.00
# Visual Studio 15
VisualStudioVersion = 15.0.26403.7
MinimumVisualStudioVersion = 10.0.40219.1
Project("{9A19103F-16F7-4668-BE54-9A1E7A4F7556}") = "SharpSnmpLib.NetStandard", "SharpSnmpLib\SharpSnmpLib.NetStandard.csproj", "{7BC38E05-9B86-4654-B81A-BF153EDAF9DB}"
EndProject
Project("{9A19103F-16F7-4668-BE54-9A1E7A4F7556}") = "Tests.NetStandard", "Tests\Tests.NetStandard.csproj", "{B09DE848-5D73-45AB-92FA-F7173A0E3736}"
EndProject
Project("{FAE04EC0-301F-11D3-BF4B-00C04F79EFBC}") = "BytesViewer", "Samples\CSharp\BytesViewer\BytesViewer.csproj", "{42D9E604-CECC-4798-B0A5-82278EB8BB6A}"
EndProject
Project("{2150E333-8FDC-42A3-9474-1A3956D46DE8}") = "Samples", "Samples", "{A3DBD79B-05AE-487F-8863-9C777479FD4D}"
EndProject
Project("{2150E333-8FDC-42A3-9474-1A3956D46DE8}") = "CSharp", "CSharp", "{37DA0316-6118-42ED-ABC4-B40403073071}"
EndProject
Project("{FAE04EC0-301F-11D3-BF4B-00C04F79EFBC}") = "snmpbulkget", "Samples\CSharp\snmpbulkget\snmpbulkget.csproj", "{A3D5CC49-DD4A-4FD6-A165-7D5AF60CDD15}"
EndProject
Project("{FAE04EC0-301F-11D3-BF4B-00C04F79EFBC}") = "snmpdiscover", "Samples\CSharp\snmpdiscover\snmpdiscover.csproj", "{FD1CED96-0573-4115-9D7A-D5075A3FF768}"
EndProject
Project("{FAE04EC0-301F-11D3-BF4B-00C04F79EFBC}") = "snmpget", "Samples\CSharp\snmpget\snmpget.csproj", "{3A4AFEAC-A4F7-44E6-9860-1E033F0254AE}"
EndProject
Project("{FAE04EC0-301F-11D3-BF4B-00C04F79EFBC}") = "snmpgetnext", "Samples\CSharp\snmpgetnext\snmpgetnext.csproj", "{4DA21F68-9317-4FB1-AB31-686EC8615985}"
EndProject
Project("{FAE04EC0-301F-11D3-BF4B-00C04F79EFBC}") = "snmpsendtrap", "Samples\CSharp\snmpsendtrap\snmpsendtrap.csproj", "{E2BB2836-97A5-4F81-A11F-4CD9DEFB5657}"
EndProject
Project("{FAE04EC0-301F-11D3-BF4B-00C04F79EFBC}") = "snmpset", "Samples\CSharp\snmpset\snmpset.csproj", "{9557151F-BE39-48CD-BEB9-21B91DA5E531}"
EndProject
Project("{FAE04EC0-301F-11D3-BF4B-00C04F79EFBC}") = "snmptrapd", "Samples\CSharp\snmptrapd\snmptrapd.csproj", "{2BD083D3-01C9-46CA-9E9D-72A29240DBF3}"
EndProject
Project("{FAE04EC0-301F-11D3-BF4B-00C04F79EFBC}") = "snmpwalk", "Samples\CSharp\snmpwalk\snmpwalk.csproj", "{DA748764-54DF-409A-AAB4-FF6FB10E879D}"
EndProject
Project("{2150E333-8FDC-42A3-9474-1A3956D46DE8}") = "VB.NET", "VB.NET", "{78C5AF69-BBB9-429F-940D-5AFDF1B41ED9}"
EndProject
Project("{F184B08F-C81C-45F6-A57F-5ABD9991F28F}") = "snmpbulkget", "Samples\VB.NET\snmpbulkget\snmpbulkget.vbproj", "{05B927F2-4DE8-41A6-A7B0-77D60430E62E}"
EndProject
Project("{F184B08F-C81C-45F6-A57F-5ABD9991F28F}") = "snmpget", "Samples\VB.NET\snmpget\snmpget.vbproj", "{855EBE0C-FAAA-4D18-ADEC-8DA367FF3D09}"
EndProject
Project("{F184B08F-C81C-45F6-A57F-5ABD9991F28F}") = "snmpgetnext", "Samples\VB.NET\snmpgetnext\snmpgetnext.vbproj", "{4E0099C8-5B9F-4C61-9C25-25A5FE3F1294}"
EndProject
Project("{F184B08F-C81C-45F6-A57F-5ABD9991F28F}") = "snmpset", "Samples\VB.NET\snmpset\snmpset.vbproj", "{3649021D-1C61-40B2-9F8D-5C8034169145}"
EndProject
Project("{F184B08F-C81C-45F6-A57F-5ABD9991F28F}") = "snmptrapd", "Samples\VB.NET\snmptrapd\snmptrapd.vbproj", "{B261915A-C1DD-47B4-BABA-3ACCAFFA570B}"
EndProject
Project("{F184B08F-C81C-45F6-A57F-5ABD9991F28F}") = "snmpwalk", "Samples\VB.NET\snmpwalk\snmpwalk.vbproj", "{BE64B0A0-33D5-4CB0-A203-8F18266AD794}"
EndProject
Project("{FAE04EC0-301F-11D3-BF4B-00C04F79EFBC}") = "snmpd", "snmpd\snmpd.csproj", "{DA58ECDA-DB5D-41D0-982A-7E17E8172354}"
EndProject
Project("{FAE04EC0-301F-11D3-BF4B-00C04F79EFBC}") = "SharpSnmpLib.Full", "SharpSnmpLib\SharpSnmpLib.Full.csproj", "{286DE6DB-8F95-4BD4-86A2-86488D2E0EE1}"
EndProject
Project("{2150E333-8FDC-42A3-9474-1A3956D46DE8}") = "Dependencies", "Dependencies", "{8EA65357-5DCC-4605-9BA2-39129FEFBA2E}"
EndProject
Project("{FAE04EC0-301F-11D3-BF4B-00C04F79EFBC}") = "RemObjects.Mono.Helpers", "RemObjects.Mono.Helpers\RemObjects.Mono.Helpers.csproj", "{5E9B9AB3-59E8-44FA-B3DC-5EE67800C462}"
EndProject
Project("{FAE04EC0-301F-11D3-BF4B-00C04F79EFBC}") = "SharpSnmpLib.iOS", "SharpSnmpLib\SharpSnmpLib.iOS.csproj", "{9607A1E5-DF21-4E89-9B0C-501898252BF4}"
EndProject
Project("{FAE04EC0-301F-11D3-BF4B-00C04F79EFBC}") = "SharpSnmpLib.Android", "SharpSnmpLib\SharpSnmpLib.Android.csproj", "{AC68D000-E001-43CE-86A2-CFE24624EF9C}"
EndProject
Global
	GlobalSection(SolutionConfigurationPlatforms) = preSolution
		Debug|Any CPU = Debug|Any CPU
		Debug|x64 = Debug|x64
		Debug|x86 = Debug|x86
		Perf|Any CPU = Perf|Any CPU
		Perf|x64 = Perf|x64
		Perf|x86 = Perf|x86
		Release|Any CPU = Release|Any CPU
		Release|x64 = Release|x64
		Release|x86 = Release|x86
	EndGlobalSection
	GlobalSection(ProjectConfigurationPlatforms) = postSolution
		{7BC38E05-9B86-4654-B81A-BF153EDAF9DB}.Debug|Any CPU.ActiveCfg = Debug|Any CPU
		{7BC38E05-9B86-4654-B81A-BF153EDAF9DB}.Debug|Any CPU.Build.0 = Debug|Any CPU
		{7BC38E05-9B86-4654-B81A-BF153EDAF9DB}.Debug|x64.ActiveCfg = Debug|Any CPU
		{7BC38E05-9B86-4654-B81A-BF153EDAF9DB}.Debug|x64.Build.0 = Debug|Any CPU
		{7BC38E05-9B86-4654-B81A-BF153EDAF9DB}.Debug|x86.ActiveCfg = Debug|Any CPU
		{7BC38E05-9B86-4654-B81A-BF153EDAF9DB}.Debug|x86.Build.0 = Debug|Any CPU
		{7BC38E05-9B86-4654-B81A-BF153EDAF9DB}.Perf|Any CPU.ActiveCfg = Release|Any CPU
		{7BC38E05-9B86-4654-B81A-BF153EDAF9DB}.Perf|Any CPU.Build.0 = Release|Any CPU
		{7BC38E05-9B86-4654-B81A-BF153EDAF9DB}.Perf|x64.ActiveCfg = Release|Any CPU
		{7BC38E05-9B86-4654-B81A-BF153EDAF9DB}.Perf|x64.Build.0 = Release|Any CPU
		{7BC38E05-9B86-4654-B81A-BF153EDAF9DB}.Perf|x86.ActiveCfg = Release|Any CPU
		{7BC38E05-9B86-4654-B81A-BF153EDAF9DB}.Perf|x86.Build.0 = Release|Any CPU
		{7BC38E05-9B86-4654-B81A-BF153EDAF9DB}.Release|Any CPU.ActiveCfg = Release|Any CPU
		{7BC38E05-9B86-4654-B81A-BF153EDAF9DB}.Release|Any CPU.Build.0 = Release|Any CPU
		{7BC38E05-9B86-4654-B81A-BF153EDAF9DB}.Release|x64.ActiveCfg = Release|Any CPU
		{7BC38E05-9B86-4654-B81A-BF153EDAF9DB}.Release|x64.Build.0 = Release|Any CPU
		{7BC38E05-9B86-4654-B81A-BF153EDAF9DB}.Release|x86.ActiveCfg = Release|Any CPU
		{7BC38E05-9B86-4654-B81A-BF153EDAF9DB}.Release|x86.Build.0 = Release|Any CPU
		{B09DE848-5D73-45AB-92FA-F7173A0E3736}.Debug|Any CPU.ActiveCfg = Debug|Any CPU
		{B09DE848-5D73-45AB-92FA-F7173A0E3736}.Debug|Any CPU.Build.0 = Debug|Any CPU
		{B09DE848-5D73-45AB-92FA-F7173A0E3736}.Debug|x64.ActiveCfg = Debug|Any CPU
		{B09DE848-5D73-45AB-92FA-F7173A0E3736}.Debug|x64.Build.0 = Debug|Any CPU
		{B09DE848-5D73-45AB-92FA-F7173A0E3736}.Debug|x86.ActiveCfg = Debug|Any CPU
		{B09DE848-5D73-45AB-92FA-F7173A0E3736}.Debug|x86.Build.0 = Debug|Any CPU
		{B09DE848-5D73-45AB-92FA-F7173A0E3736}.Perf|Any CPU.ActiveCfg = Release|Any CPU
		{B09DE848-5D73-45AB-92FA-F7173A0E3736}.Perf|Any CPU.Build.0 = Release|Any CPU
		{B09DE848-5D73-45AB-92FA-F7173A0E3736}.Perf|x64.ActiveCfg = Release|Any CPU
		{B09DE848-5D73-45AB-92FA-F7173A0E3736}.Perf|x64.Build.0 = Release|Any CPU
		{B09DE848-5D73-45AB-92FA-F7173A0E3736}.Perf|x86.ActiveCfg = Release|Any CPU
		{B09DE848-5D73-45AB-92FA-F7173A0E3736}.Perf|x86.Build.0 = Release|Any CPU
		{B09DE848-5D73-45AB-92FA-F7173A0E3736}.Release|Any CPU.ActiveCfg = Release|Any CPU
		{B09DE848-5D73-45AB-92FA-F7173A0E3736}.Release|Any CPU.Build.0 = Release|Any CPU
		{B09DE848-5D73-45AB-92FA-F7173A0E3736}.Release|x64.ActiveCfg = Release|Any CPU
		{B09DE848-5D73-45AB-92FA-F7173A0E3736}.Release|x64.Build.0 = Release|Any CPU
		{B09DE848-5D73-45AB-92FA-F7173A0E3736}.Release|x86.ActiveCfg = Release|Any CPU
		{B09DE848-5D73-45AB-92FA-F7173A0E3736}.Release|x86.Build.0 = Release|Any CPU
		{42D9E604-CECC-4798-B0A5-82278EB8BB6A}.Debug|Any CPU.ActiveCfg = Debug|Any CPU
		{42D9E604-CECC-4798-B0A5-82278EB8BB6A}.Debug|Any CPU.Build.0 = Debug|Any CPU
		{42D9E604-CECC-4798-B0A5-82278EB8BB6A}.Debug|x64.ActiveCfg = Debug|Any CPU
		{42D9E604-CECC-4798-B0A5-82278EB8BB6A}.Debug|x64.Build.0 = Debug|Any CPU
		{42D9E604-CECC-4798-B0A5-82278EB8BB6A}.Debug|x86.ActiveCfg = Debug|Any CPU
		{42D9E604-CECC-4798-B0A5-82278EB8BB6A}.Debug|x86.Build.0 = Debug|Any CPU
		{42D9E604-CECC-4798-B0A5-82278EB8BB6A}.Perf|Any CPU.ActiveCfg = Release|Any CPU
		{42D9E604-CECC-4798-B0A5-82278EB8BB6A}.Perf|Any CPU.Build.0 = Release|Any CPU
		{42D9E604-CECC-4798-B0A5-82278EB8BB6A}.Perf|x64.ActiveCfg = Release|Any CPU
		{42D9E604-CECC-4798-B0A5-82278EB8BB6A}.Perf|x64.Build.0 = Release|Any CPU
		{42D9E604-CECC-4798-B0A5-82278EB8BB6A}.Perf|x86.ActiveCfg = Release|Any CPU
		{42D9E604-CECC-4798-B0A5-82278EB8BB6A}.Perf|x86.Build.0 = Release|Any CPU
		{42D9E604-CECC-4798-B0A5-82278EB8BB6A}.Release|Any CPU.ActiveCfg = Release|Any CPU
		{42D9E604-CECC-4798-B0A5-82278EB8BB6A}.Release|Any CPU.Build.0 = Release|Any CPU
		{42D9E604-CECC-4798-B0A5-82278EB8BB6A}.Release|x64.ActiveCfg = Release|Any CPU
		{42D9E604-CECC-4798-B0A5-82278EB8BB6A}.Release|x64.Build.0 = Release|Any CPU
		{42D9E604-CECC-4798-B0A5-82278EB8BB6A}.Release|x86.ActiveCfg = Release|Any CPU
		{42D9E604-CECC-4798-B0A5-82278EB8BB6A}.Release|x86.Build.0 = Release|Any CPU
		{A3D5CC49-DD4A-4FD6-A165-7D5AF60CDD15}.Debug|Any CPU.ActiveCfg = Debug|Any CPU
		{A3D5CC49-DD4A-4FD6-A165-7D5AF60CDD15}.Debug|Any CPU.Build.0 = Debug|Any CPU
		{A3D5CC49-DD4A-4FD6-A165-7D5AF60CDD15}.Debug|x64.ActiveCfg = Debug|Any CPU
		{A3D5CC49-DD4A-4FD6-A165-7D5AF60CDD15}.Debug|x64.Build.0 = Debug|Any CPU
		{A3D5CC49-DD4A-4FD6-A165-7D5AF60CDD15}.Debug|x86.ActiveCfg = Debug|Any CPU
		{A3D5CC49-DD4A-4FD6-A165-7D5AF60CDD15}.Debug|x86.Build.0 = Debug|Any CPU
		{A3D5CC49-DD4A-4FD6-A165-7D5AF60CDD15}.Perf|Any CPU.ActiveCfg = Release|Any CPU
		{A3D5CC49-DD4A-4FD6-A165-7D5AF60CDD15}.Perf|Any CPU.Build.0 = Release|Any CPU
		{A3D5CC49-DD4A-4FD6-A165-7D5AF60CDD15}.Perf|x64.ActiveCfg = Release|Any CPU
		{A3D5CC49-DD4A-4FD6-A165-7D5AF60CDD15}.Perf|x64.Build.0 = Release|Any CPU
		{A3D5CC49-DD4A-4FD6-A165-7D5AF60CDD15}.Perf|x86.ActiveCfg = Release|Any CPU
		{A3D5CC49-DD4A-4FD6-A165-7D5AF60CDD15}.Perf|x86.Build.0 = Release|Any CPU
		{A3D5CC49-DD4A-4FD6-A165-7D5AF60CDD15}.Release|Any CPU.ActiveCfg = Release|Any CPU
		{A3D5CC49-DD4A-4FD6-A165-7D5AF60CDD15}.Release|Any CPU.Build.0 = Release|Any CPU
		{A3D5CC49-DD4A-4FD6-A165-7D5AF60CDD15}.Release|x64.ActiveCfg = Release|Any CPU
		{A3D5CC49-DD4A-4FD6-A165-7D5AF60CDD15}.Release|x64.Build.0 = Release|Any CPU
		{A3D5CC49-DD4A-4FD6-A165-7D5AF60CDD15}.Release|x86.ActiveCfg = Release|Any CPU
		{A3D5CC49-DD4A-4FD6-A165-7D5AF60CDD15}.Release|x86.Build.0 = Release|Any CPU
		{FD1CED96-0573-4115-9D7A-D5075A3FF768}.Debug|Any CPU.ActiveCfg = Debug|Any CPU
		{FD1CED96-0573-4115-9D7A-D5075A3FF768}.Debug|Any CPU.Build.0 = Debug|Any CPU
		{FD1CED96-0573-4115-9D7A-D5075A3FF768}.Debug|x64.ActiveCfg = Debug|Any CPU
		{FD1CED96-0573-4115-9D7A-D5075A3FF768}.Debug|x64.Build.0 = Debug|Any CPU
		{FD1CED96-0573-4115-9D7A-D5075A3FF768}.Debug|x86.ActiveCfg = Debug|Any CPU
		{FD1CED96-0573-4115-9D7A-D5075A3FF768}.Debug|x86.Build.0 = Debug|Any CPU
		{FD1CED96-0573-4115-9D7A-D5075A3FF768}.Perf|Any CPU.ActiveCfg = Release|Any CPU
		{FD1CED96-0573-4115-9D7A-D5075A3FF768}.Perf|Any CPU.Build.0 = Release|Any CPU
		{FD1CED96-0573-4115-9D7A-D5075A3FF768}.Perf|x64.ActiveCfg = Release|Any CPU
		{FD1CED96-0573-4115-9D7A-D5075A3FF768}.Perf|x64.Build.0 = Release|Any CPU
		{FD1CED96-0573-4115-9D7A-D5075A3FF768}.Perf|x86.ActiveCfg = Release|Any CPU
		{FD1CED96-0573-4115-9D7A-D5075A3FF768}.Perf|x86.Build.0 = Release|Any CPU
		{FD1CED96-0573-4115-9D7A-D5075A3FF768}.Release|Any CPU.ActiveCfg = Release|Any CPU
		{FD1CED96-0573-4115-9D7A-D5075A3FF768}.Release|Any CPU.Build.0 = Release|Any CPU
		{FD1CED96-0573-4115-9D7A-D5075A3FF768}.Release|x64.ActiveCfg = Release|Any CPU
		{FD1CED96-0573-4115-9D7A-D5075A3FF768}.Release|x64.Build.0 = Release|Any CPU
		{FD1CED96-0573-4115-9D7A-D5075A3FF768}.Release|x86.ActiveCfg = Release|Any CPU
		{FD1CED96-0573-4115-9D7A-D5075A3FF768}.Release|x86.Build.0 = Release|Any CPU
		{3A4AFEAC-A4F7-44E6-9860-1E033F0254AE}.Debug|Any CPU.ActiveCfg = Debug|Any CPU
		{3A4AFEAC-A4F7-44E6-9860-1E033F0254AE}.Debug|Any CPU.Build.0 = Debug|Any CPU
		{3A4AFEAC-A4F7-44E6-9860-1E033F0254AE}.Debug|x64.ActiveCfg = Debug|Any CPU
		{3A4AFEAC-A4F7-44E6-9860-1E033F0254AE}.Debug|x64.Build.0 = Debug|Any CPU
		{3A4AFEAC-A4F7-44E6-9860-1E033F0254AE}.Debug|x86.ActiveCfg = Debug|Any CPU
		{3A4AFEAC-A4F7-44E6-9860-1E033F0254AE}.Debug|x86.Build.0 = Debug|Any CPU
		{3A4AFEAC-A4F7-44E6-9860-1E033F0254AE}.Perf|Any CPU.ActiveCfg = Release|Any CPU
		{3A4AFEAC-A4F7-44E6-9860-1E033F0254AE}.Perf|Any CPU.Build.0 = Release|Any CPU
		{3A4AFEAC-A4F7-44E6-9860-1E033F0254AE}.Perf|x64.ActiveCfg = Release|Any CPU
		{3A4AFEAC-A4F7-44E6-9860-1E033F0254AE}.Perf|x64.Build.0 = Release|Any CPU
		{3A4AFEAC-A4F7-44E6-9860-1E033F0254AE}.Perf|x86.ActiveCfg = Release|Any CPU
		{3A4AFEAC-A4F7-44E6-9860-1E033F0254AE}.Perf|x86.Build.0 = Release|Any CPU
		{3A4AFEAC-A4F7-44E6-9860-1E033F0254AE}.Release|Any CPU.ActiveCfg = Release|Any CPU
		{3A4AFEAC-A4F7-44E6-9860-1E033F0254AE}.Release|Any CPU.Build.0 = Release|Any CPU
		{3A4AFEAC-A4F7-44E6-9860-1E033F0254AE}.Release|x64.ActiveCfg = Release|Any CPU
		{3A4AFEAC-A4F7-44E6-9860-1E033F0254AE}.Release|x64.Build.0 = Release|Any CPU
		{3A4AFEAC-A4F7-44E6-9860-1E033F0254AE}.Release|x86.ActiveCfg = Release|Any CPU
		{3A4AFEAC-A4F7-44E6-9860-1E033F0254AE}.Release|x86.Build.0 = Release|Any CPU
		{4DA21F68-9317-4FB1-AB31-686EC8615985}.Debug|Any CPU.ActiveCfg = Debug|Any CPU
		{4DA21F68-9317-4FB1-AB31-686EC8615985}.Debug|Any CPU.Build.0 = Debug|Any CPU
		{4DA21F68-9317-4FB1-AB31-686EC8615985}.Debug|x64.ActiveCfg = Debug|Any CPU
		{4DA21F68-9317-4FB1-AB31-686EC8615985}.Debug|x64.Build.0 = Debug|Any CPU
		{4DA21F68-9317-4FB1-AB31-686EC8615985}.Debug|x86.ActiveCfg = Debug|Any CPU
		{4DA21F68-9317-4FB1-AB31-686EC8615985}.Debug|x86.Build.0 = Debug|Any CPU
		{4DA21F68-9317-4FB1-AB31-686EC8615985}.Perf|Any CPU.ActiveCfg = Release|Any CPU
		{4DA21F68-9317-4FB1-AB31-686EC8615985}.Perf|Any CPU.Build.0 = Release|Any CPU
		{4DA21F68-9317-4FB1-AB31-686EC8615985}.Perf|x64.ActiveCfg = Release|Any CPU
		{4DA21F68-9317-4FB1-AB31-686EC8615985}.Perf|x64.Build.0 = Release|Any CPU
		{4DA21F68-9317-4FB1-AB31-686EC8615985}.Perf|x86.ActiveCfg = Release|Any CPU
		{4DA21F68-9317-4FB1-AB31-686EC8615985}.Perf|x86.Build.0 = Release|Any CPU
		{4DA21F68-9317-4FB1-AB31-686EC8615985}.Release|Any CPU.ActiveCfg = Release|Any CPU
		{4DA21F68-9317-4FB1-AB31-686EC8615985}.Release|Any CPU.Build.0 = Release|Any CPU
		{4DA21F68-9317-4FB1-AB31-686EC8615985}.Release|x64.ActiveCfg = Release|Any CPU
		{4DA21F68-9317-4FB1-AB31-686EC8615985}.Release|x64.Build.0 = Release|Any CPU
		{4DA21F68-9317-4FB1-AB31-686EC8615985}.Release|x86.ActiveCfg = Release|Any CPU
		{4DA21F68-9317-4FB1-AB31-686EC8615985}.Release|x86.Build.0 = Release|Any CPU
		{E2BB2836-97A5-4F81-A11F-4CD9DEFB5657}.Debug|Any CPU.ActiveCfg = Debug|Any CPU
		{E2BB2836-97A5-4F81-A11F-4CD9DEFB5657}.Debug|Any CPU.Build.0 = Debug|Any CPU
		{E2BB2836-97A5-4F81-A11F-4CD9DEFB5657}.Debug|x64.ActiveCfg = Debug|Any CPU
		{E2BB2836-97A5-4F81-A11F-4CD9DEFB5657}.Debug|x64.Build.0 = Debug|Any CPU
		{E2BB2836-97A5-4F81-A11F-4CD9DEFB5657}.Debug|x86.ActiveCfg = Debug|Any CPU
		{E2BB2836-97A5-4F81-A11F-4CD9DEFB5657}.Debug|x86.Build.0 = Debug|Any CPU
		{E2BB2836-97A5-4F81-A11F-4CD9DEFB5657}.Perf|Any CPU.ActiveCfg = Release|Any CPU
		{E2BB2836-97A5-4F81-A11F-4CD9DEFB5657}.Perf|Any CPU.Build.0 = Release|Any CPU
		{E2BB2836-97A5-4F81-A11F-4CD9DEFB5657}.Perf|x64.ActiveCfg = Release|Any CPU
		{E2BB2836-97A5-4F81-A11F-4CD9DEFB5657}.Perf|x64.Build.0 = Release|Any CPU
		{E2BB2836-97A5-4F81-A11F-4CD9DEFB5657}.Perf|x86.ActiveCfg = Release|Any CPU
		{E2BB2836-97A5-4F81-A11F-4CD9DEFB5657}.Perf|x86.Build.0 = Release|Any CPU
		{E2BB2836-97A5-4F81-A11F-4CD9DEFB5657}.Release|Any CPU.ActiveCfg = Release|Any CPU
		{E2BB2836-97A5-4F81-A11F-4CD9DEFB5657}.Release|Any CPU.Build.0 = Release|Any CPU
		{E2BB2836-97A5-4F81-A11F-4CD9DEFB5657}.Release|x64.ActiveCfg = Release|Any CPU
		{E2BB2836-97A5-4F81-A11F-4CD9DEFB5657}.Release|x64.Build.0 = Release|Any CPU
		{E2BB2836-97A5-4F81-A11F-4CD9DEFB5657}.Release|x86.ActiveCfg = Release|Any CPU
		{E2BB2836-97A5-4F81-A11F-4CD9DEFB5657}.Release|x86.Build.0 = Release|Any CPU
		{9557151F-BE39-48CD-BEB9-21B91DA5E531}.Debug|Any CPU.ActiveCfg = Debug|Any CPU
		{9557151F-BE39-48CD-BEB9-21B91DA5E531}.Debug|Any CPU.Build.0 = Debug|Any CPU
		{9557151F-BE39-48CD-BEB9-21B91DA5E531}.Debug|x64.ActiveCfg = Debug|Any CPU
		{9557151F-BE39-48CD-BEB9-21B91DA5E531}.Debug|x64.Build.0 = Debug|Any CPU
		{9557151F-BE39-48CD-BEB9-21B91DA5E531}.Debug|x86.ActiveCfg = Debug|Any CPU
		{9557151F-BE39-48CD-BEB9-21B91DA5E531}.Debug|x86.Build.0 = Debug|Any CPU
		{9557151F-BE39-48CD-BEB9-21B91DA5E531}.Perf|Any CPU.ActiveCfg = Release|Any CPU
		{9557151F-BE39-48CD-BEB9-21B91DA5E531}.Perf|Any CPU.Build.0 = Release|Any CPU
		{9557151F-BE39-48CD-BEB9-21B91DA5E531}.Perf|x64.ActiveCfg = Release|Any CPU
		{9557151F-BE39-48CD-BEB9-21B91DA5E531}.Perf|x64.Build.0 = Release|Any CPU
		{9557151F-BE39-48CD-BEB9-21B91DA5E531}.Perf|x86.ActiveCfg = Release|Any CPU
		{9557151F-BE39-48CD-BEB9-21B91DA5E531}.Perf|x86.Build.0 = Release|Any CPU
		{9557151F-BE39-48CD-BEB9-21B91DA5E531}.Release|Any CPU.ActiveCfg = Release|Any CPU
		{9557151F-BE39-48CD-BEB9-21B91DA5E531}.Release|Any CPU.Build.0 = Release|Any CPU
		{9557151F-BE39-48CD-BEB9-21B91DA5E531}.Release|x64.ActiveCfg = Release|Any CPU
		{9557151F-BE39-48CD-BEB9-21B91DA5E531}.Release|x64.Build.0 = Release|Any CPU
		{9557151F-BE39-48CD-BEB9-21B91DA5E531}.Release|x86.ActiveCfg = Release|Any CPU
		{9557151F-BE39-48CD-BEB9-21B91DA5E531}.Release|x86.Build.0 = Release|Any CPU
		{2BD083D3-01C9-46CA-9E9D-72A29240DBF3}.Debug|Any CPU.ActiveCfg = Debug|Any CPU
		{2BD083D3-01C9-46CA-9E9D-72A29240DBF3}.Debug|Any CPU.Build.0 = Debug|Any CPU
		{2BD083D3-01C9-46CA-9E9D-72A29240DBF3}.Debug|x64.ActiveCfg = Debug|Any CPU
		{2BD083D3-01C9-46CA-9E9D-72A29240DBF3}.Debug|x64.Build.0 = Debug|Any CPU
		{2BD083D3-01C9-46CA-9E9D-72A29240DBF3}.Debug|x86.ActiveCfg = Debug|Any CPU
		{2BD083D3-01C9-46CA-9E9D-72A29240DBF3}.Debug|x86.Build.0 = Debug|Any CPU
		{2BD083D3-01C9-46CA-9E9D-72A29240DBF3}.Perf|Any CPU.ActiveCfg = Release|Any CPU
		{2BD083D3-01C9-46CA-9E9D-72A29240DBF3}.Perf|Any CPU.Build.0 = Release|Any CPU
		{2BD083D3-01C9-46CA-9E9D-72A29240DBF3}.Perf|x64.ActiveCfg = Release|Any CPU
		{2BD083D3-01C9-46CA-9E9D-72A29240DBF3}.Perf|x64.Build.0 = Release|Any CPU
		{2BD083D3-01C9-46CA-9E9D-72A29240DBF3}.Perf|x86.ActiveCfg = Release|Any CPU
		{2BD083D3-01C9-46CA-9E9D-72A29240DBF3}.Perf|x86.Build.0 = Release|Any CPU
		{2BD083D3-01C9-46CA-9E9D-72A29240DBF3}.Release|Any CPU.ActiveCfg = Release|Any CPU
		{2BD083D3-01C9-46CA-9E9D-72A29240DBF3}.Release|Any CPU.Build.0 = Release|Any CPU
		{2BD083D3-01C9-46CA-9E9D-72A29240DBF3}.Release|x64.ActiveCfg = Release|Any CPU
		{2BD083D3-01C9-46CA-9E9D-72A29240DBF3}.Release|x64.Build.0 = Release|Any CPU
		{2BD083D3-01C9-46CA-9E9D-72A29240DBF3}.Release|x86.ActiveCfg = Release|Any CPU
		{2BD083D3-01C9-46CA-9E9D-72A29240DBF3}.Release|x86.Build.0 = Release|Any CPU
		{DA748764-54DF-409A-AAB4-FF6FB10E879D}.Debug|Any CPU.ActiveCfg = Debug|Any CPU
		{DA748764-54DF-409A-AAB4-FF6FB10E879D}.Debug|Any CPU.Build.0 = Debug|Any CPU
		{DA748764-54DF-409A-AAB4-FF6FB10E879D}.Debug|x64.ActiveCfg = Debug|Any CPU
		{DA748764-54DF-409A-AAB4-FF6FB10E879D}.Debug|x64.Build.0 = Debug|Any CPU
		{DA748764-54DF-409A-AAB4-FF6FB10E879D}.Debug|x86.ActiveCfg = Debug|Any CPU
		{DA748764-54DF-409A-AAB4-FF6FB10E879D}.Debug|x86.Build.0 = Debug|Any CPU
		{DA748764-54DF-409A-AAB4-FF6FB10E879D}.Perf|Any CPU.ActiveCfg = Release|Any CPU
		{DA748764-54DF-409A-AAB4-FF6FB10E879D}.Perf|Any CPU.Build.0 = Release|Any CPU
		{DA748764-54DF-409A-AAB4-FF6FB10E879D}.Perf|x64.ActiveCfg = Release|Any CPU
		{DA748764-54DF-409A-AAB4-FF6FB10E879D}.Perf|x64.Build.0 = Release|Any CPU
		{DA748764-54DF-409A-AAB4-FF6FB10E879D}.Perf|x86.ActiveCfg = Release|Any CPU
		{DA748764-54DF-409A-AAB4-FF6FB10E879D}.Perf|x86.Build.0 = Release|Any CPU
		{DA748764-54DF-409A-AAB4-FF6FB10E879D}.Release|Any CPU.ActiveCfg = Release|Any CPU
		{DA748764-54DF-409A-AAB4-FF6FB10E879D}.Release|Any CPU.Build.0 = Release|Any CPU
		{DA748764-54DF-409A-AAB4-FF6FB10E879D}.Release|x64.ActiveCfg = Release|Any CPU
		{DA748764-54DF-409A-AAB4-FF6FB10E879D}.Release|x64.Build.0 = Release|Any CPU
		{DA748764-54DF-409A-AAB4-FF6FB10E879D}.Release|x86.ActiveCfg = Release|Any CPU
		{DA748764-54DF-409A-AAB4-FF6FB10E879D}.Release|x86.Build.0 = Release|Any CPU
		{05B927F2-4DE8-41A6-A7B0-77D60430E62E}.Debug|Any CPU.ActiveCfg = Debug|Any CPU
		{05B927F2-4DE8-41A6-A7B0-77D60430E62E}.Debug|Any CPU.Build.0 = Debug|Any CPU
		{05B927F2-4DE8-41A6-A7B0-77D60430E62E}.Debug|x64.ActiveCfg = Debug|Any CPU
		{05B927F2-4DE8-41A6-A7B0-77D60430E62E}.Debug|x64.Build.0 = Debug|Any CPU
		{05B927F2-4DE8-41A6-A7B0-77D60430E62E}.Debug|x86.ActiveCfg = Debug|x86
		{05B927F2-4DE8-41A6-A7B0-77D60430E62E}.Debug|x86.Build.0 = Debug|x86
		{05B927F2-4DE8-41A6-A7B0-77D60430E62E}.Perf|Any CPU.ActiveCfg = Release|Any CPU
		{05B927F2-4DE8-41A6-A7B0-77D60430E62E}.Perf|Any CPU.Build.0 = Release|Any CPU
		{05B927F2-4DE8-41A6-A7B0-77D60430E62E}.Perf|x64.ActiveCfg = Release|Any CPU
		{05B927F2-4DE8-41A6-A7B0-77D60430E62E}.Perf|x64.Build.0 = Release|Any CPU
		{05B927F2-4DE8-41A6-A7B0-77D60430E62E}.Perf|x86.ActiveCfg = Release|x86
		{05B927F2-4DE8-41A6-A7B0-77D60430E62E}.Perf|x86.Build.0 = Release|x86
		{05B927F2-4DE8-41A6-A7B0-77D60430E62E}.Release|Any CPU.ActiveCfg = Release|Any CPU
		{05B927F2-4DE8-41A6-A7B0-77D60430E62E}.Release|Any CPU.Build.0 = Release|Any CPU
		{05B927F2-4DE8-41A6-A7B0-77D60430E62E}.Release|x64.ActiveCfg = Release|Any CPU
		{05B927F2-4DE8-41A6-A7B0-77D60430E62E}.Release|x64.Build.0 = Release|Any CPU
		{05B927F2-4DE8-41A6-A7B0-77D60430E62E}.Release|x86.ActiveCfg = Release|x86
		{05B927F2-4DE8-41A6-A7B0-77D60430E62E}.Release|x86.Build.0 = Release|x86
		{855EBE0C-FAAA-4D18-ADEC-8DA367FF3D09}.Debug|Any CPU.ActiveCfg = Debug|Any CPU
		{855EBE0C-FAAA-4D18-ADEC-8DA367FF3D09}.Debug|Any CPU.Build.0 = Debug|Any CPU
		{855EBE0C-FAAA-4D18-ADEC-8DA367FF3D09}.Debug|x64.ActiveCfg = Debug|Any CPU
		{855EBE0C-FAAA-4D18-ADEC-8DA367FF3D09}.Debug|x64.Build.0 = Debug|Any CPU
		{855EBE0C-FAAA-4D18-ADEC-8DA367FF3D09}.Debug|x86.ActiveCfg = Debug|x86
		{855EBE0C-FAAA-4D18-ADEC-8DA367FF3D09}.Debug|x86.Build.0 = Debug|x86
		{855EBE0C-FAAA-4D18-ADEC-8DA367FF3D09}.Perf|Any CPU.ActiveCfg = Release|Any CPU
		{855EBE0C-FAAA-4D18-ADEC-8DA367FF3D09}.Perf|Any CPU.Build.0 = Release|Any CPU
		{855EBE0C-FAAA-4D18-ADEC-8DA367FF3D09}.Perf|x64.ActiveCfg = Release|Any CPU
		{855EBE0C-FAAA-4D18-ADEC-8DA367FF3D09}.Perf|x64.Build.0 = Release|Any CPU
		{855EBE0C-FAAA-4D18-ADEC-8DA367FF3D09}.Perf|x86.ActiveCfg = Release|x86
		{855EBE0C-FAAA-4D18-ADEC-8DA367FF3D09}.Perf|x86.Build.0 = Release|x86
		{855EBE0C-FAAA-4D18-ADEC-8DA367FF3D09}.Release|Any CPU.ActiveCfg = Release|Any CPU
		{855EBE0C-FAAA-4D18-ADEC-8DA367FF3D09}.Release|Any CPU.Build.0 = Release|Any CPU
		{855EBE0C-FAAA-4D18-ADEC-8DA367FF3D09}.Release|x64.ActiveCfg = Release|Any CPU
		{855EBE0C-FAAA-4D18-ADEC-8DA367FF3D09}.Release|x64.Build.0 = Release|Any CPU
		{855EBE0C-FAAA-4D18-ADEC-8DA367FF3D09}.Release|x86.ActiveCfg = Release|x86
		{855EBE0C-FAAA-4D18-ADEC-8DA367FF3D09}.Release|x86.Build.0 = Release|x86
		{4E0099C8-5B9F-4C61-9C25-25A5FE3F1294}.Debug|Any CPU.ActiveCfg = Debug|Any CPU
		{4E0099C8-5B9F-4C61-9C25-25A5FE3F1294}.Debug|Any CPU.Build.0 = Debug|Any CPU
		{4E0099C8-5B9F-4C61-9C25-25A5FE3F1294}.Debug|x64.ActiveCfg = Debug|Any CPU
		{4E0099C8-5B9F-4C61-9C25-25A5FE3F1294}.Debug|x64.Build.0 = Debug|Any CPU
		{4E0099C8-5B9F-4C61-9C25-25A5FE3F1294}.Debug|x86.ActiveCfg = Debug|x86
		{4E0099C8-5B9F-4C61-9C25-25A5FE3F1294}.Debug|x86.Build.0 = Debug|x86
		{4E0099C8-5B9F-4C61-9C25-25A5FE3F1294}.Perf|Any CPU.ActiveCfg = Release|Any CPU
		{4E0099C8-5B9F-4C61-9C25-25A5FE3F1294}.Perf|Any CPU.Build.0 = Release|Any CPU
		{4E0099C8-5B9F-4C61-9C25-25A5FE3F1294}.Perf|x64.ActiveCfg = Release|Any CPU
		{4E0099C8-5B9F-4C61-9C25-25A5FE3F1294}.Perf|x64.Build.0 = Release|Any CPU
		{4E0099C8-5B9F-4C61-9C25-25A5FE3F1294}.Perf|x86.ActiveCfg = Release|x86
		{4E0099C8-5B9F-4C61-9C25-25A5FE3F1294}.Perf|x86.Build.0 = Release|x86
		{4E0099C8-5B9F-4C61-9C25-25A5FE3F1294}.Release|Any CPU.ActiveCfg = Release|Any CPU
		{4E0099C8-5B9F-4C61-9C25-25A5FE3F1294}.Release|Any CPU.Build.0 = Release|Any CPU
		{4E0099C8-5B9F-4C61-9C25-25A5FE3F1294}.Release|x64.ActiveCfg = Release|Any CPU
		{4E0099C8-5B9F-4C61-9C25-25A5FE3F1294}.Release|x64.Build.0 = Release|Any CPU
		{4E0099C8-5B9F-4C61-9C25-25A5FE3F1294}.Release|x86.ActiveCfg = Release|x86
		{4E0099C8-5B9F-4C61-9C25-25A5FE3F1294}.Release|x86.Build.0 = Release|x86
		{3649021D-1C61-40B2-9F8D-5C8034169145}.Debug|Any CPU.ActiveCfg = Debug|Any CPU
		{3649021D-1C61-40B2-9F8D-5C8034169145}.Debug|Any CPU.Build.0 = Debug|Any CPU
		{3649021D-1C61-40B2-9F8D-5C8034169145}.Debug|x64.ActiveCfg = Debug|Any CPU
		{3649021D-1C61-40B2-9F8D-5C8034169145}.Debug|x64.Build.0 = Debug|Any CPU
		{3649021D-1C61-40B2-9F8D-5C8034169145}.Debug|x86.ActiveCfg = Debug|x86
		{3649021D-1C61-40B2-9F8D-5C8034169145}.Debug|x86.Build.0 = Debug|x86
		{3649021D-1C61-40B2-9F8D-5C8034169145}.Perf|Any CPU.ActiveCfg = Release|Any CPU
		{3649021D-1C61-40B2-9F8D-5C8034169145}.Perf|Any CPU.Build.0 = Release|Any CPU
		{3649021D-1C61-40B2-9F8D-5C8034169145}.Perf|x64.ActiveCfg = Release|Any CPU
		{3649021D-1C61-40B2-9F8D-5C8034169145}.Perf|x64.Build.0 = Release|Any CPU
		{3649021D-1C61-40B2-9F8D-5C8034169145}.Perf|x86.ActiveCfg = Release|x86
		{3649021D-1C61-40B2-9F8D-5C8034169145}.Perf|x86.Build.0 = Release|x86
		{3649021D-1C61-40B2-9F8D-5C8034169145}.Release|Any CPU.ActiveCfg = Release|Any CPU
		{3649021D-1C61-40B2-9F8D-5C8034169145}.Release|Any CPU.Build.0 = Release|Any CPU
		{3649021D-1C61-40B2-9F8D-5C8034169145}.Release|x64.ActiveCfg = Release|Any CPU
		{3649021D-1C61-40B2-9F8D-5C8034169145}.Release|x64.Build.0 = Release|Any CPU
		{3649021D-1C61-40B2-9F8D-5C8034169145}.Release|x86.ActiveCfg = Release|x86
		{3649021D-1C61-40B2-9F8D-5C8034169145}.Release|x86.Build.0 = Release|x86
		{B261915A-C1DD-47B4-BABA-3ACCAFFA570B}.Debug|Any CPU.ActiveCfg = Debug|Any CPU
		{B261915A-C1DD-47B4-BABA-3ACCAFFA570B}.Debug|Any CPU.Build.0 = Debug|Any CPU
		{B261915A-C1DD-47B4-BABA-3ACCAFFA570B}.Debug|x64.ActiveCfg = Debug|Any CPU
		{B261915A-C1DD-47B4-BABA-3ACCAFFA570B}.Debug|x64.Build.0 = Debug|Any CPU
		{B261915A-C1DD-47B4-BABA-3ACCAFFA570B}.Debug|x86.ActiveCfg = Debug|x86
		{B261915A-C1DD-47B4-BABA-3ACCAFFA570B}.Debug|x86.Build.0 = Debug|x86
		{B261915A-C1DD-47B4-BABA-3ACCAFFA570B}.Perf|Any CPU.ActiveCfg = Release|Any CPU
		{B261915A-C1DD-47B4-BABA-3ACCAFFA570B}.Perf|Any CPU.Build.0 = Release|Any CPU
		{B261915A-C1DD-47B4-BABA-3ACCAFFA570B}.Perf|x64.ActiveCfg = Release|Any CPU
		{B261915A-C1DD-47B4-BABA-3ACCAFFA570B}.Perf|x64.Build.0 = Release|Any CPU
		{B261915A-C1DD-47B4-BABA-3ACCAFFA570B}.Perf|x86.ActiveCfg = Release|x86
		{B261915A-C1DD-47B4-BABA-3ACCAFFA570B}.Perf|x86.Build.0 = Release|x86
		{B261915A-C1DD-47B4-BABA-3ACCAFFA570B}.Release|Any CPU.ActiveCfg = Release|Any CPU
		{B261915A-C1DD-47B4-BABA-3ACCAFFA570B}.Release|Any CPU.Build.0 = Release|Any CPU
		{B261915A-C1DD-47B4-BABA-3ACCAFFA570B}.Release|x64.ActiveCfg = Release|Any CPU
		{B261915A-C1DD-47B4-BABA-3ACCAFFA570B}.Release|x64.Build.0 = Release|Any CPU
		{B261915A-C1DD-47B4-BABA-3ACCAFFA570B}.Release|x86.ActiveCfg = Release|x86
		{B261915A-C1DD-47B4-BABA-3ACCAFFA570B}.Release|x86.Build.0 = Release|x86
		{BE64B0A0-33D5-4CB0-A203-8F18266AD794}.Debug|Any CPU.ActiveCfg = Debug|Any CPU
		{BE64B0A0-33D5-4CB0-A203-8F18266AD794}.Debug|Any CPU.Build.0 = Debug|Any CPU
		{BE64B0A0-33D5-4CB0-A203-8F18266AD794}.Debug|x64.ActiveCfg = Debug|Any CPU
		{BE64B0A0-33D5-4CB0-A203-8F18266AD794}.Debug|x64.Build.0 = Debug|Any CPU
		{BE64B0A0-33D5-4CB0-A203-8F18266AD794}.Debug|x86.ActiveCfg = Debug|x86
		{BE64B0A0-33D5-4CB0-A203-8F18266AD794}.Debug|x86.Build.0 = Debug|x86
		{BE64B0A0-33D5-4CB0-A203-8F18266AD794}.Perf|Any CPU.ActiveCfg = Release|Any CPU
		{BE64B0A0-33D5-4CB0-A203-8F18266AD794}.Perf|Any CPU.Build.0 = Release|Any CPU
		{BE64B0A0-33D5-4CB0-A203-8F18266AD794}.Perf|x64.ActiveCfg = Release|Any CPU
		{BE64B0A0-33D5-4CB0-A203-8F18266AD794}.Perf|x64.Build.0 = Release|Any CPU
		{BE64B0A0-33D5-4CB0-A203-8F18266AD794}.Perf|x86.ActiveCfg = Release|x86
		{BE64B0A0-33D5-4CB0-A203-8F18266AD794}.Perf|x86.Build.0 = Release|x86
		{BE64B0A0-33D5-4CB0-A203-8F18266AD794}.Release|Any CPU.ActiveCfg = Release|Any CPU
		{BE64B0A0-33D5-4CB0-A203-8F18266AD794}.Release|Any CPU.Build.0 = Release|Any CPU
		{BE64B0A0-33D5-4CB0-A203-8F18266AD794}.Release|x64.ActiveCfg = Release|Any CPU
		{BE64B0A0-33D5-4CB0-A203-8F18266AD794}.Release|x64.Build.0 = Release|Any CPU
		{BE64B0A0-33D5-4CB0-A203-8F18266AD794}.Release|x86.ActiveCfg = Release|x86
		{BE64B0A0-33D5-4CB0-A203-8F18266AD794}.Release|x86.Build.0 = Release|x86
		{DA58ECDA-DB5D-41D0-982A-7E17E8172354}.Debug|Any CPU.ActiveCfg = Debug|Any CPU
		{DA58ECDA-DB5D-41D0-982A-7E17E8172354}.Debug|Any CPU.Build.0 = Debug|Any CPU
		{DA58ECDA-DB5D-41D0-982A-7E17E8172354}.Debug|x64.ActiveCfg = Debug|Any CPU
		{DA58ECDA-DB5D-41D0-982A-7E17E8172354}.Debug|x64.Build.0 = Debug|Any CPU
		{DA58ECDA-DB5D-41D0-982A-7E17E8172354}.Debug|x86.ActiveCfg = Debug|Any CPU
		{DA58ECDA-DB5D-41D0-982A-7E17E8172354}.Debug|x86.Build.0 = Debug|Any CPU
		{DA58ECDA-DB5D-41D0-982A-7E17E8172354}.Perf|Any CPU.ActiveCfg = Release|Any CPU
		{DA58ECDA-DB5D-41D0-982A-7E17E8172354}.Perf|Any CPU.Build.0 = Release|Any CPU
		{DA58ECDA-DB5D-41D0-982A-7E17E8172354}.Perf|x64.ActiveCfg = Release|Any CPU
		{DA58ECDA-DB5D-41D0-982A-7E17E8172354}.Perf|x64.Build.0 = Release|Any CPU
		{DA58ECDA-DB5D-41D0-982A-7E17E8172354}.Perf|x86.ActiveCfg = Release|Any CPU
		{DA58ECDA-DB5D-41D0-982A-7E17E8172354}.Perf|x86.Build.0 = Release|Any CPU
		{DA58ECDA-DB5D-41D0-982A-7E17E8172354}.Release|Any CPU.ActiveCfg = Release|Any CPU
		{DA58ECDA-DB5D-41D0-982A-7E17E8172354}.Release|Any CPU.Build.0 = Release|Any CPU
		{DA58ECDA-DB5D-41D0-982A-7E17E8172354}.Release|x64.ActiveCfg = Release|Any CPU
		{DA58ECDA-DB5D-41D0-982A-7E17E8172354}.Release|x64.Build.0 = Release|Any CPU
		{DA58ECDA-DB5D-41D0-982A-7E17E8172354}.Release|x86.ActiveCfg = Release|Any CPU
		{DA58ECDA-DB5D-41D0-982A-7E17E8172354}.Release|x86.Build.0 = Release|Any CPU
		{286DE6DB-8F95-4BD4-86A2-86488D2E0EE1}.Debug|Any CPU.ActiveCfg = Debug|Any CPU
		{286DE6DB-8F95-4BD4-86A2-86488D2E0EE1}.Debug|Any CPU.Build.0 = Debug|Any CPU
		{286DE6DB-8F95-4BD4-86A2-86488D2E0EE1}.Debug|x64.ActiveCfg = Debug|Any CPU
		{286DE6DB-8F95-4BD4-86A2-86488D2E0EE1}.Debug|x64.Build.0 = Debug|Any CPU
		{286DE6DB-8F95-4BD4-86A2-86488D2E0EE1}.Debug|x86.ActiveCfg = Debug|Any CPU
		{286DE6DB-8F95-4BD4-86A2-86488D2E0EE1}.Debug|x86.Build.0 = Debug|Any CPU
		{286DE6DB-8F95-4BD4-86A2-86488D2E0EE1}.Perf|Any CPU.ActiveCfg = Perf|Any CPU
		{286DE6DB-8F95-4BD4-86A2-86488D2E0EE1}.Perf|Any CPU.Build.0 = Perf|Any CPU
		{286DE6DB-8F95-4BD4-86A2-86488D2E0EE1}.Perf|x64.ActiveCfg = Perf|Any CPU
		{286DE6DB-8F95-4BD4-86A2-86488D2E0EE1}.Perf|x64.Build.0 = Perf|Any CPU
		{286DE6DB-8F95-4BD4-86A2-86488D2E0EE1}.Perf|x86.ActiveCfg = Perf|Any CPU
		{286DE6DB-8F95-4BD4-86A2-86488D2E0EE1}.Perf|x86.Build.0 = Perf|Any CPU
		{286DE6DB-8F95-4BD4-86A2-86488D2E0EE1}.Release|Any CPU.ActiveCfg = Release|Any CPU
		{286DE6DB-8F95-4BD4-86A2-86488D2E0EE1}.Release|Any CPU.Build.0 = Release|Any CPU
		{286DE6DB-8F95-4BD4-86A2-86488D2E0EE1}.Release|x64.ActiveCfg = Release|Any CPU
		{286DE6DB-8F95-4BD4-86A2-86488D2E0EE1}.Release|x64.Build.0 = Release|Any CPU
		{286DE6DB-8F95-4BD4-86A2-86488D2E0EE1}.Release|x86.ActiveCfg = Release|Any CPU
		{286DE6DB-8F95-4BD4-86A2-86488D2E0EE1}.Release|x86.Build.0 = Release|Any CPU
		{5E9B9AB3-59E8-44FA-B3DC-5EE67800C462}.Debug|Any CPU.ActiveCfg = Debug|Any CPU
		{5E9B9AB3-59E8-44FA-B3DC-5EE67800C462}.Debug|Any CPU.Build.0 = Debug|Any CPU
		{5E9B9AB3-59E8-44FA-B3DC-5EE67800C462}.Debug|x64.ActiveCfg = Debug|Any CPU
		{5E9B9AB3-59E8-44FA-B3DC-5EE67800C462}.Debug|x64.Build.0 = Debug|Any CPU
		{5E9B9AB3-59E8-44FA-B3DC-5EE67800C462}.Debug|x86.ActiveCfg = Debug|Any CPU
		{5E9B9AB3-59E8-44FA-B3DC-5EE67800C462}.Debug|x86.Build.0 = Debug|Any CPU
		{5E9B9AB3-59E8-44FA-B3DC-5EE67800C462}.Perf|Any CPU.ActiveCfg = Perf|Any CPU
		{5E9B9AB3-59E8-44FA-B3DC-5EE67800C462}.Perf|Any CPU.Build.0 = Perf|Any CPU
		{5E9B9AB3-59E8-44FA-B3DC-5EE67800C462}.Perf|x64.ActiveCfg = Perf|Any CPU
		{5E9B9AB3-59E8-44FA-B3DC-5EE67800C462}.Perf|x64.Build.0 = Perf|Any CPU
		{5E9B9AB3-59E8-44FA-B3DC-5EE67800C462}.Perf|x86.ActiveCfg = Perf|Any CPU
		{5E9B9AB3-59E8-44FA-B3DC-5EE67800C462}.Perf|x86.Build.0 = Perf|Any CPU
		{5E9B9AB3-59E8-44FA-B3DC-5EE67800C462}.Release|Any CPU.ActiveCfg = Release|Any CPU
		{5E9B9AB3-59E8-44FA-B3DC-5EE67800C462}.Release|Any CPU.Build.0 = Release|Any CPU
		{5E9B9AB3-59E8-44FA-B3DC-5EE67800C462}.Release|x64.ActiveCfg = Release|Any CPU
		{5E9B9AB3-59E8-44FA-B3DC-5EE67800C462}.Release|x64.Build.0 = Release|Any CPU
		{5E9B9AB3-59E8-44FA-B3DC-5EE67800C462}.Release|x86.ActiveCfg = Release|Any CPU
		{5E9B9AB3-59E8-44FA-B3DC-5EE67800C462}.Release|x86.Build.0 = Release|Any CPU
		{9607A1E5-DF21-4E89-9B0C-501898252BF4}.Debug|Any CPU.ActiveCfg = Debug|Any CPU
		{9607A1E5-DF21-4E89-9B0C-501898252BF4}.Debug|Any CPU.Build.0 = Debug|Any CPU
		{9607A1E5-DF21-4E89-9B0C-501898252BF4}.Debug|x64.ActiveCfg = Debug|Any CPU
		{9607A1E5-DF21-4E89-9B0C-501898252BF4}.Debug|x64.Build.0 = Debug|Any CPU
		{9607A1E5-DF21-4E89-9B0C-501898252BF4}.Debug|x86.ActiveCfg = Debug|Any CPU
		{9607A1E5-DF21-4E89-9B0C-501898252BF4}.Debug|x86.Build.0 = Debug|Any CPU
		{9607A1E5-DF21-4E89-9B0C-501898252BF4}.Perf|Any CPU.ActiveCfg = Release|Any CPU
		{9607A1E5-DF21-4E89-9B0C-501898252BF4}.Perf|Any CPU.Build.0 = Release|Any CPU
		{9607A1E5-DF21-4E89-9B0C-501898252BF4}.Perf|x64.ActiveCfg = Release|Any CPU
		{9607A1E5-DF21-4E89-9B0C-501898252BF4}.Perf|x64.Build.0 = Release|Any CPU
		{9607A1E5-DF21-4E89-9B0C-501898252BF4}.Perf|x86.ActiveCfg = Release|Any CPU
		{9607A1E5-DF21-4E89-9B0C-501898252BF4}.Perf|x86.Build.0 = Release|Any CPU
		{9607A1E5-DF21-4E89-9B0C-501898252BF4}.Release|Any CPU.ActiveCfg = Release|Any CPU
		{9607A1E5-DF21-4E89-9B0C-501898252BF4}.Release|Any CPU.Build.0 = Release|Any CPU
		{9607A1E5-DF21-4E89-9B0C-501898252BF4}.Release|x64.ActiveCfg = Release|Any CPU
		{9607A1E5-DF21-4E89-9B0C-501898252BF4}.Release|x64.Build.0 = Release|Any CPU
		{9607A1E5-DF21-4E89-9B0C-501898252BF4}.Release|x86.ActiveCfg = Release|Any CPU
		{9607A1E5-DF21-4E89-9B0C-501898252BF4}.Release|x86.Build.0 = Release|Any CPU
		{AC68D000-E001-43CE-86A2-CFE24624EF9C}.Debug|Any CPU.ActiveCfg = Debug|Any CPU
		{AC68D000-E001-43CE-86A2-CFE24624EF9C}.Debug|Any CPU.Build.0 = Debug|Any CPU
		{AC68D000-E001-43CE-86A2-CFE24624EF9C}.Debug|x64.ActiveCfg = Debug|Any CPU
		{AC68D000-E001-43CE-86A2-CFE24624EF9C}.Debug|x64.Build.0 = Debug|Any CPU
		{AC68D000-E001-43CE-86A2-CFE24624EF9C}.Debug|x86.ActiveCfg = Debug|Any CPU
		{AC68D000-E001-43CE-86A2-CFE24624EF9C}.Debug|x86.Build.0 = Debug|Any CPU
		{AC68D000-E001-43CE-86A2-CFE24624EF9C}.Perf|Any CPU.ActiveCfg = Release|Any CPU
		{AC68D000-E001-43CE-86A2-CFE24624EF9C}.Perf|Any CPU.Build.0 = Release|Any CPU
		{AC68D000-E001-43CE-86A2-CFE24624EF9C}.Perf|x64.ActiveCfg = Release|Any CPU
		{AC68D000-E001-43CE-86A2-CFE24624EF9C}.Perf|x64.Build.0 = Release|Any CPU
		{AC68D000-E001-43CE-86A2-CFE24624EF9C}.Perf|x86.ActiveCfg = Release|Any CPU
		{AC68D000-E001-43CE-86A2-CFE24624EF9C}.Perf|x86.Build.0 = Release|Any CPU
		{AC68D000-E001-43CE-86A2-CFE24624EF9C}.Release|Any CPU.ActiveCfg = Release|Any CPU
		{AC68D000-E001-43CE-86A2-CFE24624EF9C}.Release|Any CPU.Build.0 = Release|Any CPU
		{AC68D000-E001-43CE-86A2-CFE24624EF9C}.Release|x64.ActiveCfg = Release|Any CPU
		{AC68D000-E001-43CE-86A2-CFE24624EF9C}.Release|x64.Build.0 = Release|Any CPU
		{AC68D000-E001-43CE-86A2-CFE24624EF9C}.Release|x86.ActiveCfg = Release|Any CPU
		{AC68D000-E001-43CE-86A2-CFE24624EF9C}.Release|x86.Build.0 = Release|Any CPU
	EndGlobalSection
	GlobalSection(SolutionProperties) = preSolution
		HideSolutionNode = FALSE
	EndGlobalSection
	GlobalSection(NestedProjects) = preSolution
		{42D9E604-CECC-4798-B0A5-82278EB8BB6A} = {37DA0316-6118-42ED-ABC4-B40403073071}
		{37DA0316-6118-42ED-ABC4-B40403073071} = {A3DBD79B-05AE-487F-8863-9C777479FD4D}
		{A3D5CC49-DD4A-4FD6-A165-7D5AF60CDD15} = {37DA0316-6118-42ED-ABC4-B40403073071}
		{FD1CED96-0573-4115-9D7A-D5075A3FF768} = {37DA0316-6118-42ED-ABC4-B40403073071}
		{3A4AFEAC-A4F7-44E6-9860-1E033F0254AE} = {37DA0316-6118-42ED-ABC4-B40403073071}
		{4DA21F68-9317-4FB1-AB31-686EC8615985} = {37DA0316-6118-42ED-ABC4-B40403073071}
		{E2BB2836-97A5-4F81-A11F-4CD9DEFB5657} = {37DA0316-6118-42ED-ABC4-B40403073071}
		{9557151F-BE39-48CD-BEB9-21B91DA5E531} = {37DA0316-6118-42ED-ABC4-B40403073071}
		{2BD083D3-01C9-46CA-9E9D-72A29240DBF3} = {37DA0316-6118-42ED-ABC4-B40403073071}
		{DA748764-54DF-409A-AAB4-FF6FB10E879D} = {37DA0316-6118-42ED-ABC4-B40403073071}
		{78C5AF69-BBB9-429F-940D-5AFDF1B41ED9} = {A3DBD79B-05AE-487F-8863-9C777479FD4D}
		{05B927F2-4DE8-41A6-A7B0-77D60430E62E} = {78C5AF69-BBB9-429F-940D-5AFDF1B41ED9}
		{855EBE0C-FAAA-4D18-ADEC-8DA367FF3D09} = {78C5AF69-BBB9-429F-940D-5AFDF1B41ED9}
		{4E0099C8-5B9F-4C61-9C25-25A5FE3F1294} = {78C5AF69-BBB9-429F-940D-5AFDF1B41ED9}
		{3649021D-1C61-40B2-9F8D-5C8034169145} = {78C5AF69-BBB9-429F-940D-5AFDF1B41ED9}
		{B261915A-C1DD-47B4-BABA-3ACCAFFA570B} = {78C5AF69-BBB9-429F-940D-5AFDF1B41ED9}
		{BE64B0A0-33D5-4CB0-A203-8F18266AD794} = {78C5AF69-BBB9-429F-940D-5AFDF1B41ED9}
		{5E9B9AB3-59E8-44FA-B3DC-5EE67800C462} = {8EA65357-5DCC-4605-9BA2-39129FEFBA2E}
	EndGlobalSection
EndGlobal
