
Microsoft Visual Studio Solution File, Format Version 12.00
# Visual Studio 2012
VisualStudioVersion = 12.0.30110.0
MinimumVisualStudioVersion = 10.0.40219.1
Project("{FAE04EC0-301F-11D3-BF4B-00C04F79EFBC}") = "SharpSnmpLib.Android.Sample", "SharpSnmpLib.Android.Sample\SharpSnmpLib.Android.Sample.csproj", "{E7A7D11B-FFA2-4EF4-ADE9-975068321FA4}"
EndProject
Global
	GlobalSection(SolutionConfigurationPlatforms) = preSolution
		Debug|Any CPU = Debug|Any CPU
		Release|Any CPU = Release|Any CPU
	EndGlobalSection
	GlobalSection(ProjectConfigurationPlatforms) = postSolution
		{E7A7D11B-FFA2-4EF4-ADE9-975068321FA4}.Debug|Any CPU.ActiveCfg = Debug|Any CPU
		{E7A7D11B-FFA2-4EF4-ADE9-975068321FA4}.Debug|Any CPU.Build.0 = Debug|Any CPU
		{E7A7D11B-FFA2-4EF4-ADE9-975068321FA4}.Release|Any CPU.ActiveCfg = Release|Any CPU
		{E7A7D11B-FFA2-4EF4-ADE9-975068321FA4}.Release|Any CPU.Build.0 = Release|Any CPU
	EndGlobalSection
	GlobalSection(MonoDevelopProperties) = preSolution
		StartupItem = SharpSnmpLib.Android.Sample\SharpSnmpLib.Android.Sample.csproj
	EndGlobalSection
	GlobalSection(SolutionProperties) = preSolution
		HideSolutionNode = FALSE
	EndGlobalSection
EndGlobal
